Microsoft Visual Studio Solution File, Format Version 12.00
# Visual Studio 14
VisualStudioVersion = 14.0.25420.1
MinimumVisualStudioVersion = 10.0.40219.1
Project("{FAE04EC0-301F-11D3-BF4B-00C04F79EFBC}") = "RegressionTestSuite", "SimulationTestUtility\RegressionTestSuite\RegressionTestSuite.csproj", "{0A571D05-63E3-43F1-B8C3-1F688E008EB4}"
EndProject
Project("{FAE04EC0-301F-11D3-BF4B-00C04F79EFBC}") = "ScriptSigner", "ScriptSigner\ScriptSigner\ScriptSigner.csproj", "{796ED054-EA2A-40DA-BC9B-A50D03CE21B8}"
EndProject
Project("{2150E333-8FDC-42A3-9474-1A3956D46DE8}") = "Utilities", "Utilities", "{B5DE61EC-381A-44EE-8825-8ACBA6A00040}"
EndProject
Project("{2150E333-8FDC-42A3-9474-1A3956D46DE8}") = "Legacy Assemblies", "Legacy Assemblies", "{B09E29FB-76E0-41F1-A5F1-79967D2934EE}"
EndProject
Project("{FAE04EC0-301F-11D3-BF4B-00C04F79EFBC}") = "Roblox.Configuration", "Client.LegacyAssemblies\Roblox.Configuration\Roblox.Configuration.csproj", "{D996AD59-D9C6-4DBB-9E96-D7C90896E8D0}"
EndProject
Project("{FAE04EC0-301F-11D3-BF4B-00C04F79EFBC}") = "Roblox.Common", "Client.LegacyAssemblies\Roblox.Common\Roblox.Common.csproj", "{31C4415B-A946-47BD-83FE-AE13FBFB1324}"
EndProject
Project("{FAE04EC0-301F-11D3-BF4B-00C04F79EFBC}") = "Roblox.Grid.Client", "Client.LegacyAssemblies\Grid\Roblox.Grid.Client\Roblox.Grid.Client.csproj", "{C4995CBC-3218-4651-8757-5F315822F09F}"
EndProject
Project("{FAE04EC0-301F-11D3-BF4B-00C04F79EFBC}") = "Roblox.Grid.Arbiter.Common", "Client.LegacyAssemblies\Grid\Arbiter\Roblox.Grid.Arbiter.Common\Roblox.Grid.Arbiter.Common.csproj", "{A8540F3F-9CEB-437E-AE59-EBCFE4014051}"
EndProject
Project("{FAE04EC0-301F-11D3-BF4B-00C04F79EFBC}") = "Roblox.Grid.Common", "Client.LegacyAssemblies\Grid\Roblox.Grid.Common\Roblox.Grid.Common.csproj", "{DC7F620E-40D7-41F9-A569-2401AB1B9EAF}"
EndProject
Project("{FAE04EC0-301F-11D3-BF4B-00C04F79EFBC}") = "Roblox.Common.Web", "Client.LegacyAssemblies\Roblox.Common.Web\Roblox.Common.Web.csproj", "{B7BAF271-C2A3-4945-B75E-11F3F34EE4DC}"
EndProject
Project("{FAE04EC0-301F-11D3-BF4B-00C04F79EFBC}") = "Roblox.Diagnostics", "Client.LegacyAssemblies\Roblox.Diagnostics\Roblox.Diagnostics.csproj", "{5CFFB705-D0E3-4402-8FF9-8BE7E1422FBE}"
EndProject
Project("{FAE04EC0-301F-11D3-BF4B-00C04F79EFBC}") = "Roblox.WebsiteSettings", "Client.LegacyAssemblies\WebsiteSettings\Roblox.WebsiteSettings.csproj", "{91147901-6468-4D3B-96C8-93E2ABD4F09A}"
EndProject
Project("{FAE04EC0-301F-11D3-BF4B-00C04F79EFBC}") = "Roblox.System", "Client.LegacyAssemblies\Roblox.System\Roblox.System.csproj", "{808DF39B-FD2C-43DE-AB15-8B991A6948F9}"
EndProject
Project("{FAE04EC0-301F-11D3-BF4B-00C04F79EFBC}") = "Roblox.Ssh", "Client.LegacyAssemblies\Roblox.Ssh\Roblox.Ssh.csproj", "{FB2D4ABB-C407-4855-990F-1548B2196886}"
EndProject
Project("{FAE04EC0-301F-11D3-BF4B-00C04F79EFBC}") = "Roblox.RccServiceArbiter", "Roblox.RccServiceArbiter\Roblox.RccServiceArbiter.csproj", "{2B5528CA-849E-4826-96F7-10725C39715A}"
EndProject
Project("{2150E333-8FDC-42A3-9474-1A3956D46DE8}") = "RCCService", "RCCService", "{6ADCA7F0-6BB1-47C5-BB32-1F8D92BF15DD}"
EndProject
Project("{FAE04EC0-301F-11D3-BF4B-00C04F79EFBC}") = "RCCService.Thumb.Test", "RCCService.Thumb.Test\RCCService.Thumb.Test.csproj", "{13ADB282-C9B7-4397-9867-23EB7E3E2536}"
EndProject
Project("{FAE04EC0-301F-11D3-BF4B-00C04F79EFBC}") = "RCCService.Test", "RCCService.Test\RCCService.Test.csproj", "{F539D099-AC34-4F4D-9E00-C8DC77EC4F0F}"
EndProject
Project("{FAE04EC0-301F-11D3-BF4B-00C04F79EFBC}") = "SettingsReader", "SettingsComparisonTool\SettingsReader.csproj", "{228D3A60-B7BC-4FF5-A271-C06D91ADB9A3}"
EndProject
Project("{FAE04EC0-301F-11D3-BF4B-00C04F79EFBC}") = "Roblox.Common.NetStandard", "Client.LegacyAssemblies\Roblox.Common.NetStandard\Roblox.Common.NetStandard.csproj", "{50A60A19-2D46-4A28-B4E3-AECDEDDFC719}"
EndProject
Project("{FAE04EC0-301F-11D3-BF4B-00C04F79EFBC}") = "Roblox.EventLog", "Client.LegacyAssemblies\Roblox.EventLog\Roblox.EventLog.csproj", "{3E9EC19C-0532-494C-BD68-3054AC4A3F90}"
EndProject
Project("{FAE04EC0-301F-11D3-BF4B-00C04F79EFBC}") = "Roblox.Hashing", "Client.LegacyAssemblies\Roblox.Hashing\Roblox.Hashing.csproj", "{119113CF-B8DB-4A6F-A7AC-BC2F62974565}"
EndProject
Project("{FAE04EC0-301F-11D3-BF4B-00C04F79EFBC}") = "Roblox.Platform.Infrastructure", "Client.LegacyAssemblies\Roblox.Platform.Infrastructure\Roblox.Platform.Infrastructure.csproj", "{6194B904-4784-412F-88CE-7821A8534E9B}"
EndProject
Project("{FAE04EC0-301F-11D3-BF4B-00C04F79EFBC}") = "Roblox.Caching", "Client.LegacyAssemblies\Roblox.Caching\Roblox.Caching.csproj", "{22B24CC6-2CFA-4BF6-B407-1E078FF685CD}"
EndProject
Project("{FAE04EC0-301F-11D3-BF4B-00C04F79EFBC}") = "Roblox.Instrumentation", "Client.LegacyAssemblies\Roblox.Instrumentation\Roblox.Instrumentation.csproj", "{0C7EBB11-589D-41C6-93F2-5EB05E04DCB7}"
EndProject
Project("{FAE04EC0-301F-11D3-BF4B-00C04F79EFBC}") = "Roblox.MemCachedClient", "Client.LegacyAssemblies\Roblox.MemCachedClient\Roblox.MemCachedClient.csproj", "{2CCFD54E-2E73-437D-ACF8-68A9B21438CC}"
EndProject
Project("{FAE04EC0-301F-11D3-BF4B-00C04F79EFBC}") = "Roblox.Redis", "Client.LegacyAssemblies\Roblox.Redis\Roblox.Redis.csproj", "{EB0FFF27-8144-442B-9D7A-5F4CEF691C2F}"
EndProject
Project("{FAE04EC0-301F-11D3-BF4B-00C04F79EFBC}") = "Roblox.Sentinels", "Client.LegacyAssemblies\Roblox.Sentinels\Roblox.Sentinels.csproj", "{CDF2D200-9F0B-4F80-A51E-73B42126DDB2}"
EndProject
Project("{FAE04EC0-301F-11D3-BF4B-00C04F79EFBC}") = "Roblox.ServiceDiscovery", "Client.LegacyAssemblies\Roblox.ServiceDiscovery\Roblox.ServiceDiscovery.csproj", "{375EFDC1-25B9-42A8-BF0B-BD4EF80A5F52}"
EndProject
Project("{FAE04EC0-301F-11D3-BF4B-00C04F79EFBC}") = "Roblox.Data", "Client.LegacyAssemblies\Roblox.Data\Roblox.Data.csproj", "{9A070A0D-C73A-4F4D-BA98-3111792AFEC2}"
EndProject
Project("{FAE04EC0-301F-11D3-BF4B-00C04F79EFBC}") = "Roblox.MssqlDatabases", "Client.LegacyAssemblies\Roblox.MssqlDatabases\Roblox.MssqlDatabases.csproj", "{17EA927E-08D9-401F-B768-C69348E1A429}"
EndProject
Project("{FAE04EC0-301F-11D3-BF4B-00C04F79EFBC}") = "Roblox.Mssql", "Client.LegacyAssemblies\Roblox.Mssql\Roblox.Mssql.csproj", "{42A36277-440F-4DF6-8D10-45F841E0FC49}"
EndProject
Project("{FAE04EC0-301F-11D3-BF4B-00C04F79EFBC}") = "Roblox.Entities.Mssql", "Client.LegacyAssemblies\Roblox.Entities.Mssql\Roblox.Entities.Mssql.csproj", "{592F8C3B-3C15-4C60-8873-A4DA38B7B130}"
EndProject
Project("{FAE04EC0-301F-11D3-BF4B-00C04F79EFBC}") = "Roblox.Redis.Lru", "Client.LegacyAssemblies\Roblox.Redis.Lru\Roblox.Redis.Lru.csproj", "{62CA9B89-9122-4189-BB6A-F20E8D3D01CD}"
EndProject
Project("{FAE04EC0-301F-11D3-BF4B-00C04F79EFBC}") = "Roblox.Networking", "Client.LegacyAssemblies\Roblox.Networking\Roblox.Networking.csproj", "{A01DD0D1-E3D2-4494-A105-3C7DF0473613}"
EndProject
Project("{FAE04EC0-301F-11D3-BF4B-00C04F79EFBC}") = "IncludeChecker", "IncludeChecker\IncludeChecker.csproj", "{0A8CF97A-079B-45B4-A68A-296B02859A59}"
EndProject
Project("{FAE04EC0-301F-11D3-BF4B-00C04F79EFBC}") = "RobloxLib", "SimulationTestUtility\RobloxLib\RobloxLib.csproj", "{E7A10BC5-DBE9-4D3C-973B-D37ABF8DF44A}"
EndProject
Global
	GlobalSection(SolutionConfigurationPlatforms) = preSolution
		Debug|Any CPU = Debug|Any CPU
		Release|Any CPU = Release|Any CPU
		ReleaseStudio|Any CPU = ReleaseStudio|Any CPU
	EndGlobalSection
	GlobalSection(ProjectConfigurationPlatforms) = postSolution
		{0A571D05-63E3-43F1-B8C3-1F688E008EB4}.Debug|Any CPU.ActiveCfg = Debug|Any CPU
		{0A571D05-63E3-43F1-B8C3-1F688E008EB4}.Debug|Any CPU.Build.0 = Debug|Any CPU
		{0A571D05-63E3-43F1-B8C3-1F688E008EB4}.Release|Any CPU.ActiveCfg = Release|Any CPU
		{0A571D05-63E3-43F1-B8C3-1F688E008EB4}.Release|Any CPU.Build.0 = Release|Any CPU
		{0A571D05-63E3-43F1-B8C3-1F688E008EB4}.ReleaseStudio|Any CPU.ActiveCfg = Release|Any CPU
		{0A571D05-63E3-43F1-B8C3-1F688E008EB4}.ReleaseStudio|Any CPU.Build.0 = Release|Any CPU
		{796ED054-EA2A-40DA-BC9B-A50D03CE21B8}.Debug|Any CPU.ActiveCfg = Debug|Any CPU
		{796ED054-EA2A-40DA-BC9B-A50D03CE21B8}.Debug|Any CPU.Build.0 = Debug|Any CPU
		{796ED054-EA2A-40DA-BC9B-A50D03CE21B8}.Release|Any CPU.ActiveCfg = Release|Any CPU
		{796ED054-EA2A-40DA-BC9B-A50D03CE21B8}.Release|Any CPU.Build.0 = Release|Any CPU
		{796ED054-EA2A-40DA-BC9B-A50D03CE21B8}.ReleaseStudio|Any CPU.ActiveCfg = Release|Any CPU
		{796ED054-EA2A-40DA-BC9B-A50D03CE21B8}.ReleaseStudio|Any CPU.Build.0 = Release|Any CPU
		{D996AD59-D9C6-4DBB-9E96-D7C90896E8D0}.Debug|Any CPU.ActiveCfg = Debug|Any CPU
		{D996AD59-D9C6-4DBB-9E96-D7C90896E8D0}.Debug|Any CPU.Build.0 = Debug|Any CPU
		{D996AD59-D9C6-4DBB-9E96-D7C90896E8D0}.Release|Any CPU.ActiveCfg = Release|Any CPU
		{D996AD59-D9C6-4DBB-9E96-D7C90896E8D0}.Release|Any CPU.Build.0 = Release|Any CPU
		{D996AD59-D9C6-4DBB-9E96-D7C90896E8D0}.ReleaseStudio|Any CPU.ActiveCfg = Release|Any CPU
		{D996AD59-D9C6-4DBB-9E96-D7C90896E8D0}.ReleaseStudio|Any CPU.Build.0 = Release|Any CPU
		{31C4415B-A946-47BD-83FE-AE13FBFB1324}.Debug|Any CPU.ActiveCfg = Debug|Any CPU
		{31C4415B-A946-47BD-83FE-AE13FBFB1324}.Debug|Any CPU.Build.0 = Debug|Any CPU
		{31C4415B-A946-47BD-83FE-AE13FBFB1324}.Release|Any CPU.ActiveCfg = Release|Any CPU
		{31C4415B-A946-47BD-83FE-AE13FBFB1324}.Release|Any CPU.Build.0 = Release|Any CPU
		{31C4415B-A946-47BD-83FE-AE13FBFB1324}.ReleaseStudio|Any CPU.ActiveCfg = Release|Any CPU
		{31C4415B-A946-47BD-83FE-AE13FBFB1324}.ReleaseStudio|Any CPU.Build.0 = Release|Any CPU
		{C4995CBC-3218-4651-8757-5F315822F09F}.Debug|Any CPU.ActiveCfg = Debug|Any CPU
		{C4995CBC-3218-4651-8757-5F315822F09F}.Debug|Any CPU.Build.0 = Debug|Any CPU
		{C4995CBC-3218-4651-8757-5F315822F09F}.Release|Any CPU.ActiveCfg = Release|Any CPU
		{C4995CBC-3218-4651-8757-5F315822F09F}.Release|Any CPU.Build.0 = Release|Any CPU
		{C4995CBC-3218-4651-8757-5F315822F09F}.ReleaseStudio|Any CPU.ActiveCfg = Release|Any CPU
		{C4995CBC-3218-4651-8757-5F315822F09F}.ReleaseStudio|Any CPU.Build.0 = Release|Any CPU
		{A8540F3F-9CEB-437E-AE59-EBCFE4014051}.Debug|Any CPU.ActiveCfg = Debug|Any CPU
		{A8540F3F-9CEB-437E-AE59-EBCFE4014051}.Debug|Any CPU.Build.0 = Debug|Any CPU
		{A8540F3F-9CEB-437E-AE59-EBCFE4014051}.Release|Any CPU.ActiveCfg = Release|Any CPU
		{A8540F3F-9CEB-437E-AE59-EBCFE4014051}.Release|Any CPU.Build.0 = Release|Any CPU
		{A8540F3F-9CEB-437E-AE59-EBCFE4014051}.ReleaseStudio|Any CPU.ActiveCfg = Release|Any CPU
		{A8540F3F-9CEB-437E-AE59-EBCFE4014051}.ReleaseStudio|Any CPU.Build.0 = Release|Any CPU
		{DC7F620E-40D7-41F9-A569-2401AB1B9EAF}.Debug|Any CPU.ActiveCfg = Debug|Any CPU
		{DC7F620E-40D7-41F9-A569-2401AB1B9EAF}.Debug|Any CPU.Build.0 = Debug|Any CPU
		{DC7F620E-40D7-41F9-A569-2401AB1B9EAF}.Release|Any CPU.ActiveCfg = Release|Any CPU
		{DC7F620E-40D7-41F9-A569-2401AB1B9EAF}.Release|Any CPU.Build.0 = Release|Any CPU
		{DC7F620E-40D7-41F9-A569-2401AB1B9EAF}.ReleaseStudio|Any CPU.ActiveCfg = Release|Any CPU
		{DC7F620E-40D7-41F9-A569-2401AB1B9EAF}.ReleaseStudio|Any CPU.Build.0 = Release|Any CPU
		{B7BAF271-C2A3-4945-B75E-11F3F34EE4DC}.Debug|Any CPU.ActiveCfg = Debug|Any CPU
		{B7BAF271-C2A3-4945-B75E-11F3F34EE4DC}.Debug|Any CPU.Build.0 = Debug|Any CPU
		{B7BAF271-C2A3-4945-B75E-11F3F34EE4DC}.Release|Any CPU.ActiveCfg = Release|Any CPU
		{B7BAF271-C2A3-4945-B75E-11F3F34EE4DC}.Release|Any CPU.Build.0 = Release|Any CPU
		{B7BAF271-C2A3-4945-B75E-11F3F34EE4DC}.ReleaseStudio|Any CPU.ActiveCfg = Release|Any CPU
		{B7BAF271-C2A3-4945-B75E-11F3F34EE4DC}.ReleaseStudio|Any CPU.Build.0 = Release|Any CPU
		{5CFFB705-D0E3-4402-8FF9-8BE7E1422FBE}.Debug|Any CPU.ActiveCfg = Debug|Any CPU
		{5CFFB705-D0E3-4402-8FF9-8BE7E1422FBE}.Debug|Any CPU.Build.0 = Debug|Any CPU
		{5CFFB705-D0E3-4402-8FF9-8BE7E1422FBE}.Release|Any CPU.ActiveCfg = Release|Any CPU
		{5CFFB705-D0E3-4402-8FF9-8BE7E1422FBE}.Release|Any CPU.Build.0 = Release|Any CPU
		{5CFFB705-D0E3-4402-8FF9-8BE7E1422FBE}.ReleaseStudio|Any CPU.ActiveCfg = Release|Any CPU
		{5CFFB705-D0E3-4402-8FF9-8BE7E1422FBE}.ReleaseStudio|Any CPU.Build.0 = Release|Any CPU
		{91147901-6468-4D3B-96C8-93E2ABD4F09A}.Debug|Any CPU.ActiveCfg = Debug|Any CPU
		{91147901-6468-4D3B-96C8-93E2ABD4F09A}.Debug|Any CPU.Build.0 = Debug|Any CPU
		{91147901-6468-4D3B-96C8-93E2ABD4F09A}.Release|Any CPU.ActiveCfg = Release|Any CPU
		{91147901-6468-4D3B-96C8-93E2ABD4F09A}.Release|Any CPU.Build.0 = Release|Any CPU
		{91147901-6468-4D3B-96C8-93E2ABD4F09A}.ReleaseStudio|Any CPU.ActiveCfg = Release|Any CPU
		{91147901-6468-4D3B-96C8-93E2ABD4F09A}.ReleaseStudio|Any CPU.Build.0 = Release|Any CPU
		{808DF39B-FD2C-43DE-AB15-8B991A6948F9}.Debug|Any CPU.ActiveCfg = Debug|Any CPU
		{808DF39B-FD2C-43DE-AB15-8B991A6948F9}.Debug|Any CPU.Build.0 = Debug|Any CPU
		{808DF39B-FD2C-43DE-AB15-8B991A6948F9}.Release|Any CPU.ActiveCfg = Release|Any CPU
		{808DF39B-FD2C-43DE-AB15-8B991A6948F9}.Release|Any CPU.Build.0 = Release|Any CPU
		{808DF39B-FD2C-43DE-AB15-8B991A6948F9}.ReleaseStudio|Any CPU.ActiveCfg = Release|Any CPU
		{808DF39B-FD2C-43DE-AB15-8B991A6948F9}.ReleaseStudio|Any CPU.Build.0 = Release|Any CPU
		{FB2D4ABB-C407-4855-990F-1548B2196886}.Debug|Any CPU.ActiveCfg = Debug|Any CPU
		{FB2D4ABB-C407-4855-990F-1548B2196886}.Debug|Any CPU.Build.0 = Debug|Any CPU
		{FB2D4ABB-C407-4855-990F-1548B2196886}.Release|Any CPU.ActiveCfg = Release|Any CPU
		{FB2D4ABB-C407-4855-990F-1548B2196886}.Release|Any CPU.Build.0 = Release|Any CPU
		{FB2D4ABB-C407-4855-990F-1548B2196886}.ReleaseStudio|Any CPU.ActiveCfg = Release|Any CPU
		{FB2D4ABB-C407-4855-990F-1548B2196886}.ReleaseStudio|Any CPU.Build.0 = Release|Any CPU
		{2B5528CA-849E-4826-96F7-10725C39715A}.Debug|Any CPU.ActiveCfg = Debug|Any CPU
		{2B5528CA-849E-4826-96F7-10725C39715A}.Debug|Any CPU.Build.0 = Debug|Any CPU
		{2B5528CA-849E-4826-96F7-10725C39715A}.Release|Any CPU.ActiveCfg = Release|Any CPU
		{2B5528CA-849E-4826-96F7-10725C39715A}.Release|Any CPU.Build.0 = Release|Any CPU
		{2B5528CA-849E-4826-96F7-10725C39715A}.ReleaseStudio|Any CPU.ActiveCfg = ReleaseStudio|Any CPU
		{2B5528CA-849E-4826-96F7-10725C39715A}.ReleaseStudio|Any CPU.Build.0 = ReleaseStudio|Any CPU
		{13ADB282-C9B7-4397-9867-23EB7E3E2536}.Debug|Any CPU.ActiveCfg = Debug|Any CPU
		{13ADB282-C9B7-4397-9867-23EB7E3E2536}.Debug|Any CPU.Build.0 = Debug|Any CPU
		{13ADB282-C9B7-4397-9867-23EB7E3E2536}.Release|Any CPU.ActiveCfg = Release|Any CPU
		{13ADB282-C9B7-4397-9867-23EB7E3E2536}.Release|Any CPU.Build.0 = Release|Any CPU
		{13ADB282-C9B7-4397-9867-23EB7E3E2536}.ReleaseStudio|Any CPU.ActiveCfg = Release|Any CPU
		{13ADB282-C9B7-4397-9867-23EB7E3E2536}.ReleaseStudio|Any CPU.Build.0 = Release|Any CPU
		{F539D099-AC34-4F4D-9E00-C8DC77EC4F0F}.Debug|Any CPU.ActiveCfg = Debug|Any CPU
		{F539D099-AC34-4F4D-9E00-C8DC77EC4F0F}.Debug|Any CPU.Build.0 = Debug|Any CPU
		{F539D099-AC34-4F4D-9E00-C8DC77EC4F0F}.Release|Any CPU.ActiveCfg = Release|Any CPU
		{F539D099-AC34-4F4D-9E00-C8DC77EC4F0F}.Release|Any CPU.Build.0 = Release|Any CPU
		{F539D099-AC34-4F4D-9E00-C8DC77EC4F0F}.ReleaseStudio|Any CPU.ActiveCfg = ReleaseStudio|Any CPU
		{F539D099-AC34-4F4D-9E00-C8DC77EC4F0F}.ReleaseStudio|Any CPU.Build.0 = ReleaseStudio|Any CPU
		{228D3A60-B7BC-4FF5-A271-C06D91ADB9A3}.Debug|Any CPU.ActiveCfg = Debug|Any CPU
		{228D3A60-B7BC-4FF5-A271-C06D91ADB9A3}.Debug|Any CPU.Build.0 = Debug|Any CPU
		{228D3A60-B7BC-4FF5-A271-C06D91ADB9A3}.Release|Any CPU.ActiveCfg = Release|Any CPU
		{228D3A60-B7BC-4FF5-A271-C06D91ADB9A3}.Release|Any CPU.Build.0 = Release|Any CPU
		{228D3A60-B7BC-4FF5-A271-C06D91ADB9A3}.ReleaseStudio|Any CPU.ActiveCfg = Release|Any CPU
		{228D3A60-B7BC-4FF5-A271-C06D91ADB9A3}.ReleaseStudio|Any CPU.Build.0 = Release|Any CPU
		{50A60A19-2D46-4A28-B4E3-AECDEDDFC719}.Debug|Any CPU.ActiveCfg = Debug|Any CPU
		{50A60A19-2D46-4A28-B4E3-AECDEDDFC719}.Debug|Any CPU.Build.0 = Debug|Any CPU
		{50A60A19-2D46-4A28-B4E3-AECDEDDFC719}.Release|Any CPU.ActiveCfg = Release|Any CPU
		{50A60A19-2D46-4A28-B4E3-AECDEDDFC719}.Release|Any CPU.Build.0 = Release|Any CPU
		{50A60A19-2D46-4A28-B4E3-AECDEDDFC719}.ReleaseStudio|Any CPU.ActiveCfg = Release|Any CPU
		{50A60A19-2D46-4A28-B4E3-AECDEDDFC719}.ReleaseStudio|Any CPU.Build.0 = Release|Any CPU
		{3E9EC19C-0532-494C-BD68-3054AC4A3F90}.Debug|Any CPU.ActiveCfg = Debug|Any CPU
		{3E9EC19C-0532-494C-BD68-3054AC4A3F90}.Debug|Any CPU.Build.0 = Debug|Any CPU
		{3E9EC19C-0532-494C-BD68-3054AC4A3F90}.Release|Any CPU.ActiveCfg = Release|Any CPU
		{3E9EC19C-0532-494C-BD68-3054AC4A3F90}.Release|Any CPU.Build.0 = Release|Any CPU
		{3E9EC19C-0532-494C-BD68-3054AC4A3F90}.ReleaseStudio|Any CPU.ActiveCfg = Release|Any CPU
		{3E9EC19C-0532-494C-BD68-3054AC4A3F90}.ReleaseStudio|Any CPU.Build.0 = Release|Any CPU
		{119113CF-B8DB-4A6F-A7AC-BC2F62974565}.Debug|Any CPU.ActiveCfg = Debug|Any CPU
		{119113CF-B8DB-4A6F-A7AC-BC2F62974565}.Debug|Any CPU.Build.0 = Debug|Any CPU
		{119113CF-B8DB-4A6F-A7AC-BC2F62974565}.Release|Any CPU.ActiveCfg = Release|Any CPU
		{119113CF-B8DB-4A6F-A7AC-BC2F62974565}.Release|Any CPU.Build.0 = Release|Any CPU
		{119113CF-B8DB-4A6F-A7AC-BC2F62974565}.ReleaseStudio|Any CPU.ActiveCfg = Release|Any CPU
		{119113CF-B8DB-4A6F-A7AC-BC2F62974565}.ReleaseStudio|Any CPU.Build.0 = Release|Any CPU
		{6194B904-4784-412F-88CE-7821A8534E9B}.Debug|Any CPU.ActiveCfg = Debug|Any CPU
		{6194B904-4784-412F-88CE-7821A8534E9B}.Debug|Any CPU.Build.0 = Debug|Any CPU
		{6194B904-4784-412F-88CE-7821A8534E9B}.Release|Any CPU.ActiveCfg = Release|Any CPU
		{6194B904-4784-412F-88CE-7821A8534E9B}.Release|Any CPU.Build.0 = Release|Any CPU
		{6194B904-4784-412F-88CE-7821A8534E9B}.ReleaseStudio|Any CPU.ActiveCfg = Release|Any CPU
		{6194B904-4784-412F-88CE-7821A8534E9B}.ReleaseStudio|Any CPU.Build.0 = Release|Any CPU
		{22B24CC6-2CFA-4BF6-B407-1E078FF685CD}.Debug|Any CPU.ActiveCfg = Debug|Any CPU
		{22B24CC6-2CFA-4BF6-B407-1E078FF685CD}.Debug|Any CPU.Build.0 = Debug|Any CPU
		{22B24CC6-2CFA-4BF6-B407-1E078FF685CD}.Release|Any CPU.ActiveCfg = Release|Any CPU
		{22B24CC6-2CFA-4BF6-B407-1E078FF685CD}.Release|Any CPU.Build.0 = Release|Any CPU
		{22B24CC6-2CFA-4BF6-B407-1E078FF685CD}.ReleaseStudio|Any CPU.ActiveCfg = Release|Any CPU
		{22B24CC6-2CFA-4BF6-B407-1E078FF685CD}.ReleaseStudio|Any CPU.Build.0 = Release|Any CPU
		{0C7EBB11-589D-41C6-93F2-5EB05E04DCB7}.Debug|Any CPU.ActiveCfg = Debug|Any CPU
		{0C7EBB11-589D-41C6-93F2-5EB05E04DCB7}.Debug|Any CPU.Build.0 = Debug|Any CPU
		{0C7EBB11-589D-41C6-93F2-5EB05E04DCB7}.Release|Any CPU.ActiveCfg = Release|Any CPU
		{0C7EBB11-589D-41C6-93F2-5EB05E04DCB7}.Release|Any CPU.Build.0 = Release|Any CPU
		{0C7EBB11-589D-41C6-93F2-5EB05E04DCB7}.ReleaseStudio|Any CPU.ActiveCfg = Release|Any CPU
		{0C7EBB11-589D-41C6-93F2-5EB05E04DCB7}.ReleaseStudio|Any CPU.Build.0 = Release|Any CPU
		{2CCFD54E-2E73-437D-ACF8-68A9B21438CC}.Debug|Any CPU.ActiveCfg = Debug|Any CPU
		{2CCFD54E-2E73-437D-ACF8-68A9B21438CC}.Debug|Any CPU.Build.0 = Debug|Any CPU
		{2CCFD54E-2E73-437D-ACF8-68A9B21438CC}.Release|Any CPU.ActiveCfg = Release|Any CPU
		{2CCFD54E-2E73-437D-ACF8-68A9B21438CC}.Release|Any CPU.Build.0 = Release|Any CPU
		{2CCFD54E-2E73-437D-ACF8-68A9B21438CC}.ReleaseStudio|Any CPU.ActiveCfg = Release|Any CPU
		{2CCFD54E-2E73-437D-ACF8-68A9B21438CC}.ReleaseStudio|Any CPU.Build.0 = Release|Any CPU
		{EB0FFF27-8144-442B-9D7A-5F4CEF691C2F}.Debug|Any CPU.ActiveCfg = Debug|Any CPU
		{EB0FFF27-8144-442B-9D7A-5F4CEF691C2F}.Debug|Any CPU.Build.0 = Debug|Any CPU
		{EB0FFF27-8144-442B-9D7A-5F4CEF691C2F}.Release|Any CPU.ActiveCfg = Release|Any CPU
		{EB0FFF27-8144-442B-9D7A-5F4CEF691C2F}.Release|Any CPU.Build.0 = Release|Any CPU
		{EB0FFF27-8144-442B-9D7A-5F4CEF691C2F}.ReleaseStudio|Any CPU.ActiveCfg = Release|Any CPU
		{EB0FFF27-8144-442B-9D7A-5F4CEF691C2F}.ReleaseStudio|Any CPU.Build.0 = Release|Any CPU
		{CDF2D200-9F0B-4F80-A51E-73B42126DDB2}.Debug|Any CPU.ActiveCfg = Debug|Any CPU
		{CDF2D200-9F0B-4F80-A51E-73B42126DDB2}.Debug|Any CPU.Build.0 = Debug|Any CPU
		{CDF2D200-9F0B-4F80-A51E-73B42126DDB2}.Release|Any CPU.ActiveCfg = Release|Any CPU
		{CDF2D200-9F0B-4F80-A51E-73B42126DDB2}.Release|Any CPU.Build.0 = Release|Any CPU
		{CDF2D200-9F0B-4F80-A51E-73B42126DDB2}.ReleaseStudio|Any CPU.ActiveCfg = Release|Any CPU
		{CDF2D200-9F0B-4F80-A51E-73B42126DDB2}.ReleaseStudio|Any CPU.Build.0 = Release|Any CPU
		{375EFDC1-25B9-42A8-BF0B-BD4EF80A5F52}.Debug|Any CPU.ActiveCfg = Debug|Any CPU
		{375EFDC1-25B9-42A8-BF0B-BD4EF80A5F52}.Debug|Any CPU.Build.0 = Debug|Any CPU
		{375EFDC1-25B9-42A8-BF0B-BD4EF80A5F52}.Release|Any CPU.ActiveCfg = Release|Any CPU
		{375EFDC1-25B9-42A8-BF0B-BD4EF80A5F52}.Release|Any CPU.Build.0 = Release|Any CPU
		{375EFDC1-25B9-42A8-BF0B-BD4EF80A5F52}.ReleaseStudio|Any CPU.ActiveCfg = Release|Any CPU
		{375EFDC1-25B9-42A8-BF0B-BD4EF80A5F52}.ReleaseStudio|Any CPU.Build.0 = Release|Any CPU
		{9A070A0D-C73A-4F4D-BA98-3111792AFEC2}.Debug|Any CPU.ActiveCfg = Debug|Any CPU
		{9A070A0D-C73A-4F4D-BA98-3111792AFEC2}.Debug|Any CPU.Build.0 = Debug|Any CPU
		{9A070A0D-C73A-4F4D-BA98-3111792AFEC2}.Release|Any CPU.ActiveCfg = Release|Any CPU
		{9A070A0D-C73A-4F4D-BA98-3111792AFEC2}.Release|Any CPU.Build.0 = Release|Any CPU
		{9A070A0D-C73A-4F4D-BA98-3111792AFEC2}.ReleaseStudio|Any CPU.ActiveCfg = Release|Any CPU
		{9A070A0D-C73A-4F4D-BA98-3111792AFEC2}.ReleaseStudio|Any CPU.Build.0 = Release|Any CPU
		{17EA927E-08D9-401F-B768-C69348E1A429}.Debug|Any CPU.ActiveCfg = Debug|Any CPU
		{17EA927E-08D9-401F-B768-C69348E1A429}.Debug|Any CPU.Build.0 = Debug|Any CPU
		{17EA927E-08D9-401F-B768-C69348E1A429}.Release|Any CPU.ActiveCfg = Release|Any CPU
		{17EA927E-08D9-401F-B768-C69348E1A429}.Release|Any CPU.Build.0 = Release|Any CPU
		{17EA927E-08D9-401F-B768-C69348E1A429}.ReleaseStudio|Any CPU.ActiveCfg = Release|Any CPU
		{17EA927E-08D9-401F-B768-C69348E1A429}.ReleaseStudio|Any CPU.Build.0 = Release|Any CPU
		{42A36277-440F-4DF6-8D10-45F841E0FC49}.Debug|Any CPU.ActiveCfg = Debug|Any CPU
		{42A36277-440F-4DF6-8D10-45F841E0FC49}.Debug|Any CPU.Build.0 = Debug|Any CPU
		{42A36277-440F-4DF6-8D10-45F841E0FC49}.Release|Any CPU.ActiveCfg = Release|Any CPU
		{42A36277-440F-4DF6-8D10-45F841E0FC49}.Release|Any CPU.Build.0 = Release|Any CPU
		{42A36277-440F-4DF6-8D10-45F841E0FC49}.ReleaseStudio|Any CPU.ActiveCfg = Release|Any CPU
		{42A36277-440F-4DF6-8D10-45F841E0FC49}.ReleaseStudio|Any CPU.Build.0 = Release|Any CPU
		{592F8C3B-3C15-4C60-8873-A4DA38B7B130}.Debug|Any CPU.ActiveCfg = Debug|Any CPU
		{592F8C3B-3C15-4C60-8873-A4DA38B7B130}.Debug|Any CPU.Build.0 = Debug|Any CPU
		{592F8C3B-3C15-4C60-8873-A4DA38B7B130}.Release|Any CPU.ActiveCfg = Release|Any CPU
		{592F8C3B-3C15-4C60-8873-A4DA38B7B130}.Release|Any CPU.Build.0 = Release|Any CPU
		{592F8C3B-3C15-4C60-8873-A4DA38B7B130}.ReleaseStudio|Any CPU.ActiveCfg = Release|Any CPU
		{592F8C3B-3C15-4C60-8873-A4DA38B7B130}.ReleaseStudio|Any CPU.Build.0 = Release|Any CPU
		{62CA9B89-9122-4189-BB6A-F20E8D3D01CD}.Debug|Any CPU.ActiveCfg = Debug|Any CPU
		{62CA9B89-9122-4189-BB6A-F20E8D3D01CD}.Debug|Any CPU.Build.0 = Debug|Any CPU
		{62CA9B89-9122-4189-BB6A-F20E8D3D01CD}.Release|Any CPU.ActiveCfg = Release|Any CPU
		{62CA9B89-9122-4189-BB6A-F20E8D3D01CD}.Release|Any CPU.Build.0 = Release|Any CPU
		{62CA9B89-9122-4189-BB6A-F20E8D3D01CD}.ReleaseStudio|Any CPU.ActiveCfg = Release|Any CPU
		{62CA9B89-9122-4189-BB6A-F20E8D3D01CD}.ReleaseStudio|Any CPU.Build.0 = Release|Any CPU
		{A01DD0D1-E3D2-4494-A105-3C7DF0473613}.Debug|Any CPU.ActiveCfg = Debug|Any CPU
		{A01DD0D1-E3D2-4494-A105-3C7DF0473613}.Debug|Any CPU.Build.0 = Debug|Any CPU
		{A01DD0D1-E3D2-4494-A105-3C7DF0473613}.Release|Any CPU.ActiveCfg = Release|Any CPU
		{A01DD0D1-E3D2-4494-A105-3C7DF0473613}.Release|Any CPU.Build.0 = Release|Any CPU
		{A01DD0D1-E3D2-4494-A105-3C7DF0473613}.ReleaseStudio|Any CPU.ActiveCfg = Release|Any CPU
		{A01DD0D1-E3D2-4494-A105-3C7DF0473613}.ReleaseStudio|Any CPU.Build.0 = Release|Any CPU
		{0A8CF97A-079B-45B4-A68A-296B02859A59}.Debug|Any CPU.ActiveCfg = Debug|Any CPU
		{0A8CF97A-079B-45B4-A68A-296B02859A59}.Debug|Any CPU.Build.0 = Debug|Any CPU
		{0A8CF97A-079B-45B4-A68A-296B02859A59}.Release|Any CPU.ActiveCfg = Release|Any CPU
		{0A8CF97A-079B-45B4-A68A-296B02859A59}.Release|Any CPU.Build.0 = Release|Any CPU
		{0A8CF97A-079B-45B4-A68A-296B02859A59}.ReleaseStudio|Any CPU.ActiveCfg = ReleaseStudio|Any CPU
		{0A8CF97A-079B-45B4-A68A-296B02859A59}.ReleaseStudio|Any CPU.Build.0 = ReleaseStudio|Any CPU
		{E7A10BC5-DBE9-4D3C-973B-D37ABF8DF44A}.Debug|Any CPU.ActiveCfg = Debug|Any CPU
		{E7A10BC5-DBE9-4D3C-973B-D37ABF8DF44A}.Debug|Any CPU.Build.0 = Debug|Any CPU
		{E7A10BC5-DBE9-4D3C-973B-D37ABF8DF44A}.Release|Any CPU.ActiveCfg = Release|Any CPU
		{E7A10BC5-DBE9-4D3C-973B-D37ABF8DF44A}.Release|Any CPU.Build.0 = Release|Any CPU
		{E7A10BC5-DBE9-4D3C-973B-D37ABF8DF44A}.ReleaseStudio|Any CPU.ActiveCfg = Release|Any CPU
		{E7A10BC5-DBE9-4D3C-973B-D37ABF8DF44A}.ReleaseStudio|Any CPU.Build.0 = Release|Any CPU
	EndGlobalSection
	GlobalSection(SolutionProperties) = preSolution
		HideSolutionNode = FALSE
	EndGlobalSection
	GlobalSection(NestedProjects) = preSolution
		{0A571D05-63E3-43F1-B8C3-1F688E008EB4} = {B5DE61EC-381A-44EE-8825-8ACBA6A00040}
		{796ED054-EA2A-40DA-BC9B-A50D03CE21B8} = {B5DE61EC-381A-44EE-8825-8ACBA6A00040}
		{D996AD59-D9C6-4DBB-9E96-D7C90896E8D0} = {B09E29FB-76E0-41F1-A5F1-79967D2934EE}
		{31C4415B-A946-47BD-83FE-AE13FBFB1324} = {B09E29FB-76E0-41F1-A5F1-79967D2934EE}
		{C4995CBC-3218-4651-8757-5F315822F09F} = {B09E29FB-76E0-41F1-A5F1-79967D2934EE}
		{A8540F3F-9CEB-437E-AE59-EBCFE4014051} = {B09E29FB-76E0-41F1-A5F1-79967D2934EE}
		{DC7F620E-40D7-41F9-A569-2401AB1B9EAF} = {B09E29FB-76E0-41F1-A5F1-79967D2934EE}
		{B7BAF271-C2A3-4945-B75E-11F3F34EE4DC} = {B09E29FB-76E0-41F1-A5F1-79967D2934EE}
		{5CFFB705-D0E3-4402-8FF9-8BE7E1422FBE} = {B09E29FB-76E0-41F1-A5F1-79967D2934EE}
		{91147901-6468-4D3B-96C8-93E2ABD4F09A} = {B09E29FB-76E0-41F1-A5F1-79967D2934EE}
		{808DF39B-FD2C-43DE-AB15-8B991A6948F9} = {B09E29FB-76E0-41F1-A5F1-79967D2934EE}
		{FB2D4ABB-C407-4855-990F-1548B2196886} = {B09E29FB-76E0-41F1-A5F1-79967D2934EE}
		{2B5528CA-849E-4826-96F7-10725C39715A} = {6ADCA7F0-6BB1-47C5-BB32-1F8D92BF15DD}
		{13ADB282-C9B7-4397-9867-23EB7E3E2536} = {6ADCA7F0-6BB1-47C5-BB32-1F8D92BF15DD}
		{F539D099-AC34-4F4D-9E00-C8DC77EC4F0F} = {6ADCA7F0-6BB1-47C5-BB32-1F8D92BF15DD}
		{228D3A60-B7BC-4FF5-A271-C06D91ADB9A3} = {B5DE61EC-381A-44EE-8825-8ACBA6A00040}
		{50A60A19-2D46-4A28-B4E3-AECDEDDFC719} = {B09E29FB-76E0-41F1-A5F1-79967D2934EE}
		{3E9EC19C-0532-494C-BD68-3054AC4A3F90} = {B09E29FB-76E0-41F1-A5F1-79967D2934EE}
		{119113CF-B8DB-4A6F-A7AC-BC2F62974565} = {B09E29FB-76E0-41F1-A5F1-79967D2934EE}
		{6194B904-4784-412F-88CE-7821A8534E9B} = {B09E29FB-76E0-41F1-A5F1-79967D2934EE}
		{22B24CC6-2CFA-4BF6-B407-1E078FF685CD} = {B09E29FB-76E0-41F1-A5F1-79967D2934EE}
		{0C7EBB11-589D-41C6-93F2-5EB05E04DCB7} = {B09E29FB-76E0-41F1-A5F1-79967D2934EE}
		{2CCFD54E-2E73-437D-ACF8-68A9B21438CC} = {B09E29FB-76E0-41F1-A5F1-79967D2934EE}
		{EB0FFF27-8144-442B-9D7A-5F4CEF691C2F} = {B09E29FB-76E0-41F1-A5F1-79967D2934EE}
		{CDF2D200-9F0B-4F80-A51E-73B42126DDB2} = {B09E29FB-76E0-41F1-A5F1-79967D2934EE}
		{375EFDC1-25B9-42A8-BF0B-BD4EF80A5F52} = {B09E29FB-76E0-41F1-A5F1-79967D2934EE}
		{9A070A0D-C73A-4F4D-BA98-3111792AFEC2} = {B09E29FB-76E0-41F1-A5F1-79967D2934EE}
		{17EA927E-08D9-401F-B768-C69348E1A429} = {B09E29FB-76E0-41F1-A5F1-79967D2934EE}
		{42A36277-440F-4DF6-8D10-45F841E0FC49} = {B09E29FB-76E0-41F1-A5F1-79967D2934EE}
		{592F8C3B-3C15-4C60-8873-A4DA38B7B130} = {B09E29FB-76E0-41F1-A5F1-79967D2934EE}
		{62CA9B89-9122-4189-BB6A-F20E8D3D01CD} = {B09E29FB-76E0-41F1-A5F1-79967D2934EE}
		{A01DD0D1-E3D2-4494-A105-3C7DF0473613} = {B09E29FB-76E0-41F1-A5F1-79967D2934EE}
		{0A8CF97A-079B-45B4-A68A-296B02859A59} = {B5DE61EC-381A-44EE-8825-8ACBA6A00040}
		{E7A10BC5-DBE9-4D3C-973B-D37ABF8DF44A} = {B5DE61EC-381A-44EE-8825-8ACBA6A00040}
	EndGlobalSection
	GlobalSection(ExtensibilityGlobals) = postSolution
		SolutionGuid = {93340D3E-96B2-42A4-8140-4A718582B8A2}
	EndGlobalSection
EndGlobal
