Microsoft Visual Studio Solution File, Format Version 12.00
# Visual Studio 14
VisualStudioVersion = 14.0.25420.1
MinimumVisualStudioVersion = 10.0.40219.1
Project("{8BC9CEB8-8B4A-11D0-8D11-00A0C91BC942}") = "WP", "WP.vcxproj", "{4EA629E4-D67E-4819-AB4A-12CF88040561}"
	ProjectSection(ProjectDependencies) = postProject
		{8ACF6C0E-5F74-4C8E-9E8D-2C2F27B3F1C0} = {8ACF6C0E-5F74-4C8E-9E8D-2C2F27B3F1C0}
		{7F3A8B3B-0C8D-4F1E-9A3E-6D8A9A2E1C21} = {7F3A8B3B-0C8D-4F1E-9A3E-6D8A9A2E1C21}
		{A8C8D93B-0B2B-49A0-9D2B-6F4F5D57F9B4} = {A8C8D93B-0B2B-49A0-9D2B-6F4F5D57F9B4}
		{8B1E2B3E-6A2E-4D9B-9C9C-7E8D5B6F2A10} = {8B1E2B3E-6A2E-4D9B-9C9C-7E8D5B6F2A10}
		{38F7D65A-3B19-4C7D-B7A5-5D36D0B5D9E1} = {38F7D65A-3B19-4C7D-B7A5-5D36D0B5D9E1}
		{5A7B3F82-C3A1-4A0D-90A9-1F21B3E7D4B2} = {5A7B3F82-C3A1-4A0D-90A9-1F21B3E7D4B2}
		{9E5F0F95-A87E-4F0C-BB21-41C5C0746C43} = {9E5F0F95-A87E-4F0C-BB21-41C5C0746C43}
		{4F1A9D9C-9E6B-4E34-8E31-6F8E9B7B1C22} = {4F1A9D9C-9E6B-4E34-8E31-6F8E9B7B1C22}
		{C6B2D2A8-3C73-4E5E-9C96-7E2B2C4D3A91} = {C6B2D2A8-3C73-4E5E-9C96-7E2B2C4D3A91}
		{C3C9E3B3-8B8E-4C3E-9C8A-4E7F1F2C5B9A} = {C3C9E3B3-8B8E-4C3E-9C8A-4E7F1F2C5B9A}
		{E8E1B1C3-9D98-4D1F-8C43-7F2B0D6C8A21} = {E8E1B1C3-9D98-4D1F-8C43-7F2B0D6C8A21}
		{B9E2B2C5-8F41-4D88-9B56-9C6A6F2F6E3B} = {B9E2B2C5-8F41-4D88-9B56-9C6A6F2F6E3B}
		{E7B6C5F2-2F3E-4F0E-B5E0-3B9E8F5D9B10} = {E7B6C5F2-2F3E-4F0E-B5E0-3B9E8F5D9B10}
	EndProjectSection
EndProject
Project("{8BC9CEB8-8B4A-11D0-8D11-00A0C91BC942}") = "Zlib.Phone", "..\PhoneLibs\Zlib.Phone.vcxproj", "{A8C8D93B-0B2B-49A0-9D2B-6F4F5D57F9B4}"
EndProject
Project("{8BC9CEB8-8B4A-11D0-8D11-00A0C91BC942}") = "Base.Phone", "..\PhoneLibs\Base.Phone.vcxproj", "{C6B2D2A8-3C73-4E5E-9C96-7E2B2C4D3A91}"
EndProject
Project("{8BC9CEB8-8B4A-11D0-8D11-00A0C91BC942}") = "Log.Phone", "..\PhoneLibs\Log.Phone.vcxproj", "{38F7D65A-3B19-4C7D-B7A5-5D36D0B5D9E1}"
EndProject
Project("{8BC9CEB8-8B4A-11D0-8D11-00A0C91BC942}") = "App.Phone", "..\PhoneLibs\App.Phone.vcxproj", "{B9E2B2C5-8F41-4D88-9B56-9C6A6F2F6E3B}"
EndProject
Project("{8BC9CEB8-8B4A-11D0-8D11-00A0C91BC942}") = "Network.Phone", "..\PhoneLibs\Network.Phone.vcxproj", "{7F3A8B3B-0C8D-4F1E-9A3E-6D8A9A2E1C21}"
EndProject
Project("{2150E333-8FDC-42A3-9474-1A3956D46DE8}") = "Solution Items", "Solution Items", "{7389A71C-B788-4A73-A4E1-12D0E90C7CBF}"
	ProjectSection(SolutionItems) = preProject
		..\..\fmod\WinRT\x86\fmod.dll = ..\..\fmod\WinRT\x86\fmod.dll
	EndProjectSection
EndProject
Project("{8BC9CEB8-8B4A-11D0-8D11-00A0C91BC942}") = "AppDraw.Phone", "..\PhoneLibs\Rendering\AppDraw.Phone.vcxproj", "{9E5F0F95-A87E-4F0C-BB21-41C5C0746C43}"
EndProject
Project("{8BC9CEB8-8B4A-11D0-8D11-00A0C91BC942}") = "g3d.Phone", "..\PhoneLibs\Rendering\g3d.Phone.vcxproj", "{E8E1B1C3-9D98-4D1F-8C43-7F2B0D6C8A21}"
EndProject
Project("{8BC9CEB8-8B4A-11D0-8D11-00A0C91BC942}") = "GfxBase.Phone", "..\PhoneLibs\Rendering\GfxBase.Phone.vcxproj", "{E7B6C5F2-2F3E-4F0E-B5E0-3B9E8F5D9B10}"
EndProject
Project("{8BC9CEB8-8B4A-11D0-8D11-00A0C91BC942}") = "GfxCore.Phone", "..\PhoneLibs\Rendering\GfxCore.Phone.vcxproj", "{8ACF6C0E-5F74-4C8E-9E8D-2C2F27B3F1C0}"
EndProject
Project("{8BC9CEB8-8B4A-11D0-8D11-00A0C91BC942}") = "GfxRender.Phone", "..\PhoneLibs\Rendering\GfxRender.Phone.vcxproj", "{5A7B3F82-C3A1-4A0D-90A9-1F21B3E7D4B2}"
EndProject
Project("{8BC9CEB8-8B4A-11D0-8D11-00A0C91BC942}") = "LibOVR.Phone", "..\PhoneLibs\Rendering\LibOVR.Phone.vcxproj", "{4F1A9D9C-9E6B-4E34-8E31-6F8E9B7B1C22}"
EndProject
Project("{8BC9CEB8-8B4A-11D0-8D11-00A0C91BC942}") = "RbxG3D.Phone", "..\PhoneLibs\Rendering\RbxG3D.Phone.vcxproj", "{C3C9E3B3-8B8E-4C3E-9C8A-4E7F1F2C5B9A}"
EndProject
Project("{8BC9CEB8-8B4A-11D0-8D11-00A0C91BC942}") = "App.BulletPhysics.Phone", "..\PhoneLibs\App.BulletPhysics.Phone.vcxproj", "{8B1E2B3E-6A2E-4D9B-9C9C-7E8D5B6F2A10}"
EndProject
Project("{2150E333-8FDC-42A3-9474-1A3956D46DE8}") = "Depa", "Depa", "{46A46DBC-C63A-4663-A4F4-41C4A120E223}"
EndProject
Project("{8BC9CEB8-8B4A-11D0-8D11-00A0C91BC942}") = "Boost_1_56_WinRT", "..\PhoneLibs\Dependencies\Boost_1_56_WinRT.vcxproj", "{2F8C3D3E-3D9D-4B22-A6D9-3C6B2C3E5D11}"
EndProject
Global
	GlobalSection(SolutionConfigurationPlatforms) = preSolution
		Debug|ARM = Debug|ARM
		Debug|x64 = Debug|x64
		Debug|x86 = Debug|x86
		DebugRcc|ARM = DebugRcc|ARM
		DebugRcc|x64 = DebugRcc|x64
		DebugRcc|x86 = DebugRcc|x86
		DebugStudio|ARM = DebugStudio|ARM
		DebugStudio|x64 = DebugStudio|x64
		DebugStudio|x86 = DebugStudio|x86
		Release|ARM = Release|ARM
		Release|x64 = Release|x64
		Release|x86 = Release|x86
		ReleaseRcc|ARM = ReleaseRcc|ARM
		ReleaseRcc|x64 = ReleaseRcc|x64
		ReleaseRcc|x86 = ReleaseRcc|x86
		ReleaseStudio|ARM = ReleaseStudio|ARM
		ReleaseStudio|x64 = ReleaseStudio|x64
		ReleaseStudio|x86 = ReleaseStudio|x86
		Store81-ARM|ARM = Store81-ARM|ARM
		Store81-ARM|x64 = Store81-ARM|x64
		Store81-ARM|x86 = Store81-ARM|x86
		Store81-x64|ARM = Store81-x64|ARM
		Store81-x64|x64 = Store81-x64|x64
		Store81-x64|x86 = Store81-x64|x86
		Store81-x86|ARM = Store81-x86|ARM
		Store81-x86|x64 = Store81-x86|x64
		Store81-x86|x86 = Store81-x86|x86
		WP81-ARM|ARM = WP81-ARM|ARM
		WP81-ARM|x64 = WP81-ARM|x64
		WP81-ARM|x86 = WP81-ARM|x86
		WP81-x86|ARM = WP81-x86|ARM
		WP81-x86|x64 = WP81-x86|x64
		WP81-x86|x86 = WP81-x86|x86
	EndGlobalSection
	GlobalSection(ProjectConfigurationPlatforms) = postSolution
		{4EA629E4-D67E-4819-AB4A-12CF88040561}.Debug|ARM.ActiveCfg = Debug|ARM
		{4EA629E4-D67E-4819-AB4A-12CF88040561}.Debug|ARM.Build.0 = Debug|ARM
		{4EA629E4-D67E-4819-AB4A-12CF88040561}.Debug|ARM.Deploy.0 = Debug|ARM
		{4EA629E4-D67E-4819-AB4A-12CF88040561}.Debug|x64.ActiveCfg = Debug|Win32
		{4EA629E4-D67E-4819-AB4A-12CF88040561}.Debug|x86.ActiveCfg = Debug|Win32
		{4EA629E4-D67E-4819-AB4A-12CF88040561}.Debug|x86.Build.0 = Debug|Win32
		{4EA629E4-D67E-4819-AB4A-12CF88040561}.Debug|x86.Deploy.0 = Debug|Win32
		{4EA629E4-D67E-4819-AB4A-12CF88040561}.DebugRcc|ARM.ActiveCfg = Debug|ARM
		{4EA629E4-D67E-4819-AB4A-12CF88040561}.DebugRcc|ARM.Build.0 = Debug|ARM
		{4EA629E4-D67E-4819-AB4A-12CF88040561}.DebugRcc|ARM.Deploy.0 = Debug|ARM
		{4EA629E4-D67E-4819-AB4A-12CF88040561}.DebugRcc|x64.ActiveCfg = Release|Win32
		{4EA629E4-D67E-4819-AB4A-12CF88040561}.DebugRcc|x64.Build.0 = Release|Win32
		{4EA629E4-D67E-4819-AB4A-12CF88040561}.DebugRcc|x64.Deploy.0 = Release|Win32
		{4EA629E4-D67E-4819-AB4A-12CF88040561}.DebugRcc|x86.ActiveCfg = Debug|Win32
		{4EA629E4-D67E-4819-AB4A-12CF88040561}.DebugRcc|x86.Build.0 = Debug|Win32
		{4EA629E4-D67E-4819-AB4A-12CF88040561}.DebugRcc|x86.Deploy.0 = Debug|Win32
		{4EA629E4-D67E-4819-AB4A-12CF88040561}.DebugStudio|ARM.ActiveCfg = Debug|ARM
		{4EA629E4-D67E-4819-AB4A-12CF88040561}.DebugStudio|ARM.Build.0 = Debug|ARM
		{4EA629E4-D67E-4819-AB4A-12CF88040561}.DebugStudio|ARM.Deploy.0 = Debug|ARM
		{4EA629E4-D67E-4819-AB4A-12CF88040561}.DebugStudio|x64.ActiveCfg = Release|Win32
		{4EA629E4-D67E-4819-AB4A-12CF88040561}.DebugStudio|x64.Build.0 = Release|Win32
		{4EA629E4-D67E-4819-AB4A-12CF88040561}.DebugStudio|x64.Deploy.0 = Release|Win32
		{4EA629E4-D67E-4819-AB4A-12CF88040561}.DebugStudio|x86.ActiveCfg = Debug|Win32
		{4EA629E4-D67E-4819-AB4A-12CF88040561}.DebugStudio|x86.Build.0 = Debug|Win32
		{4EA629E4-D67E-4819-AB4A-12CF88040561}.DebugStudio|x86.Deploy.0 = Debug|Win32
		{4EA629E4-D67E-4819-AB4A-12CF88040561}.Release|ARM.ActiveCfg = Release|ARM
		{4EA629E4-D67E-4819-AB4A-12CF88040561}.Release|ARM.Build.0 = Release|ARM
		{4EA629E4-D67E-4819-AB4A-12CF88040561}.Release|ARM.Deploy.0 = Release|ARM
		{4EA629E4-D67E-4819-AB4A-12CF88040561}.Release|x64.ActiveCfg = Release|Win32
		{4EA629E4-D67E-4819-AB4A-12CF88040561}.Release|x86.ActiveCfg = Release|Win32
		{4EA629E4-D67E-4819-AB4A-12CF88040561}.Release|x86.Build.0 = Release|Win32
		{4EA629E4-D67E-4819-AB4A-12CF88040561}.Release|x86.Deploy.0 = Release|Win32
		{4EA629E4-D67E-4819-AB4A-12CF88040561}.ReleaseRcc|ARM.ActiveCfg = Release|ARM
		{4EA629E4-D67E-4819-AB4A-12CF88040561}.ReleaseRcc|ARM.Build.0 = Release|ARM
		{4EA629E4-D67E-4819-AB4A-12CF88040561}.ReleaseRcc|ARM.Deploy.0 = Release|ARM
		{4EA629E4-D67E-4819-AB4A-12CF88040561}.ReleaseRcc|x64.ActiveCfg = Release|Win32
		{4EA629E4-D67E-4819-AB4A-12CF88040561}.ReleaseRcc|x64.Build.0 = Release|Win32
		{4EA629E4-D67E-4819-AB4A-12CF88040561}.ReleaseRcc|x64.Deploy.0 = Release|Win32
		{4EA629E4-D67E-4819-AB4A-12CF88040561}.ReleaseRcc|x86.ActiveCfg = Release|Win32
		{4EA629E4-D67E-4819-AB4A-12CF88040561}.ReleaseRcc|x86.Build.0 = Release|Win32
		{4EA629E4-D67E-4819-AB4A-12CF88040561}.ReleaseRcc|x86.Deploy.0 = Release|Win32
		{4EA629E4-D67E-4819-AB4A-12CF88040561}.ReleaseStudio|ARM.ActiveCfg = Release|ARM
		{4EA629E4-D67E-4819-AB4A-12CF88040561}.ReleaseStudio|ARM.Build.0 = Release|ARM
		{4EA629E4-D67E-4819-AB4A-12CF88040561}.ReleaseStudio|ARM.Deploy.0 = Release|ARM
		{4EA629E4-D67E-4819-AB4A-12CF88040561}.ReleaseStudio|x64.ActiveCfg = Release|Win32
		{4EA629E4-D67E-4819-AB4A-12CF88040561}.ReleaseStudio|x64.Build.0 = Release|Win32
		{4EA629E4-D67E-4819-AB4A-12CF88040561}.ReleaseStudio|x64.Deploy.0 = Release|Win32
		{4EA629E4-D67E-4819-AB4A-12CF88040561}.ReleaseStudio|x86.ActiveCfg = Release|Win32
		{4EA629E4-D67E-4819-AB4A-12CF88040561}.ReleaseStudio|x86.Build.0 = Release|Win32
		{4EA629E4-D67E-4819-AB4A-12CF88040561}.ReleaseStudio|x86.Deploy.0 = Release|Win32
		{4EA629E4-D67E-4819-AB4A-12CF88040561}.Store81-ARM|ARM.ActiveCfg = Release|ARM
		{4EA629E4-D67E-4819-AB4A-12CF88040561}.Store81-ARM|ARM.Build.0 = Release|ARM
		{4EA629E4-D67E-4819-AB4A-12CF88040561}.Store81-ARM|ARM.Deploy.0 = Release|ARM
		{4EA629E4-D67E-4819-AB4A-12CF88040561}.Store81-ARM|x64.ActiveCfg = Release|Win32
		{4EA629E4-D67E-4819-AB4A-12CF88040561}.Store81-ARM|x64.Build.0 = Release|Win32
		{4EA629E4-D67E-4819-AB4A-12CF88040561}.Store81-ARM|x64.Deploy.0 = Release|Win32
		{4EA629E4-D67E-4819-AB4A-12CF88040561}.Store81-ARM|x86.ActiveCfg = Release|Win32
		{4EA629E4-D67E-4819-AB4A-12CF88040561}.Store81-ARM|x86.Build.0 = Release|Win32
		{4EA629E4-D67E-4819-AB4A-12CF88040561}.Store81-ARM|x86.Deploy.0 = Release|Win32
		{4EA629E4-D67E-4819-AB4A-12CF88040561}.Store81-x64|ARM.ActiveCfg = Release|ARM
		{4EA629E4-D67E-4819-AB4A-12CF88040561}.Store81-x64|ARM.Build.0 = Release|ARM
		{4EA629E4-D67E-4819-AB4A-12CF88040561}.Store81-x64|ARM.Deploy.0 = Release|ARM
		{4EA629E4-D67E-4819-AB4A-12CF88040561}.Store81-x64|x64.ActiveCfg = Release|Win32
		{4EA629E4-D67E-4819-AB4A-12CF88040561}.Store81-x64|x64.Build.0 = Release|Win32
		{4EA629E4-D67E-4819-AB4A-12CF88040561}.Store81-x64|x64.Deploy.0 = Release|Win32
		{4EA629E4-D67E-4819-AB4A-12CF88040561}.Store81-x64|x86.ActiveCfg = Release|Win32
		{4EA629E4-D67E-4819-AB4A-12CF88040561}.Store81-x64|x86.Build.0 = Release|Win32
		{4EA629E4-D67E-4819-AB4A-12CF88040561}.Store81-x64|x86.Deploy.0 = Release|Win32
		{4EA629E4-D67E-4819-AB4A-12CF88040561}.Store81-x86|ARM.ActiveCfg = Release|ARM
		{4EA629E4-D67E-4819-AB4A-12CF88040561}.Store81-x86|ARM.Build.0 = Release|ARM
		{4EA629E4-D67E-4819-AB4A-12CF88040561}.Store81-x86|ARM.Deploy.0 = Release|ARM
		{4EA629E4-D67E-4819-AB4A-12CF88040561}.Store81-x86|x64.ActiveCfg = Release|Win32
		{4EA629E4-D67E-4819-AB4A-12CF88040561}.Store81-x86|x64.Build.0 = Release|Win32
		{4EA629E4-D67E-4819-AB4A-12CF88040561}.Store81-x86|x64.Deploy.0 = Release|Win32
		{4EA629E4-D67E-4819-AB4A-12CF88040561}.Store81-x86|x86.ActiveCfg = Release|Win32
		{4EA629E4-D67E-4819-AB4A-12CF88040561}.Store81-x86|x86.Build.0 = Release|Win32
		{4EA629E4-D67E-4819-AB4A-12CF88040561}.Store81-x86|x86.Deploy.0 = Release|Win32
		{4EA629E4-D67E-4819-AB4A-12CF88040561}.WP81-ARM|ARM.ActiveCfg = Release|ARM
		{4EA629E4-D67E-4819-AB4A-12CF88040561}.WP81-ARM|ARM.Build.0 = Release|ARM
		{4EA629E4-D67E-4819-AB4A-12CF88040561}.WP81-ARM|ARM.Deploy.0 = Release|ARM
		{4EA629E4-D67E-4819-AB4A-12CF88040561}.WP81-ARM|x64.ActiveCfg = Release|Win32
		{4EA629E4-D67E-4819-AB4A-12CF88040561}.WP81-ARM|x64.Build.0 = Release|Win32
		{4EA629E4-D67E-4819-AB4A-12CF88040561}.WP81-ARM|x64.Deploy.0 = Release|Win32
		{4EA629E4-D67E-4819-AB4A-12CF88040561}.WP81-ARM|x86.ActiveCfg = Release|Win32
		{4EA629E4-D67E-4819-AB4A-12CF88040561}.WP81-ARM|x86.Build.0 = Release|Win32
		{4EA629E4-D67E-4819-AB4A-12CF88040561}.WP81-ARM|x86.Deploy.0 = Release|Win32
		{4EA629E4-D67E-4819-AB4A-12CF88040561}.WP81-x86|ARM.ActiveCfg = Release|ARM
		{4EA629E4-D67E-4819-AB4A-12CF88040561}.WP81-x86|ARM.Build.0 = Release|ARM
		{4EA629E4-D67E-4819-AB4A-12CF88040561}.WP81-x86|ARM.Deploy.0 = Release|ARM
		{4EA629E4-D67E-4819-AB4A-12CF88040561}.WP81-x86|x64.ActiveCfg = Release|Win32
		{4EA629E4-D67E-4819-AB4A-12CF88040561}.WP81-x86|x64.Build.0 = Release|Win32
		{4EA629E4-D67E-4819-AB4A-12CF88040561}.WP81-x86|x64.Deploy.0 = Release|Win32
		{4EA629E4-D67E-4819-AB4A-12CF88040561}.WP81-x86|x86.ActiveCfg = Release|Win32
		{4EA629E4-D67E-4819-AB4A-12CF88040561}.WP81-x86|x86.Build.0 = Release|Win32
		{4EA629E4-D67E-4819-AB4A-12CF88040561}.WP81-x86|x86.Deploy.0 = Release|Win32
		{A8C8D93B-0B2B-49A0-9D2B-6F4F5D57F9B4}.Debug|ARM.ActiveCfg = Debug|ARM
		{A8C8D93B-0B2B-49A0-9D2B-6F4F5D57F9B4}.Debug|ARM.Build.0 = Debug|ARM
		{A8C8D93B-0B2B-49A0-9D2B-6F4F5D57F9B4}.Debug|x64.ActiveCfg = Debug|Win32
		{A8C8D93B-0B2B-49A0-9D2B-6F4F5D57F9B4}.Debug|x86.ActiveCfg = Debug|Win32
		{A8C8D93B-0B2B-49A0-9D2B-6F4F5D57F9B4}.Debug|x86.Build.0 = Debug|Win32
		{A8C8D93B-0B2B-49A0-9D2B-6F4F5D57F9B4}.DebugRcc|ARM.ActiveCfg = Debug|ARM
		{A8C8D93B-0B2B-49A0-9D2B-6F4F5D57F9B4}.DebugRcc|ARM.Build.0 = Debug|ARM
		{A8C8D93B-0B2B-49A0-9D2B-6F4F5D57F9B4}.DebugRcc|x64.ActiveCfg = Release|Win32
		{A8C8D93B-0B2B-49A0-9D2B-6F4F5D57F9B4}.DebugRcc|x64.Build.0 = Release|Win32
		{A8C8D93B-0B2B-49A0-9D2B-6F4F5D57F9B4}.DebugRcc|x86.ActiveCfg = Debug|Win32
		{A8C8D93B-0B2B-49A0-9D2B-6F4F5D57F9B4}.DebugRcc|x86.Build.0 = Debug|Win32
		{A8C8D93B-0B2B-49A0-9D2B-6F4F5D57F9B4}.DebugStudio|ARM.ActiveCfg = Debug|ARM
		{A8C8D93B-0B2B-49A0-9D2B-6F4F5D57F9B4}.DebugStudio|ARM.Build.0 = Debug|ARM
		{A8C8D93B-0B2B-49A0-9D2B-6F4F5D57F9B4}.DebugStudio|x64.ActiveCfg = Release|Win32
		{A8C8D93B-0B2B-49A0-9D2B-6F4F5D57F9B4}.DebugStudio|x64.Build.0 = Release|Win32
		{A8C8D93B-0B2B-49A0-9D2B-6F4F5D57F9B4}.DebugStudio|x86.ActiveCfg = Debug|Win32
		{A8C8D93B-0B2B-49A0-9D2B-6F4F5D57F9B4}.DebugStudio|x86.Build.0 = Debug|Win32
		{A8C8D93B-0B2B-49A0-9D2B-6F4F5D57F9B4}.Release|ARM.ActiveCfg = Release|ARM
		{A8C8D93B-0B2B-49A0-9D2B-6F4F5D57F9B4}.Release|ARM.Build.0 = Release|ARM
		{A8C8D93B-0B2B-49A0-9D2B-6F4F5D57F9B4}.Release|x64.ActiveCfg = Release|Win32
		{A8C8D93B-0B2B-49A0-9D2B-6F4F5D57F9B4}.Release|x86.ActiveCfg = Release|Win32
		{A8C8D93B-0B2B-49A0-9D2B-6F4F5D57F9B4}.Release|x86.Build.0 = Release|Win32
		{A8C8D93B-0B2B-49A0-9D2B-6F4F5D57F9B4}.ReleaseRcc|ARM.ActiveCfg = Release|ARM
		{A8C8D93B-0B2B-49A0-9D2B-6F4F5D57F9B4}.ReleaseRcc|ARM.Build.0 = Release|ARM
		{A8C8D93B-0B2B-49A0-9D2B-6F4F5D57F9B4}.ReleaseRcc|x64.ActiveCfg = Release|Win32
		{A8C8D93B-0B2B-49A0-9D2B-6F4F5D57F9B4}.ReleaseRcc|x64.Build.0 = Release|Win32
		{A8C8D93B-0B2B-49A0-9D2B-6F4F5D57F9B4}.ReleaseRcc|x86.ActiveCfg = Release|Win32
		{A8C8D93B-0B2B-49A0-9D2B-6F4F5D57F9B4}.ReleaseRcc|x86.Build.0 = Release|Win32
		{A8C8D93B-0B2B-49A0-9D2B-6F4F5D57F9B4}.ReleaseStudio|ARM.ActiveCfg = Release|ARM
		{A8C8D93B-0B2B-49A0-9D2B-6F4F5D57F9B4}.ReleaseStudio|ARM.Build.0 = Release|ARM
		{A8C8D93B-0B2B-49A0-9D2B-6F4F5D57F9B4}.ReleaseStudio|x64.ActiveCfg = Release|Win32
		{A8C8D93B-0B2B-49A0-9D2B-6F4F5D57F9B4}.ReleaseStudio|x64.Build.0 = Release|Win32
		{A8C8D93B-0B2B-49A0-9D2B-6F4F5D57F9B4}.ReleaseStudio|x86.ActiveCfg = Release|Win32
		{A8C8D93B-0B2B-49A0-9D2B-6F4F5D57F9B4}.ReleaseStudio|x86.Build.0 = Release|Win32
		{A8C8D93B-0B2B-49A0-9D2B-6F4F5D57F9B4}.Store81-ARM|ARM.ActiveCfg = Release|ARM
		{A8C8D93B-0B2B-49A0-9D2B-6F4F5D57F9B4}.Store81-ARM|ARM.Build.0 = Release|ARM
		{A8C8D93B-0B2B-49A0-9D2B-6F4F5D57F9B4}.Store81-ARM|x64.ActiveCfg = Release|Win32
		{A8C8D93B-0B2B-49A0-9D2B-6F4F5D57F9B4}.Store81-ARM|x64.Build.0 = Release|Win32
		{A8C8D93B-0B2B-49A0-9D2B-6F4F5D57F9B4}.Store81-ARM|x86.ActiveCfg = Release|Win32
		{A8C8D93B-0B2B-49A0-9D2B-6F4F5D57F9B4}.Store81-ARM|x86.Build.0 = Release|Win32
		{A8C8D93B-0B2B-49A0-9D2B-6F4F5D57F9B4}.Store81-x64|ARM.ActiveCfg = Release|ARM
		{A8C8D93B-0B2B-49A0-9D2B-6F4F5D57F9B4}.Store81-x64|ARM.Build.0 = Release|ARM
		{A8C8D93B-0B2B-49A0-9D2B-6F4F5D57F9B4}.Store81-x64|x64.ActiveCfg = Release|Win32
		{A8C8D93B-0B2B-49A0-9D2B-6F4F5D57F9B4}.Store81-x64|x64.Build.0 = Release|Win32
		{A8C8D93B-0B2B-49A0-9D2B-6F4F5D57F9B4}.Store81-x64|x86.ActiveCfg = Release|Win32
		{A8C8D93B-0B2B-49A0-9D2B-6F4F5D57F9B4}.Store81-x64|x86.Build.0 = Release|Win32
		{A8C8D93B-0B2B-49A0-9D2B-6F4F5D57F9B4}.Store81-x86|ARM.ActiveCfg = Release|ARM
		{A8C8D93B-0B2B-49A0-9D2B-6F4F5D57F9B4}.Store81-x86|ARM.Build.0 = Release|ARM
		{A8C8D93B-0B2B-49A0-9D2B-6F4F5D57F9B4}.Store81-x86|x64.ActiveCfg = Release|Win32
		{A8C8D93B-0B2B-49A0-9D2B-6F4F5D57F9B4}.Store81-x86|x64.Build.0 = Release|Win32
		{A8C8D93B-0B2B-49A0-9D2B-6F4F5D57F9B4}.Store81-x86|x86.ActiveCfg = Release|Win32
		{A8C8D93B-0B2B-49A0-9D2B-6F4F5D57F9B4}.Store81-x86|x86.Build.0 = Release|Win32
		{A8C8D93B-0B2B-49A0-9D2B-6F4F5D57F9B4}.WP81-ARM|ARM.ActiveCfg = Release|ARM
		{A8C8D93B-0B2B-49A0-9D2B-6F4F5D57F9B4}.WP81-ARM|ARM.Build.0 = Release|ARM
		{A8C8D93B-0B2B-49A0-9D2B-6F4F5D57F9B4}.WP81-ARM|x64.ActiveCfg = Release|Win32
		{A8C8D93B-0B2B-49A0-9D2B-6F4F5D57F9B4}.WP81-ARM|x64.Build.0 = Release|Win32
		{A8C8D93B-0B2B-49A0-9D2B-6F4F5D57F9B4}.WP81-ARM|x86.ActiveCfg = Release|Win32
		{A8C8D93B-0B2B-49A0-9D2B-6F4F5D57F9B4}.WP81-ARM|x86.Build.0 = Release|Win32
		{A8C8D93B-0B2B-49A0-9D2B-6F4F5D57F9B4}.WP81-x86|ARM.ActiveCfg = Release|ARM
		{A8C8D93B-0B2B-49A0-9D2B-6F4F5D57F9B4}.WP81-x86|ARM.Build.0 = Release|ARM
		{A8C8D93B-0B2B-49A0-9D2B-6F4F5D57F9B4}.WP81-x86|x64.ActiveCfg = Release|Win32
		{A8C8D93B-0B2B-49A0-9D2B-6F4F5D57F9B4}.WP81-x86|x64.Build.0 = Release|Win32
		{A8C8D93B-0B2B-49A0-9D2B-6F4F5D57F9B4}.WP81-x86|x86.ActiveCfg = Release|Win32
		{A8C8D93B-0B2B-49A0-9D2B-6F4F5D57F9B4}.WP81-x86|x86.Build.0 = Release|Win32
		{C6B2D2A8-3C73-4E5E-9C96-7E2B2C4D3A91}.Debug|ARM.ActiveCfg = Debug|ARM
		{C6B2D2A8-3C73-4E5E-9C96-7E2B2C4D3A91}.Debug|ARM.Build.0 = Debug|ARM
		{C6B2D2A8-3C73-4E5E-9C96-7E2B2C4D3A91}.Debug|x64.ActiveCfg = Debug|Win32
		{C6B2D2A8-3C73-4E5E-9C96-7E2B2C4D3A91}.Debug|x86.ActiveCfg = Debug|Win32
		{C6B2D2A8-3C73-4E5E-9C96-7E2B2C4D3A91}.Debug|x86.Build.0 = Debug|Win32
		{C6B2D2A8-3C73-4E5E-9C96-7E2B2C4D3A91}.DebugRcc|ARM.ActiveCfg = Debug|ARM
		{C6B2D2A8-3C73-4E5E-9C96-7E2B2C4D3A91}.DebugRcc|ARM.Build.0 = Debug|ARM
		{C6B2D2A8-3C73-4E5E-9C96-7E2B2C4D3A91}.DebugRcc|x64.ActiveCfg = Release|Win32
		{C6B2D2A8-3C73-4E5E-9C96-7E2B2C4D3A91}.DebugRcc|x64.Build.0 = Release|Win32
		{C6B2D2A8-3C73-4E5E-9C96-7E2B2C4D3A91}.DebugRcc|x86.ActiveCfg = Debug|Win32
		{C6B2D2A8-3C73-4E5E-9C96-7E2B2C4D3A91}.DebugRcc|x86.Build.0 = Debug|Win32
		{C6B2D2A8-3C73-4E5E-9C96-7E2B2C4D3A91}.DebugStudio|ARM.ActiveCfg = Debug|ARM
		{C6B2D2A8-3C73-4E5E-9C96-7E2B2C4D3A91}.DebugStudio|ARM.Build.0 = Debug|ARM
		{C6B2D2A8-3C73-4E5E-9C96-7E2B2C4D3A91}.DebugStudio|x64.ActiveCfg = Release|Win32
		{C6B2D2A8-3C73-4E5E-9C96-7E2B2C4D3A91}.DebugStudio|x64.Build.0 = Release|Win32
		{C6B2D2A8-3C73-4E5E-9C96-7E2B2C4D3A91}.DebugStudio|x86.ActiveCfg = Debug|Win32
		{C6B2D2A8-3C73-4E5E-9C96-7E2B2C4D3A91}.DebugStudio|x86.Build.0 = Debug|Win32
		{C6B2D2A8-3C73-4E5E-9C96-7E2B2C4D3A91}.Release|ARM.ActiveCfg = Release|ARM
		{C6B2D2A8-3C73-4E5E-9C96-7E2B2C4D3A91}.Release|ARM.Build.0 = Release|ARM
		{C6B2D2A8-3C73-4E5E-9C96-7E2B2C4D3A91}.Release|x64.ActiveCfg = Release|Win32
		{C6B2D2A8-3C73-4E5E-9C96-7E2B2C4D3A91}.Release|x86.ActiveCfg = Release|Win32
		{C6B2D2A8-3C73-4E5E-9C96-7E2B2C4D3A91}.Release|x86.Build.0 = Release|Win32
		{C6B2D2A8-3C73-4E5E-9C96-7E2B2C4D3A91}.ReleaseRcc|ARM.ActiveCfg = Release|ARM
		{C6B2D2A8-3C73-4E5E-9C96-7E2B2C4D3A91}.ReleaseRcc|ARM.Build.0 = Release|ARM
		{C6B2D2A8-3C73-4E5E-9C96-7E2B2C4D3A91}.ReleaseRcc|x64.ActiveCfg = Release|Win32
		{C6B2D2A8-3C73-4E5E-9C96-7E2B2C4D3A91}.ReleaseRcc|x64.Build.0 = Release|Win32
		{C6B2D2A8-3C73-4E5E-9C96-7E2B2C4D3A91}.ReleaseRcc|x86.ActiveCfg = Release|Win32
		{C6B2D2A8-3C73-4E5E-9C96-7E2B2C4D3A91}.ReleaseRcc|x86.Build.0 = Release|Win32
		{C6B2D2A8-3C73-4E5E-9C96-7E2B2C4D3A91}.ReleaseStudio|ARM.ActiveCfg = Release|ARM
		{C6B2D2A8-3C73-4E5E-9C96-7E2B2C4D3A91}.ReleaseStudio|ARM.Build.0 = Release|ARM
		{C6B2D2A8-3C73-4E5E-9C96-7E2B2C4D3A91}.ReleaseStudio|x64.ActiveCfg = Release|Win32
		{C6B2D2A8-3C73-4E5E-9C96-7E2B2C4D3A91}.ReleaseStudio|x64.Build.0 = Release|Win32
		{C6B2D2A8-3C73-4E5E-9C96-7E2B2C4D3A91}.ReleaseStudio|x86.ActiveCfg = Release|Win32
		{C6B2D2A8-3C73-4E5E-9C96-7E2B2C4D3A91}.ReleaseStudio|x86.Build.0 = Release|Win32
		{C6B2D2A8-3C73-4E5E-9C96-7E2B2C4D3A91}.Store81-ARM|ARM.ActiveCfg = Release|ARM
		{C6B2D2A8-3C73-4E5E-9C96-7E2B2C4D3A91}.Store81-ARM|ARM.Build.0 = Release|ARM
		{C6B2D2A8-3C73-4E5E-9C96-7E2B2C4D3A91}.Store81-ARM|x64.ActiveCfg = Release|Win32
		{C6B2D2A8-3C73-4E5E-9C96-7E2B2C4D3A91}.Store81-ARM|x64.Build.0 = Release|Win32
		{C6B2D2A8-3C73-4E5E-9C96-7E2B2C4D3A91}.Store81-ARM|x86.ActiveCfg = Release|Win32
		{C6B2D2A8-3C73-4E5E-9C96-7E2B2C4D3A91}.Store81-ARM|x86.Build.0 = Release|Win32
		{C6B2D2A8-3C73-4E5E-9C96-7E2B2C4D3A91}.Store81-x64|ARM.ActiveCfg = Release|ARM
		{C6B2D2A8-3C73-4E5E-9C96-7E2B2C4D3A91}.Store81-x64|ARM.Build.0 = Release|ARM
		{C6B2D2A8-3C73-4E5E-9C96-7E2B2C4D3A91}.Store81-x64|x64.ActiveCfg = Release|Win32
		{C6B2D2A8-3C73-4E5E-9C96-7E2B2C4D3A91}.Store81-x64|x64.Build.0 = Release|Win32
		{C6B2D2A8-3C73-4E5E-9C96-7E2B2C4D3A91}.Store81-x64|x86.ActiveCfg = Release|Win32
		{C6B2D2A8-3C73-4E5E-9C96-7E2B2C4D3A91}.Store81-x64|x86.Build.0 = Release|Win32
		{C6B2D2A8-3C73-4E5E-9C96-7E2B2C4D3A91}.Store81-x86|ARM.ActiveCfg = Release|ARM
		{C6B2D2A8-3C73-4E5E-9C96-7E2B2C4D3A91}.Store81-x86|ARM.Build.0 = Release|ARM
		{C6B2D2A8-3C73-4E5E-9C96-7E2B2C4D3A91}.Store81-x86|x64.ActiveCfg = Release|Win32
		{C6B2D2A8-3C73-4E5E-9C96-7E2B2C4D3A91}.Store81-x86|x64.Build.0 = Release|Win32
		{C6B2D2A8-3C73-4E5E-9C96-7E2B2C4D3A91}.Store81-x86|x86.ActiveCfg = Release|Win32
		{C6B2D2A8-3C73-4E5E-9C96-7E2B2C4D3A91}.Store81-x86|x86.Build.0 = Release|Win32
		{C6B2D2A8-3C73-4E5E-9C96-7E2B2C4D3A91}.WP81-ARM|ARM.ActiveCfg = Release|ARM
		{C6B2D2A8-3C73-4E5E-9C96-7E2B2C4D3A91}.WP81-ARM|ARM.Build.0 = Release|ARM
		{C6B2D2A8-3C73-4E5E-9C96-7E2B2C4D3A91}.WP81-ARM|x64.ActiveCfg = Release|Win32
		{C6B2D2A8-3C73-4E5E-9C96-7E2B2C4D3A91}.WP81-ARM|x64.Build.0 = Release|Win32
		{C6B2D2A8-3C73-4E5E-9C96-7E2B2C4D3A91}.WP81-ARM|x86.ActiveCfg = Release|Win32
		{C6B2D2A8-3C73-4E5E-9C96-7E2B2C4D3A91}.WP81-ARM|x86.Build.0 = Release|Win32
		{C6B2D2A8-3C73-4E5E-9C96-7E2B2C4D3A91}.WP81-x86|ARM.ActiveCfg = Release|ARM
		{C6B2D2A8-3C73-4E5E-9C96-7E2B2C4D3A91}.WP81-x86|ARM.Build.0 = Release|ARM
		{C6B2D2A8-3C73-4E5E-9C96-7E2B2C4D3A91}.WP81-x86|x64.ActiveCfg = Release|Win32
		{C6B2D2A8-3C73-4E5E-9C96-7E2B2C4D3A91}.WP81-x86|x64.Build.0 = Release|Win32
		{C6B2D2A8-3C73-4E5E-9C96-7E2B2C4D3A91}.WP81-x86|x86.ActiveCfg = Release|Win32
		{C6B2D2A8-3C73-4E5E-9C96-7E2B2C4D3A91}.WP81-x86|x86.Build.0 = Release|Win32
		{38F7D65A-3B19-4C7D-B7A5-5D36D0B5D9E1}.Debug|ARM.ActiveCfg = Debug|ARM
		{38F7D65A-3B19-4C7D-B7A5-5D36D0B5D9E1}.Debug|ARM.Build.0 = Debug|ARM
		{38F7D65A-3B19-4C7D-B7A5-5D36D0B5D9E1}.Debug|x64.ActiveCfg = Debug|Win32
		{38F7D65A-3B19-4C7D-B7A5-5D36D0B5D9E1}.Debug|x86.ActiveCfg = Debug|Win32
		{38F7D65A-3B19-4C7D-B7A5-5D36D0B5D9E1}.Debug|x86.Build.0 = Debug|Win32
		{38F7D65A-3B19-4C7D-B7A5-5D36D0B5D9E1}.DebugRcc|ARM.ActiveCfg = Debug|ARM
		{38F7D65A-3B19-4C7D-B7A5-5D36D0B5D9E1}.DebugRcc|ARM.Build.0 = Debug|ARM
		{38F7D65A-3B19-4C7D-B7A5-5D36D0B5D9E1}.DebugRcc|x64.ActiveCfg = Release|Win32
		{38F7D65A-3B19-4C7D-B7A5-5D36D0B5D9E1}.DebugRcc|x64.Build.0 = Release|Win32
		{38F7D65A-3B19-4C7D-B7A5-5D36D0B5D9E1}.DebugRcc|x86.ActiveCfg = Debug|Win32
		{38F7D65A-3B19-4C7D-B7A5-5D36D0B5D9E1}.DebugRcc|x86.Build.0 = Debug|Win32
		{38F7D65A-3B19-4C7D-B7A5-5D36D0B5D9E1}.DebugStudio|ARM.ActiveCfg = Debug|ARM
		{38F7D65A-3B19-4C7D-B7A5-5D36D0B5D9E1}.DebugStudio|ARM.Build.0 = Debug|ARM
		{38F7D65A-3B19-4C7D-B7A5-5D36D0B5D9E1}.DebugStudio|x64.ActiveCfg = Release|Win32
		{38F7D65A-3B19-4C7D-B7A5-5D36D0B5D9E1}.DebugStudio|x64.Build.0 = Release|Win32
		{38F7D65A-3B19-4C7D-B7A5-5D36D0B5D9E1}.DebugStudio|x86.ActiveCfg = Debug|Win32
		{38F7D65A-3B19-4C7D-B7A5-5D36D0B5D9E1}.DebugStudio|x86.Build.0 = Debug|Win32
		{38F7D65A-3B19-4C7D-B7A5-5D36D0B5D9E1}.Release|ARM.ActiveCfg = Release|ARM
		{38F7D65A-3B19-4C7D-B7A5-5D36D0B5D9E1}.Release|ARM.Build.0 = Release|ARM
		{38F7D65A-3B19-4C7D-B7A5-5D36D0B5D9E1}.Release|x64.ActiveCfg = Release|Win32
		{38F7D65A-3B19-4C7D-B7A5-5D36D0B5D9E1}.Release|x86.ActiveCfg = Release|Win32
		{38F7D65A-3B19-4C7D-B7A5-5D36D0B5D9E1}.Release|x86.Build.0 = Release|Win32
		{38F7D65A-3B19-4C7D-B7A5-5D36D0B5D9E1}.ReleaseRcc|ARM.ActiveCfg = Release|ARM
		{38F7D65A-3B19-4C7D-B7A5-5D36D0B5D9E1}.ReleaseRcc|ARM.Build.0 = Release|ARM
		{38F7D65A-3B19-4C7D-B7A5-5D36D0B5D9E1}.ReleaseRcc|x64.ActiveCfg = Release|Win32
		{38F7D65A-3B19-4C7D-B7A5-5D36D0B5D9E1}.ReleaseRcc|x64.Build.0 = Release|Win32
		{38F7D65A-3B19-4C7D-B7A5-5D36D0B5D9E1}.ReleaseRcc|x86.ActiveCfg = Release|Win32
		{38F7D65A-3B19-4C7D-B7A5-5D36D0B5D9E1}.ReleaseRcc|x86.Build.0 = Release|Win32
		{38F7D65A-3B19-4C7D-B7A5-5D36D0B5D9E1}.ReleaseStudio|ARM.ActiveCfg = Release|ARM
		{38F7D65A-3B19-4C7D-B7A5-5D36D0B5D9E1}.ReleaseStudio|ARM.Build.0 = Release|ARM
		{38F7D65A-3B19-4C7D-B7A5-5D36D0B5D9E1}.ReleaseStudio|x64.ActiveCfg = Release|Win32
		{38F7D65A-3B19-4C7D-B7A5-5D36D0B5D9E1}.ReleaseStudio|x64.Build.0 = Release|Win32
		{38F7D65A-3B19-4C7D-B7A5-5D36D0B5D9E1}.ReleaseStudio|x86.ActiveCfg = Release|Win32
		{38F7D65A-3B19-4C7D-B7A5-5D36D0B5D9E1}.ReleaseStudio|x86.Build.0 = Release|Win32
		{38F7D65A-3B19-4C7D-B7A5-5D36D0B5D9E1}.Store81-ARM|ARM.ActiveCfg = Release|ARM
		{38F7D65A-3B19-4C7D-B7A5-5D36D0B5D9E1}.Store81-ARM|ARM.Build.0 = Release|ARM
		{38F7D65A-3B19-4C7D-B7A5-5D36D0B5D9E1}.Store81-ARM|x64.ActiveCfg = Release|Win32
		{38F7D65A-3B19-4C7D-B7A5-5D36D0B5D9E1}.Store81-ARM|x64.Build.0 = Release|Win32
		{38F7D65A-3B19-4C7D-B7A5-5D36D0B5D9E1}.Store81-ARM|x86.ActiveCfg = Release|Win32
		{38F7D65A-3B19-4C7D-B7A5-5D36D0B5D9E1}.Store81-ARM|x86.Build.0 = Release|Win32
		{38F7D65A-3B19-4C7D-B7A5-5D36D0B5D9E1}.Store81-x64|ARM.ActiveCfg = Release|ARM
		{38F7D65A-3B19-4C7D-B7A5-5D36D0B5D9E1}.Store81-x64|ARM.Build.0 = Release|ARM
		{38F7D65A-3B19-4C7D-B7A5-5D36D0B5D9E1}.Store81-x64|x64.ActiveCfg = Release|Win32
		{38F7D65A-3B19-4C7D-B7A5-5D36D0B5D9E1}.Store81-x64|x64.Build.0 = Release|Win32
		{38F7D65A-3B19-4C7D-B7A5-5D36D0B5D9E1}.Store81-x64|x86.ActiveCfg = Release|Win32
		{38F7D65A-3B19-4C7D-B7A5-5D36D0B5D9E1}.Store81-x64|x86.Build.0 = Release|Win32
		{38F7D65A-3B19-4C7D-B7A5-5D36D0B5D9E1}.Store81-x86|ARM.ActiveCfg = Release|ARM
		{38F7D65A-3B19-4C7D-B7A5-5D36D0B5D9E1}.Store81-x86|ARM.Build.0 = Release|ARM
		{38F7D65A-3B19-4C7D-B7A5-5D36D0B5D9E1}.Store81-x86|x64.ActiveCfg = Release|Win32
		{38F7D65A-3B19-4C7D-B7A5-5D36D0B5D9E1}.Store81-x86|x64.Build.0 = Release|Win32
		{38F7D65A-3B19-4C7D-B7A5-5D36D0B5D9E1}.Store81-x86|x86.ActiveCfg = Release|Win32
		{38F7D65A-3B19-4C7D-B7A5-5D36D0B5D9E1}.Store81-x86|x86.Build.0 = Release|Win32
		{38F7D65A-3B19-4C7D-B7A5-5D36D0B5D9E1}.WP81-ARM|ARM.ActiveCfg = Release|ARM
		{38F7D65A-3B19-4C7D-B7A5-5D36D0B5D9E1}.WP81-ARM|ARM.Build.0 = Release|ARM
		{38F7D65A-3B19-4C7D-B7A5-5D36D0B5D9E1}.WP81-ARM|x64.ActiveCfg = Release|Win32
		{38F7D65A-3B19-4C7D-B7A5-5D36D0B5D9E1}.WP81-ARM|x64.Build.0 = Release|Win32
		{38F7D65A-3B19-4C7D-B7A5-5D36D0B5D9E1}.WP81-ARM|x86.ActiveCfg = Release|Win32
		{38F7D65A-3B19-4C7D-B7A5-5D36D0B5D9E1}.WP81-ARM|x86.Build.0 = Release|Win32
		{38F7D65A-3B19-4C7D-B7A5-5D36D0B5D9E1}.WP81-x86|ARM.ActiveCfg = Release|ARM
		{38F7D65A-3B19-4C7D-B7A5-5D36D0B5D9E1}.WP81-x86|ARM.Build.0 = Release|ARM
		{38F7D65A-3B19-4C7D-B7A5-5D36D0B5D9E1}.WP81-x86|x64.ActiveCfg = Release|Win32
		{38F7D65A-3B19-4C7D-B7A5-5D36D0B5D9E1}.WP81-x86|x64.Build.0 = Release|Win32
		{38F7D65A-3B19-4C7D-B7A5-5D36D0B5D9E1}.WP81-x86|x86.ActiveCfg = Release|Win32
		{38F7D65A-3B19-4C7D-B7A5-5D36D0B5D9E1}.WP81-x86|x86.Build.0 = Release|Win32
		{B9E2B2C5-8F41-4D88-9B56-9C6A6F2F6E3B}.Debug|ARM.ActiveCfg = Debug|ARM
		{B9E2B2C5-8F41-4D88-9B56-9C6A6F2F6E3B}.Debug|ARM.Build.0 = Debug|ARM
		{B9E2B2C5-8F41-4D88-9B56-9C6A6F2F6E3B}.Debug|x64.ActiveCfg = Debug|Win32
		{B9E2B2C5-8F41-4D88-9B56-9C6A6F2F6E3B}.Debug|x86.ActiveCfg = Debug|Win32
		{B9E2B2C5-8F41-4D88-9B56-9C6A6F2F6E3B}.Debug|x86.Build.0 = Debug|Win32
		{B9E2B2C5-8F41-4D88-9B56-9C6A6F2F6E3B}.DebugRcc|ARM.ActiveCfg = Debug|ARM
		{B9E2B2C5-8F41-4D88-9B56-9C6A6F2F6E3B}.DebugRcc|ARM.Build.0 = Debug|ARM
		{B9E2B2C5-8F41-4D88-9B56-9C6A6F2F6E3B}.DebugRcc|x64.ActiveCfg = Release|Win32
		{B9E2B2C5-8F41-4D88-9B56-9C6A6F2F6E3B}.DebugRcc|x64.Build.0 = Release|Win32
		{B9E2B2C5-8F41-4D88-9B56-9C6A6F2F6E3B}.DebugRcc|x86.ActiveCfg = Debug|Win32
		{B9E2B2C5-8F41-4D88-9B56-9C6A6F2F6E3B}.DebugRcc|x86.Build.0 = Debug|Win32
		{B9E2B2C5-8F41-4D88-9B56-9C6A6F2F6E3B}.DebugStudio|ARM.ActiveCfg = Debug|ARM
		{B9E2B2C5-8F41-4D88-9B56-9C6A6F2F6E3B}.DebugStudio|ARM.Build.0 = Debug|ARM
		{B9E2B2C5-8F41-4D88-9B56-9C6A6F2F6E3B}.DebugStudio|x64.ActiveCfg = Release|Win32
		{B9E2B2C5-8F41-4D88-9B56-9C6A6F2F6E3B}.DebugStudio|x64.Build.0 = Release|Win32
		{B9E2B2C5-8F41-4D88-9B56-9C6A6F2F6E3B}.DebugStudio|x86.ActiveCfg = Debug|Win32
		{B9E2B2C5-8F41-4D88-9B56-9C6A6F2F6E3B}.DebugStudio|x86.Build.0 = Debug|Win32
		{B9E2B2C5-8F41-4D88-9B56-9C6A6F2F6E3B}.Release|ARM.ActiveCfg = Release|ARM
		{B9E2B2C5-8F41-4D88-9B56-9C6A6F2F6E3B}.Release|ARM.Build.0 = Release|ARM
		{B9E2B2C5-8F41-4D88-9B56-9C6A6F2F6E3B}.Release|x64.ActiveCfg = Release|Win32
		{B9E2B2C5-8F41-4D88-9B56-9C6A6F2F6E3B}.Release|x86.ActiveCfg = Release|Win32
		{B9E2B2C5-8F41-4D88-9B56-9C6A6F2F6E3B}.Release|x86.Build.0 = Release|Win32
		{B9E2B2C5-8F41-4D88-9B56-9C6A6F2F6E3B}.ReleaseRcc|ARM.ActiveCfg = Release|ARM
		{B9E2B2C5-8F41-4D88-9B56-9C6A6F2F6E3B}.ReleaseRcc|ARM.Build.0 = Release|ARM
		{B9E2B2C5-8F41-4D88-9B56-9C6A6F2F6E3B}.ReleaseRcc|x64.ActiveCfg = Release|Win32
		{B9E2B2C5-8F41-4D88-9B56-9C6A6F2F6E3B}.ReleaseRcc|x64.Build.0 = Release|Win32
		{B9E2B2C5-8F41-4D88-9B56-9C6A6F2F6E3B}.ReleaseRcc|x86.ActiveCfg = Release|Win32
		{B9E2B2C5-8F41-4D88-9B56-9C6A6F2F6E3B}.ReleaseRcc|x86.Build.0 = Release|Win32
		{B9E2B2C5-8F41-4D88-9B56-9C6A6F2F6E3B}.ReleaseStudio|ARM.ActiveCfg = Release|ARM
		{B9E2B2C5-8F41-4D88-9B56-9C6A6F2F6E3B}.ReleaseStudio|ARM.Build.0 = Release|ARM
		{B9E2B2C5-8F41-4D88-9B56-9C6A6F2F6E3B}.ReleaseStudio|x64.ActiveCfg = Release|Win32
		{B9E2B2C5-8F41-4D88-9B56-9C6A6F2F6E3B}.ReleaseStudio|x64.Build.0 = Release|Win32
		{B9E2B2C5-8F41-4D88-9B56-9C6A6F2F6E3B}.ReleaseStudio|x86.ActiveCfg = Release|Win32
		{B9E2B2C5-8F41-4D88-9B56-9C6A6F2F6E3B}.ReleaseStudio|x86.Build.0 = Release|Win32
		{B9E2B2C5-8F41-4D88-9B56-9C6A6F2F6E3B}.Store81-ARM|ARM.ActiveCfg = Release|ARM
		{B9E2B2C5-8F41-4D88-9B56-9C6A6F2F6E3B}.Store81-ARM|ARM.Build.0 = Release|ARM
		{B9E2B2C5-8F41-4D88-9B56-9C6A6F2F6E3B}.Store81-ARM|x64.ActiveCfg = Release|Win32
		{B9E2B2C5-8F41-4D88-9B56-9C6A6F2F6E3B}.Store81-ARM|x64.Build.0 = Release|Win32
		{B9E2B2C5-8F41-4D88-9B56-9C6A6F2F6E3B}.Store81-ARM|x86.ActiveCfg = Release|Win32
		{B9E2B2C5-8F41-4D88-9B56-9C6A6F2F6E3B}.Store81-ARM|x86.Build.0 = Release|Win32
		{B9E2B2C5-8F41-4D88-9B56-9C6A6F2F6E3B}.Store81-x64|ARM.ActiveCfg = Release|ARM
		{B9E2B2C5-8F41-4D88-9B56-9C6A6F2F6E3B}.Store81-x64|ARM.Build.0 = Release|ARM
		{B9E2B2C5-8F41-4D88-9B56-9C6A6F2F6E3B}.Store81-x64|x64.ActiveCfg = Release|Win32
		{B9E2B2C5-8F41-4D88-9B56-9C6A6F2F6E3B}.Store81-x64|x64.Build.0 = Release|Win32
		{B9E2B2C5-8F41-4D88-9B56-9C6A6F2F6E3B}.Store81-x64|x86.ActiveCfg = Release|Win32
		{B9E2B2C5-8F41-4D88-9B56-9C6A6F2F6E3B}.Store81-x64|x86.Build.0 = Release|Win32
		{B9E2B2C5-8F41-4D88-9B56-9C6A6F2F6E3B}.Store81-x86|ARM.ActiveCfg = Release|ARM
		{B9E2B2C5-8F41-4D88-9B56-9C6A6F2F6E3B}.Store81-x86|ARM.Build.0 = Release|ARM
		{B9E2B2C5-8F41-4D88-9B56-9C6A6F2F6E3B}.Store81-x86|x64.ActiveCfg = Release|Win32
		{B9E2B2C5-8F41-4D88-9B56-9C6A6F2F6E3B}.Store81-x86|x64.Build.0 = Release|Win32
		{B9E2B2C5-8F41-4D88-9B56-9C6A6F2F6E3B}.Store81-x86|x86.ActiveCfg = Release|Win32
		{B9E2B2C5-8F41-4D88-9B56-9C6A6F2F6E3B}.Store81-x86|x86.Build.0 = Release|Win32
		{B9E2B2C5-8F41-4D88-9B56-9C6A6F2F6E3B}.WP81-ARM|ARM.ActiveCfg = Release|ARM
		{B9E2B2C5-8F41-4D88-9B56-9C6A6F2F6E3B}.WP81-ARM|ARM.Build.0 = Release|ARM
		{B9E2B2C5-8F41-4D88-9B56-9C6A6F2F6E3B}.WP81-ARM|x64.ActiveCfg = Release|Win32
		{B9E2B2C5-8F41-4D88-9B56-9C6A6F2F6E3B}.WP81-ARM|x64.Build.0 = Release|Win32
		{B9E2B2C5-8F41-4D88-9B56-9C6A6F2F6E3B}.WP81-ARM|x86.ActiveCfg = Release|Win32
		{B9E2B2C5-8F41-4D88-9B56-9C6A6F2F6E3B}.WP81-ARM|x86.Build.0 = Release|Win32
		{B9E2B2C5-8F41-4D88-9B56-9C6A6F2F6E3B}.WP81-x86|ARM.ActiveCfg = Release|ARM
		{B9E2B2C5-8F41-4D88-9B56-9C6A6F2F6E3B}.WP81-x86|ARM.Build.0 = Release|ARM
		{B9E2B2C5-8F41-4D88-9B56-9C6A6F2F6E3B}.WP81-x86|x64.ActiveCfg = Release|Win32
		{B9E2B2C5-8F41-4D88-9B56-9C6A6F2F6E3B}.WP81-x86|x64.Build.0 = Release|Win32
		{B9E2B2C5-8F41-4D88-9B56-9C6A6F2F6E3B}.WP81-x86|x86.ActiveCfg = Release|Win32
		{B9E2B2C5-8F41-4D88-9B56-9C6A6F2F6E3B}.WP81-x86|x86.Build.0 = Release|Win32
		{7F3A8B3B-0C8D-4F1E-9A3E-6D8A9A2E1C21}.Debug|ARM.ActiveCfg = Debug|ARM
		{7F3A8B3B-0C8D-4F1E-9A3E-6D8A9A2E1C21}.Debug|ARM.Build.0 = Debug|ARM
		{7F3A8B3B-0C8D-4F1E-9A3E-6D8A9A2E1C21}.Debug|x64.ActiveCfg = Debug|Win32
		{7F3A8B3B-0C8D-4F1E-9A3E-6D8A9A2E1C21}.Debug|x86.ActiveCfg = Debug|Win32
		{7F3A8B3B-0C8D-4F1E-9A3E-6D8A9A2E1C21}.Debug|x86.Build.0 = Debug|Win32
		{7F3A8B3B-0C8D-4F1E-9A3E-6D8A9A2E1C21}.DebugRcc|ARM.ActiveCfg = Debug|ARM
		{7F3A8B3B-0C8D-4F1E-9A3E-6D8A9A2E1C21}.DebugRcc|ARM.Build.0 = Debug|ARM
		{7F3A8B3B-0C8D-4F1E-9A3E-6D8A9A2E1C21}.DebugRcc|x64.ActiveCfg = Release|Win32
		{7F3A8B3B-0C8D-4F1E-9A3E-6D8A9A2E1C21}.DebugRcc|x64.Build.0 = Release|Win32
		{7F3A8B3B-0C8D-4F1E-9A3E-6D8A9A2E1C21}.DebugRcc|x86.ActiveCfg = Debug|Win32
		{7F3A8B3B-0C8D-4F1E-9A3E-6D8A9A2E1C21}.DebugRcc|x86.Build.0 = Debug|Win32
		{7F3A8B3B-0C8D-4F1E-9A3E-6D8A9A2E1C21}.DebugStudio|ARM.ActiveCfg = Debug|ARM
		{7F3A8B3B-0C8D-4F1E-9A3E-6D8A9A2E1C21}.DebugStudio|ARM.Build.0 = Debug|ARM
		{7F3A8B3B-0C8D-4F1E-9A3E-6D8A9A2E1C21}.DebugStudio|x64.ActiveCfg = Release|Win32
		{7F3A8B3B-0C8D-4F1E-9A3E-6D8A9A2E1C21}.DebugStudio|x64.Build.0 = Release|Win32
		{7F3A8B3B-0C8D-4F1E-9A3E-6D8A9A2E1C21}.DebugStudio|x86.ActiveCfg = Debug|Win32
		{7F3A8B3B-0C8D-4F1E-9A3E-6D8A9A2E1C21}.DebugStudio|x86.Build.0 = Debug|Win32
		{7F3A8B3B-0C8D-4F1E-9A3E-6D8A9A2E1C21}.Release|ARM.ActiveCfg = Release|ARM
		{7F3A8B3B-0C8D-4F1E-9A3E-6D8A9A2E1C21}.Release|ARM.Build.0 = Release|ARM
		{7F3A8B3B-0C8D-4F1E-9A3E-6D8A9A2E1C21}.Release|x64.ActiveCfg = Release|Win32
		{7F3A8B3B-0C8D-4F1E-9A3E-6D8A9A2E1C21}.Release|x86.ActiveCfg = Release|Win32
		{7F3A8B3B-0C8D-4F1E-9A3E-6D8A9A2E1C21}.Release|x86.Build.0 = Release|Win32
		{7F3A8B3B-0C8D-4F1E-9A3E-6D8A9A2E1C21}.ReleaseRcc|ARM.ActiveCfg = Release|ARM
		{7F3A8B3B-0C8D-4F1E-9A3E-6D8A9A2E1C21}.ReleaseRcc|ARM.Build.0 = Release|ARM
		{7F3A8B3B-0C8D-4F1E-9A3E-6D8A9A2E1C21}.ReleaseRcc|x64.ActiveCfg = Release|Win32
		{7F3A8B3B-0C8D-4F1E-9A3E-6D8A9A2E1C21}.ReleaseRcc|x64.Build.0 = Release|Win32
		{7F3A8B3B-0C8D-4F1E-9A3E-6D8A9A2E1C21}.ReleaseRcc|x86.ActiveCfg = Release|Win32
		{7F3A8B3B-0C8D-4F1E-9A3E-6D8A9A2E1C21}.ReleaseRcc|x86.Build.0 = Release|Win32
		{7F3A8B3B-0C8D-4F1E-9A3E-6D8A9A2E1C21}.ReleaseStudio|ARM.ActiveCfg = Release|ARM
		{7F3A8B3B-0C8D-4F1E-9A3E-6D8A9A2E1C21}.ReleaseStudio|ARM.Build.0 = Release|ARM
		{7F3A8B3B-0C8D-4F1E-9A3E-6D8A9A2E1C21}.ReleaseStudio|x64.ActiveCfg = Release|Win32
		{7F3A8B3B-0C8D-4F1E-9A3E-6D8A9A2E1C21}.ReleaseStudio|x64.Build.0 = Release|Win32
		{7F3A8B3B-0C8D-4F1E-9A3E-6D8A9A2E1C21}.ReleaseStudio|x86.ActiveCfg = Release|Win32
		{7F3A8B3B-0C8D-4F1E-9A3E-6D8A9A2E1C21}.ReleaseStudio|x86.Build.0 = Release|Win32
		{7F3A8B3B-0C8D-4F1E-9A3E-6D8A9A2E1C21}.Store81-ARM|ARM.ActiveCfg = Release|ARM
		{7F3A8B3B-0C8D-4F1E-9A3E-6D8A9A2E1C21}.Store81-ARM|ARM.Build.0 = Release|ARM
		{7F3A8B3B-0C8D-4F1E-9A3E-6D8A9A2E1C21}.Store81-ARM|x64.ActiveCfg = Release|Win32
		{7F3A8B3B-0C8D-4F1E-9A3E-6D8A9A2E1C21}.Store81-ARM|x64.Build.0 = Release|Win32
		{7F3A8B3B-0C8D-4F1E-9A3E-6D8A9A2E1C21}.Store81-ARM|x86.ActiveCfg = Release|Win32
		{7F3A8B3B-0C8D-4F1E-9A3E-6D8A9A2E1C21}.Store81-ARM|x86.Build.0 = Release|Win32
		{7F3A8B3B-0C8D-4F1E-9A3E-6D8A9A2E1C21}.Store81-x64|ARM.ActiveCfg = Release|ARM
		{7F3A8B3B-0C8D-4F1E-9A3E-6D8A9A2E1C21}.Store81-x64|ARM.Build.0 = Release|ARM
		{7F3A8B3B-0C8D-4F1E-9A3E-6D8A9A2E1C21}.Store81-x64|x64.ActiveCfg = Release|Win32
		{7F3A8B3B-0C8D-4F1E-9A3E-6D8A9A2E1C21}.Store81-x64|x64.Build.0 = Release|Win32
		{7F3A8B3B-0C8D-4F1E-9A3E-6D8A9A2E1C21}.Store81-x64|x86.ActiveCfg = Release|Win32
		{7F3A8B3B-0C8D-4F1E-9A3E-6D8A9A2E1C21}.Store81-x64|x86.Build.0 = Release|Win32
		{7F3A8B3B-0C8D-4F1E-9A3E-6D8A9A2E1C21}.Store81-x86|ARM.ActiveCfg = Release|ARM
		{7F3A8B3B-0C8D-4F1E-9A3E-6D8A9A2E1C21}.Store81-x86|ARM.Build.0 = Release|ARM
		{7F3A8B3B-0C8D-4F1E-9A3E-6D8A9A2E1C21}.Store81-x86|x64.ActiveCfg = Release|Win32
		{7F3A8B3B-0C8D-4F1E-9A3E-6D8A9A2E1C21}.Store81-x86|x64.Build.0 = Release|Win32
		{7F3A8B3B-0C8D-4F1E-9A3E-6D8A9A2E1C21}.Store81-x86|x86.ActiveCfg = Release|Win32
		{7F3A8B3B-0C8D-4F1E-9A3E-6D8A9A2E1C21}.Store81-x86|x86.Build.0 = Release|Win32
		{7F3A8B3B-0C8D-4F1E-9A3E-6D8A9A2E1C21}.WP81-ARM|ARM.ActiveCfg = Release|ARM
		{7F3A8B3B-0C8D-4F1E-9A3E-6D8A9A2E1C21}.WP81-ARM|ARM.Build.0 = Release|ARM
		{7F3A8B3B-0C8D-4F1E-9A3E-6D8A9A2E1C21}.WP81-ARM|x64.ActiveCfg = Release|Win32
		{7F3A8B3B-0C8D-4F1E-9A3E-6D8A9A2E1C21}.WP81-ARM|x64.Build.0 = Release|Win32
		{7F3A8B3B-0C8D-4F1E-9A3E-6D8A9A2E1C21}.WP81-ARM|x86.ActiveCfg = Release|Win32
		{7F3A8B3B-0C8D-4F1E-9A3E-6D8A9A2E1C21}.WP81-ARM|x86.Build.0 = Release|Win32
		{7F3A8B3B-0C8D-4F1E-9A3E-6D8A9A2E1C21}.WP81-x86|ARM.ActiveCfg = Release|ARM
		{7F3A8B3B-0C8D-4F1E-9A3E-6D8A9A2E1C21}.WP81-x86|ARM.Build.0 = Release|ARM
		{7F3A8B3B-0C8D-4F1E-9A3E-6D8A9A2E1C21}.WP81-x86|x64.ActiveCfg = Release|Win32
		{7F3A8B3B-0C8D-4F1E-9A3E-6D8A9A2E1C21}.WP81-x86|x64.Build.0 = Release|Win32
		{7F3A8B3B-0C8D-4F1E-9A3E-6D8A9A2E1C21}.WP81-x86|x86.ActiveCfg = Release|Win32
		{7F3A8B3B-0C8D-4F1E-9A3E-6D8A9A2E1C21}.WP81-x86|x86.Build.0 = Release|Win32
		{9E5F0F95-A87E-4F0C-BB21-41C5C0746C43}.Debug|ARM.ActiveCfg = Debug|ARM
		{9E5F0F95-A87E-4F0C-BB21-41C5C0746C43}.Debug|ARM.Build.0 = Debug|ARM
		{9E5F0F95-A87E-4F0C-BB21-41C5C0746C43}.Debug|x64.ActiveCfg = Debug|Win32
		{9E5F0F95-A87E-4F0C-BB21-41C5C0746C43}.Debug|x86.ActiveCfg = Debug|Win32
		{9E5F0F95-A87E-4F0C-BB21-41C5C0746C43}.Debug|x86.Build.0 = Debug|Win32
		{9E5F0F95-A87E-4F0C-BB21-41C5C0746C43}.DebugRcc|ARM.ActiveCfg = Debug|ARM
		{9E5F0F95-A87E-4F0C-BB21-41C5C0746C43}.DebugRcc|ARM.Build.0 = Debug|ARM
		{9E5F0F95-A87E-4F0C-BB21-41C5C0746C43}.DebugRcc|x64.ActiveCfg = Release|Win32
		{9E5F0F95-A87E-4F0C-BB21-41C5C0746C43}.DebugRcc|x64.Build.0 = Release|Win32
		{9E5F0F95-A87E-4F0C-BB21-41C5C0746C43}.DebugRcc|x86.ActiveCfg = Debug|Win32
		{9E5F0F95-A87E-4F0C-BB21-41C5C0746C43}.DebugRcc|x86.Build.0 = Debug|Win32
		{9E5F0F95-A87E-4F0C-BB21-41C5C0746C43}.DebugStudio|ARM.ActiveCfg = Debug|ARM
		{9E5F0F95-A87E-4F0C-BB21-41C5C0746C43}.DebugStudio|ARM.Build.0 = Debug|ARM
		{9E5F0F95-A87E-4F0C-BB21-41C5C0746C43}.DebugStudio|x64.ActiveCfg = Release|Win32
		{9E5F0F95-A87E-4F0C-BB21-41C5C0746C43}.DebugStudio|x64.Build.0 = Release|Win32
		{9E5F0F95-A87E-4F0C-BB21-41C5C0746C43}.DebugStudio|x86.ActiveCfg = Debug|Win32
		{9E5F0F95-A87E-4F0C-BB21-41C5C0746C43}.DebugStudio|x86.Build.0 = Debug|Win32
		{9E5F0F95-A87E-4F0C-BB21-41C5C0746C43}.Release|ARM.ActiveCfg = Release|ARM
		{9E5F0F95-A87E-4F0C-BB21-41C5C0746C43}.Release|ARM.Build.0 = Release|ARM
		{9E5F0F95-A87E-4F0C-BB21-41C5C0746C43}.Release|x64.ActiveCfg = Release|Win32
		{9E5F0F95-A87E-4F0C-BB21-41C5C0746C43}.Release|x86.ActiveCfg = Release|Win32
		{9E5F0F95-A87E-4F0C-BB21-41C5C0746C43}.Release|x86.Build.0 = Release|Win32
		{9E5F0F95-A87E-4F0C-BB21-41C5C0746C43}.ReleaseRcc|ARM.ActiveCfg = Release|ARM
		{9E5F0F95-A87E-4F0C-BB21-41C5C0746C43}.ReleaseRcc|ARM.Build.0 = Release|ARM
		{9E5F0F95-A87E-4F0C-BB21-41C5C0746C43}.ReleaseRcc|x64.ActiveCfg = Release|Win32
		{9E5F0F95-A87E-4F0C-BB21-41C5C0746C43}.ReleaseRcc|x64.Build.0 = Release|Win32
		{9E5F0F95-A87E-4F0C-BB21-41C5C0746C43}.ReleaseRcc|x86.ActiveCfg = Release|Win32
		{9E5F0F95-A87E-4F0C-BB21-41C5C0746C43}.ReleaseRcc|x86.Build.0 = Release|Win32
		{9E5F0F95-A87E-4F0C-BB21-41C5C0746C43}.ReleaseStudio|ARM.ActiveCfg = Release|ARM
		{9E5F0F95-A87E-4F0C-BB21-41C5C0746C43}.ReleaseStudio|ARM.Build.0 = Release|ARM
		{9E5F0F95-A87E-4F0C-BB21-41C5C0746C43}.ReleaseStudio|x64.ActiveCfg = Release|Win32
		{9E5F0F95-A87E-4F0C-BB21-41C5C0746C43}.ReleaseStudio|x64.Build.0 = Release|Win32
		{9E5F0F95-A87E-4F0C-BB21-41C5C0746C43}.ReleaseStudio|x86.ActiveCfg = Release|Win32
		{9E5F0F95-A87E-4F0C-BB21-41C5C0746C43}.ReleaseStudio|x86.Build.0 = Release|Win32
		{9E5F0F95-A87E-4F0C-BB21-41C5C0746C43}.Store81-ARM|ARM.ActiveCfg = Release|ARM
		{9E5F0F95-A87E-4F0C-BB21-41C5C0746C43}.Store81-ARM|ARM.Build.0 = Release|ARM
		{9E5F0F95-A87E-4F0C-BB21-41C5C0746C43}.Store81-ARM|x64.ActiveCfg = Release|Win32
		{9E5F0F95-A87E-4F0C-BB21-41C5C0746C43}.Store81-ARM|x64.Build.0 = Release|Win32
		{9E5F0F95-A87E-4F0C-BB21-41C5C0746C43}.Store81-ARM|x86.ActiveCfg = Release|Win32
		{9E5F0F95-A87E-4F0C-BB21-41C5C0746C43}.Store81-ARM|x86.Build.0 = Release|Win32
		{9E5F0F95-A87E-4F0C-BB21-41C5C0746C43}.Store81-x64|ARM.ActiveCfg = Release|ARM
		{9E5F0F95-A87E-4F0C-BB21-41C5C0746C43}.Store81-x64|ARM.Build.0 = Release|ARM
		{9E5F0F95-A87E-4F0C-BB21-41C5C0746C43}.Store81-x64|x64.ActiveCfg = Release|Win32
		{9E5F0F95-A87E-4F0C-BB21-41C5C0746C43}.Store81-x64|x64.Build.0 = Release|Win32
		{9E5F0F95-A87E-4F0C-BB21-41C5C0746C43}.Store81-x64|x86.ActiveCfg = Release|Win32
		{9E5F0F95-A87E-4F0C-BB21-41C5C0746C43}.Store81-x64|x86.Build.0 = Release|Win32
		{9E5F0F95-A87E-4F0C-BB21-41C5C0746C43}.Store81-x86|ARM.ActiveCfg = Release|ARM
		{9E5F0F95-A87E-4F0C-BB21-41C5C0746C43}.Store81-x86|ARM.Build.0 = Release|ARM
		{9E5F0F95-A87E-4F0C-BB21-41C5C0746C43}.Store81-x86|x64.ActiveCfg = Release|Win32
		{9E5F0F95-A87E-4F0C-BB21-41C5C0746C43}.Store81-x86|x64.Build.0 = Release|Win32
		{9E5F0F95-A87E-4F0C-BB21-41C5C0746C43}.Store81-x86|x86.ActiveCfg = Release|Win32
		{9E5F0F95-A87E-4F0C-BB21-41C5C0746C43}.Store81-x86|x86.Build.0 = Release|Win32
		{9E5F0F95-A87E-4F0C-BB21-41C5C0746C43}.WP81-ARM|ARM.ActiveCfg = Release|ARM
		{9E5F0F95-A87E-4F0C-BB21-41C5C0746C43}.WP81-ARM|ARM.Build.0 = Release|ARM
		{9E5F0F95-A87E-4F0C-BB21-41C5C0746C43}.WP81-ARM|x64.ActiveCfg = Release|Win32
		{9E5F0F95-A87E-4F0C-BB21-41C5C0746C43}.WP81-ARM|x64.Build.0 = Release|Win32
		{9E5F0F95-A87E-4F0C-BB21-41C5C0746C43}.WP81-ARM|x86.ActiveCfg = Release|Win32
		{9E5F0F95-A87E-4F0C-BB21-41C5C0746C43}.WP81-ARM|x86.Build.0 = Release|Win32
		{9E5F0F95-A87E-4F0C-BB21-41C5C0746C43}.WP81-x86|ARM.ActiveCfg = Release|ARM
		{9E5F0F95-A87E-4F0C-BB21-41C5C0746C43}.WP81-x86|ARM.Build.0 = Release|ARM
		{9E5F0F95-A87E-4F0C-BB21-41C5C0746C43}.WP81-x86|x64.ActiveCfg = Release|Win32
		{9E5F0F95-A87E-4F0C-BB21-41C5C0746C43}.WP81-x86|x64.Build.0 = Release|Win32
		{9E5F0F95-A87E-4F0C-BB21-41C5C0746C43}.WP81-x86|x86.ActiveCfg = Release|Win32
		{9E5F0F95-A87E-4F0C-BB21-41C5C0746C43}.WP81-x86|x86.Build.0 = Release|Win32
		{E8E1B1C3-9D98-4D1F-8C43-7F2B0D6C8A21}.Debug|ARM.ActiveCfg = Debug|ARM
		{E8E1B1C3-9D98-4D1F-8C43-7F2B0D6C8A21}.Debug|ARM.Build.0 = Debug|ARM
		{E8E1B1C3-9D98-4D1F-8C43-7F2B0D6C8A21}.Debug|x64.ActiveCfg = Debug|Win32
		{E8E1B1C3-9D98-4D1F-8C43-7F2B0D6C8A21}.Debug|x86.ActiveCfg = Debug|Win32
		{E8E1B1C3-9D98-4D1F-8C43-7F2B0D6C8A21}.Debug|x86.Build.0 = Debug|Win32
		{E8E1B1C3-9D98-4D1F-8C43-7F2B0D6C8A21}.DebugRcc|ARM.ActiveCfg = Debug|ARM
		{E8E1B1C3-9D98-4D1F-8C43-7F2B0D6C8A21}.DebugRcc|ARM.Build.0 = Debug|ARM
		{E8E1B1C3-9D98-4D1F-8C43-7F2B0D6C8A21}.DebugRcc|x64.ActiveCfg = Release|Win32
		{E8E1B1C3-9D98-4D1F-8C43-7F2B0D6C8A21}.DebugRcc|x64.Build.0 = Release|Win32
		{E8E1B1C3-9D98-4D1F-8C43-7F2B0D6C8A21}.DebugRcc|x86.ActiveCfg = Debug|Win32
		{E8E1B1C3-9D98-4D1F-8C43-7F2B0D6C8A21}.DebugRcc|x86.Build.0 = Debug|Win32
		{E8E1B1C3-9D98-4D1F-8C43-7F2B0D6C8A21}.DebugStudio|ARM.ActiveCfg = Debug|ARM
		{E8E1B1C3-9D98-4D1F-8C43-7F2B0D6C8A21}.DebugStudio|ARM.Build.0 = Debug|ARM
		{E8E1B1C3-9D98-4D1F-8C43-7F2B0D6C8A21}.DebugStudio|x64.ActiveCfg = Release|Win32
		{E8E1B1C3-9D98-4D1F-8C43-7F2B0D6C8A21}.DebugStudio|x64.Build.0 = Release|Win32
		{E8E1B1C3-9D98-4D1F-8C43-7F2B0D6C8A21}.DebugStudio|x86.ActiveCfg = Debug|Win32
		{E8E1B1C3-9D98-4D1F-8C43-7F2B0D6C8A21}.DebugStudio|x86.Build.0 = Debug|Win32
		{E8E1B1C3-9D98-4D1F-8C43-7F2B0D6C8A21}.Release|ARM.ActiveCfg = Release|ARM
		{E8E1B1C3-9D98-4D1F-8C43-7F2B0D6C8A21}.Release|ARM.Build.0 = Release|ARM
		{E8E1B1C3-9D98-4D1F-8C43-7F2B0D6C8A21}.Release|x64.ActiveCfg = Release|Win32
		{E8E1B1C3-9D98-4D1F-8C43-7F2B0D6C8A21}.Release|x86.ActiveCfg = Release|Win32
		{E8E1B1C3-9D98-4D1F-8C43-7F2B0D6C8A21}.Release|x86.Build.0 = Release|Win32
		{E8E1B1C3-9D98-4D1F-8C43-7F2B0D6C8A21}.ReleaseRcc|ARM.ActiveCfg = Release|ARM
		{E8E1B1C3-9D98-4D1F-8C43-7F2B0D6C8A21}.ReleaseRcc|ARM.Build.0 = Release|ARM
		{E8E1B1C3-9D98-4D1F-8C43-7F2B0D6C8A21}.ReleaseRcc|x64.ActiveCfg = Release|Win32
		{E8E1B1C3-9D98-4D1F-8C43-7F2B0D6C8A21}.ReleaseRcc|x64.Build.0 = Release|Win32
		{E8E1B1C3-9D98-4D1F-8C43-7F2B0D6C8A21}.ReleaseRcc|x86.ActiveCfg = Release|Win32
		{E8E1B1C3-9D98-4D1F-8C43-7F2B0D6C8A21}.ReleaseRcc|x86.Build.0 = Release|Win32
		{E8E1B1C3-9D98-4D1F-8C43-7F2B0D6C8A21}.ReleaseStudio|ARM.ActiveCfg = Release|ARM
		{E8E1B1C3-9D98-4D1F-8C43-7F2B0D6C8A21}.ReleaseStudio|ARM.Build.0 = Release|ARM
		{E8E1B1C3-9D98-4D1F-8C43-7F2B0D6C8A21}.ReleaseStudio|x64.ActiveCfg = Release|Win32
		{E8E1B1C3-9D98-4D1F-8C43-7F2B0D6C8A21}.ReleaseStudio|x64.Build.0 = Release|Win32
		{E8E1B1C3-9D98-4D1F-8C43-7F2B0D6C8A21}.ReleaseStudio|x86.ActiveCfg = Release|Win32
		{E8E1B1C3-9D98-4D1F-8C43-7F2B0D6C8A21}.ReleaseStudio|x86.Build.0 = Release|Win32
		{E8E1B1C3-9D98-4D1F-8C43-7F2B0D6C8A21}.Store81-ARM|ARM.ActiveCfg = Release|ARM
		{E8E1B1C3-9D98-4D1F-8C43-7F2B0D6C8A21}.Store81-ARM|ARM.Build.0 = Release|ARM
		{E8E1B1C3-9D98-4D1F-8C43-7F2B0D6C8A21}.Store81-ARM|x64.ActiveCfg = Release|Win32
		{E8E1B1C3-9D98-4D1F-8C43-7F2B0D6C8A21}.Store81-ARM|x64.Build.0 = Release|Win32
		{E8E1B1C3-9D98-4D1F-8C43-7F2B0D6C8A21}.Store81-ARM|x86.ActiveCfg = Release|Win32
		{E8E1B1C3-9D98-4D1F-8C43-7F2B0D6C8A21}.Store81-ARM|x86.Build.0 = Release|Win32
		{E8E1B1C3-9D98-4D1F-8C43-7F2B0D6C8A21}.Store81-x64|ARM.ActiveCfg = Release|ARM
		{E8E1B1C3-9D98-4D1F-8C43-7F2B0D6C8A21}.Store81-x64|ARM.Build.0 = Release|ARM
		{E8E1B1C3-9D98-4D1F-8C43-7F2B0D6C8A21}.Store81-x64|x64.ActiveCfg = Release|Win32
		{E8E1B1C3-9D98-4D1F-8C43-7F2B0D6C8A21}.Store81-x64|x64.Build.0 = Release|Win32
		{E8E1B1C3-9D98-4D1F-8C43-7F2B0D6C8A21}.Store81-x64|x86.ActiveCfg = Release|Win32
		{E8E1B1C3-9D98-4D1F-8C43-7F2B0D6C8A21}.Store81-x64|x86.Build.0 = Release|Win32
		{E8E1B1C3-9D98-4D1F-8C43-7F2B0D6C8A21}.Store81-x86|ARM.ActiveCfg = Release|ARM
		{E8E1B1C3-9D98-4D1F-8C43-7F2B0D6C8A21}.Store81-x86|ARM.Build.0 = Release|ARM
		{E8E1B1C3-9D98-4D1F-8C43-7F2B0D6C8A21}.Store81-x86|x64.ActiveCfg = Release|Win32
		{E8E1B1C3-9D98-4D1F-8C43-7F2B0D6C8A21}.Store81-x86|x64.Build.0 = Release|Win32
		{E8E1B1C3-9D98-4D1F-8C43-7F2B0D6C8A21}.Store81-x86|x86.ActiveCfg = Release|Win32
		{E8E1B1C3-9D98-4D1F-8C43-7F2B0D6C8A21}.Store81-x86|x86.Build.0 = Release|Win32
		{E8E1B1C3-9D98-4D1F-8C43-7F2B0D6C8A21}.WP81-ARM|ARM.ActiveCfg = Release|ARM
		{E8E1B1C3-9D98-4D1F-8C43-7F2B0D6C8A21}.WP81-ARM|ARM.Build.0 = Release|ARM
		{E8E1B1C3-9D98-4D1F-8C43-7F2B0D6C8A21}.WP81-ARM|x64.ActiveCfg = Release|Win32
		{E8E1B1C3-9D98-4D1F-8C43-7F2B0D6C8A21}.WP81-ARM|x64.Build.0 = Release|Win32
		{E8E1B1C3-9D98-4D1F-8C43-7F2B0D6C8A21}.WP81-ARM|x86.ActiveCfg = Release|Win32
		{E8E1B1C3-9D98-4D1F-8C43-7F2B0D6C8A21}.WP81-ARM|x86.Build.0 = Release|Win32
		{E8E1B1C3-9D98-4D1F-8C43-7F2B0D6C8A21}.WP81-x86|ARM.ActiveCfg = Release|ARM
		{E8E1B1C3-9D98-4D1F-8C43-7F2B0D6C8A21}.WP81-x86|ARM.Build.0 = Release|ARM
		{E8E1B1C3-9D98-4D1F-8C43-7F2B0D6C8A21}.WP81-x86|x64.ActiveCfg = Release|Win32
		{E8E1B1C3-9D98-4D1F-8C43-7F2B0D6C8A21}.WP81-x86|x64.Build.0 = Release|Win32
		{E8E1B1C3-9D98-4D1F-8C43-7F2B0D6C8A21}.WP81-x86|x86.ActiveCfg = Release|Win32
		{E8E1B1C3-9D98-4D1F-8C43-7F2B0D6C8A21}.WP81-x86|x86.Build.0 = Release|Win32
		{E7B6C5F2-2F3E-4F0E-B5E0-3B9E8F5D9B10}.Debug|ARM.ActiveCfg = Debug|ARM
		{E7B6C5F2-2F3E-4F0E-B5E0-3B9E8F5D9B10}.Debug|ARM.Build.0 = Debug|ARM
		{E7B6C5F2-2F3E-4F0E-B5E0-3B9E8F5D9B10}.Debug|x64.ActiveCfg = Debug|Win32
		{E7B6C5F2-2F3E-4F0E-B5E0-3B9E8F5D9B10}.Debug|x86.ActiveCfg = Debug|Win32
		{E7B6C5F2-2F3E-4F0E-B5E0-3B9E8F5D9B10}.Debug|x86.Build.0 = Debug|Win32
		{E7B6C5F2-2F3E-4F0E-B5E0-3B9E8F5D9B10}.DebugRcc|ARM.ActiveCfg = Debug|ARM
		{E7B6C5F2-2F3E-4F0E-B5E0-3B9E8F5D9B10}.DebugRcc|ARM.Build.0 = Debug|ARM
		{E7B6C5F2-2F3E-4F0E-B5E0-3B9E8F5D9B10}.DebugRcc|x64.ActiveCfg = Release|Win32
		{E7B6C5F2-2F3E-4F0E-B5E0-3B9E8F5D9B10}.DebugRcc|x64.Build.0 = Release|Win32
		{E7B6C5F2-2F3E-4F0E-B5E0-3B9E8F5D9B10}.DebugRcc|x86.ActiveCfg = Debug|Win32
		{E7B6C5F2-2F3E-4F0E-B5E0-3B9E8F5D9B10}.DebugRcc|x86.Build.0 = Debug|Win32
		{E7B6C5F2-2F3E-4F0E-B5E0-3B9E8F5D9B10}.DebugStudio|ARM.ActiveCfg = Debug|ARM
		{E7B6C5F2-2F3E-4F0E-B5E0-3B9E8F5D9B10}.DebugStudio|ARM.Build.0 = Debug|ARM
		{E7B6C5F2-2F3E-4F0E-B5E0-3B9E8F5D9B10}.DebugStudio|x64.ActiveCfg = Release|Win32
		{E7B6C5F2-2F3E-4F0E-B5E0-3B9E8F5D9B10}.DebugStudio|x64.Build.0 = Release|Win32
		{E7B6C5F2-2F3E-4F0E-B5E0-3B9E8F5D9B10}.DebugStudio|x86.ActiveCfg = Debug|Win32
		{E7B6C5F2-2F3E-4F0E-B5E0-3B9E8F5D9B10}.DebugStudio|x86.Build.0 = Debug|Win32
		{E7B6C5F2-2F3E-4F0E-B5E0-3B9E8F5D9B10}.Release|ARM.ActiveCfg = Release|ARM
		{E7B6C5F2-2F3E-4F0E-B5E0-3B9E8F5D9B10}.Release|ARM.Build.0 = Release|ARM
		{E7B6C5F2-2F3E-4F0E-B5E0-3B9E8F5D9B10}.Release|x64.ActiveCfg = Release|Win32
		{E7B6C5F2-2F3E-4F0E-B5E0-3B9E8F5D9B10}.Release|x86.ActiveCfg = Release|Win32
		{E7B6C5F2-2F3E-4F0E-B5E0-3B9E8F5D9B10}.Release|x86.Build.0 = Release|Win32
		{E7B6C5F2-2F3E-4F0E-B5E0-3B9E8F5D9B10}.ReleaseRcc|ARM.ActiveCfg = Release|ARM
		{E7B6C5F2-2F3E-4F0E-B5E0-3B9E8F5D9B10}.ReleaseRcc|ARM.Build.0 = Release|ARM
		{E7B6C5F2-2F3E-4F0E-B5E0-3B9E8F5D9B10}.ReleaseRcc|x64.ActiveCfg = Release|Win32
		{E7B6C5F2-2F3E-4F0E-B5E0-3B9E8F5D9B10}.ReleaseRcc|x64.Build.0 = Release|Win32
		{E7B6C5F2-2F3E-4F0E-B5E0-3B9E8F5D9B10}.ReleaseRcc|x86.ActiveCfg = Release|Win32
		{E7B6C5F2-2F3E-4F0E-B5E0-3B9E8F5D9B10}.ReleaseRcc|x86.Build.0 = Release|Win32
		{E7B6C5F2-2F3E-4F0E-B5E0-3B9E8F5D9B10}.ReleaseStudio|ARM.ActiveCfg = Release|ARM
		{E7B6C5F2-2F3E-4F0E-B5E0-3B9E8F5D9B10}.ReleaseStudio|ARM.Build.0 = Release|ARM
		{E7B6C5F2-2F3E-4F0E-B5E0-3B9E8F5D9B10}.ReleaseStudio|x64.ActiveCfg = Release|Win32
		{E7B6C5F2-2F3E-4F0E-B5E0-3B9E8F5D9B10}.ReleaseStudio|x64.Build.0 = Release|Win32
		{E7B6C5F2-2F3E-4F0E-B5E0-3B9E8F5D9B10}.ReleaseStudio|x86.ActiveCfg = Release|Win32
		{E7B6C5F2-2F3E-4F0E-B5E0-3B9E8F5D9B10}.ReleaseStudio|x86.Build.0 = Release|Win32
		{E7B6C5F2-2F3E-4F0E-B5E0-3B9E8F5D9B10}.Store81-ARM|ARM.ActiveCfg = Release|ARM
		{E7B6C5F2-2F3E-4F0E-B5E0-3B9E8F5D9B10}.Store81-ARM|ARM.Build.0 = Release|ARM
		{E7B6C5F2-2F3E-4F0E-B5E0-3B9E8F5D9B10}.Store81-ARM|x64.ActiveCfg = Release|Win32
		{E7B6C5F2-2F3E-4F0E-B5E0-3B9E8F5D9B10}.Store81-ARM|x64.Build.0 = Release|Win32
		{E7B6C5F2-2F3E-4F0E-B5E0-3B9E8F5D9B10}.Store81-ARM|x86.ActiveCfg = Release|Win32
		{E7B6C5F2-2F3E-4F0E-B5E0-3B9E8F5D9B10}.Store81-ARM|x86.Build.0 = Release|Win32
		{E7B6C5F2-2F3E-4F0E-B5E0-3B9E8F5D9B10}.Store81-x64|ARM.ActiveCfg = Release|ARM
		{E7B6C5F2-2F3E-4F0E-B5E0-3B9E8F5D9B10}.Store81-x64|ARM.Build.0 = Release|ARM
		{E7B6C5F2-2F3E-4F0E-B5E0-3B9E8F5D9B10}.Store81-x64|x64.ActiveCfg = Release|Win32
		{E7B6C5F2-2F3E-4F0E-B5E0-3B9E8F5D9B10}.Store81-x64|x64.Build.0 = Release|Win32
		{E7B6C5F2-2F3E-4F0E-B5E0-3B9E8F5D9B10}.Store81-x64|x86.ActiveCfg = Release|Win32
		{E7B6C5F2-2F3E-4F0E-B5E0-3B9E8F5D9B10}.Store81-x64|x86.Build.0 = Release|Win32
		{E7B6C5F2-2F3E-4F0E-B5E0-3B9E8F5D9B10}.Store81-x86|ARM.ActiveCfg = Release|ARM
		{E7B6C5F2-2F3E-4F0E-B5E0-3B9E8F5D9B10}.Store81-x86|ARM.Build.0 = Release|ARM
		{E7B6C5F2-2F3E-4F0E-B5E0-3B9E8F5D9B10}.Store81-x86|x64.ActiveCfg = Release|Win32
		{E7B6C5F2-2F3E-4F0E-B5E0-3B9E8F5D9B10}.Store81-x86|x64.Build.0 = Release|Win32
		{E7B6C5F2-2F3E-4F0E-B5E0-3B9E8F5D9B10}.Store81-x86|x86.ActiveCfg = Release|Win32
		{E7B6C5F2-2F3E-4F0E-B5E0-3B9E8F5D9B10}.Store81-x86|x86.Build.0 = Release|Win32
		{E7B6C5F2-2F3E-4F0E-B5E0-3B9E8F5D9B10}.WP81-ARM|ARM.ActiveCfg = Release|ARM
		{E7B6C5F2-2F3E-4F0E-B5E0-3B9E8F5D9B10}.WP81-ARM|ARM.Build.0 = Release|ARM
		{E7B6C5F2-2F3E-4F0E-B5E0-3B9E8F5D9B10}.WP81-ARM|x64.ActiveCfg = Release|Win32
		{E7B6C5F2-2F3E-4F0E-B5E0-3B9E8F5D9B10}.WP81-ARM|x64.Build.0 = Release|Win32
		{E7B6C5F2-2F3E-4F0E-B5E0-3B9E8F5D9B10}.WP81-ARM|x86.ActiveCfg = Release|Win32
		{E7B6C5F2-2F3E-4F0E-B5E0-3B9E8F5D9B10}.WP81-ARM|x86.Build.0 = Release|Win32
		{E7B6C5F2-2F3E-4F0E-B5E0-3B9E8F5D9B10}.WP81-x86|ARM.ActiveCfg = Release|ARM
		{E7B6C5F2-2F3E-4F0E-B5E0-3B9E8F5D9B10}.WP81-x86|ARM.Build.0 = Release|ARM
		{E7B6C5F2-2F3E-4F0E-B5E0-3B9E8F5D9B10}.WP81-x86|x64.ActiveCfg = Release|Win32
		{E7B6C5F2-2F3E-4F0E-B5E0-3B9E8F5D9B10}.WP81-x86|x64.Build.0 = Release|Win32
		{E7B6C5F2-2F3E-4F0E-B5E0-3B9E8F5D9B10}.WP81-x86|x86.ActiveCfg = Release|Win32
		{E7B6C5F2-2F3E-4F0E-B5E0-3B9E8F5D9B10}.WP81-x86|x86.Build.0 = Release|Win32
		{8ACF6C0E-5F74-4C8E-9E8D-2C2F27B3F1C0}.Debug|ARM.ActiveCfg = Debug|ARM
		{8ACF6C0E-5F74-4C8E-9E8D-2C2F27B3F1C0}.Debug|ARM.Build.0 = Debug|ARM
		{8ACF6C0E-5F74-4C8E-9E8D-2C2F27B3F1C0}.Debug|x64.ActiveCfg = Debug|Win32
		{8ACF6C0E-5F74-4C8E-9E8D-2C2F27B3F1C0}.Debug|x86.ActiveCfg = Debug|Win32
		{8ACF6C0E-5F74-4C8E-9E8D-2C2F27B3F1C0}.Debug|x86.Build.0 = Debug|Win32
		{8ACF6C0E-5F74-4C8E-9E8D-2C2F27B3F1C0}.DebugRcc|ARM.ActiveCfg = Debug|ARM
		{8ACF6C0E-5F74-4C8E-9E8D-2C2F27B3F1C0}.DebugRcc|ARM.Build.0 = Debug|ARM
		{8ACF6C0E-5F74-4C8E-9E8D-2C2F27B3F1C0}.DebugRcc|x64.ActiveCfg = Release|Win32
		{8ACF6C0E-5F74-4C8E-9E8D-2C2F27B3F1C0}.DebugRcc|x64.Build.0 = Release|Win32
		{8ACF6C0E-5F74-4C8E-9E8D-2C2F27B3F1C0}.DebugRcc|x86.ActiveCfg = Debug|Win32
		{8ACF6C0E-5F74-4C8E-9E8D-2C2F27B3F1C0}.DebugRcc|x86.Build.0 = Debug|Win32
		{8ACF6C0E-5F74-4C8E-9E8D-2C2F27B3F1C0}.DebugStudio|ARM.ActiveCfg = Debug|ARM
		{8ACF6C0E-5F74-4C8E-9E8D-2C2F27B3F1C0}.DebugStudio|ARM.Build.0 = Debug|ARM
		{8ACF6C0E-5F74-4C8E-9E8D-2C2F27B3F1C0}.DebugStudio|x64.ActiveCfg = Release|Win32
		{8ACF6C0E-5F74-4C8E-9E8D-2C2F27B3F1C0}.DebugStudio|x64.Build.0 = Release|Win32
		{8ACF6C0E-5F74-4C8E-9E8D-2C2F27B3F1C0}.DebugStudio|x86.ActiveCfg = Debug|Win32
		{8ACF6C0E-5F74-4C8E-9E8D-2C2F27B3F1C0}.DebugStudio|x86.Build.0 = Debug|Win32
		{8ACF6C0E-5F74-4C8E-9E8D-2C2F27B3F1C0}.Release|ARM.ActiveCfg = Release|ARM
		{8ACF6C0E-5F74-4C8E-9E8D-2C2F27B3F1C0}.Release|ARM.Build.0 = Release|ARM
		{8ACF6C0E-5F74-4C8E-9E8D-2C2F27B3F1C0}.Release|x64.ActiveCfg = Release|Win32
		{8ACF6C0E-5F74-4C8E-9E8D-2C2F27B3F1C0}.Release|x86.ActiveCfg = Release|Win32
		{8ACF6C0E-5F74-4C8E-9E8D-2C2F27B3F1C0}.Release|x86.Build.0 = Release|Win32
		{8ACF6C0E-5F74-4C8E-9E8D-2C2F27B3F1C0}.ReleaseRcc|ARM.ActiveCfg = Release|ARM
		{8ACF6C0E-5F74-4C8E-9E8D-2C2F27B3F1C0}.ReleaseRcc|ARM.Build.0 = Release|ARM
		{8ACF6C0E-5F74-4C8E-9E8D-2C2F27B3F1C0}.ReleaseRcc|x64.ActiveCfg = Release|Win32
		{8ACF6C0E-5F74-4C8E-9E8D-2C2F27B3F1C0}.ReleaseRcc|x64.Build.0 = Release|Win32
		{8ACF6C0E-5F74-4C8E-9E8D-2C2F27B3F1C0}.ReleaseRcc|x86.ActiveCfg = Release|Win32
		{8ACF6C0E-5F74-4C8E-9E8D-2C2F27B3F1C0}.ReleaseRcc|x86.Build.0 = Release|Win32
		{8ACF6C0E-5F74-4C8E-9E8D-2C2F27B3F1C0}.ReleaseStudio|ARM.ActiveCfg = Release|ARM
		{8ACF6C0E-5F74-4C8E-9E8D-2C2F27B3F1C0}.ReleaseStudio|ARM.Build.0 = Release|ARM
		{8ACF6C0E-5F74-4C8E-9E8D-2C2F27B3F1C0}.ReleaseStudio|x64.ActiveCfg = Release|Win32
		{8ACF6C0E-5F74-4C8E-9E8D-2C2F27B3F1C0}.ReleaseStudio|x64.Build.0 = Release|Win32
		{8ACF6C0E-5F74-4C8E-9E8D-2C2F27B3F1C0}.ReleaseStudio|x86.ActiveCfg = Release|Win32
		{8ACF6C0E-5F74-4C8E-9E8D-2C2F27B3F1C0}.ReleaseStudio|x86.Build.0 = Release|Win32
		{8ACF6C0E-5F74-4C8E-9E8D-2C2F27B3F1C0}.Store81-ARM|ARM.ActiveCfg = Release|ARM
		{8ACF6C0E-5F74-4C8E-9E8D-2C2F27B3F1C0}.Store81-ARM|ARM.Build.0 = Release|ARM
		{8ACF6C0E-5F74-4C8E-9E8D-2C2F27B3F1C0}.Store81-ARM|x64.ActiveCfg = Release|Win32
		{8ACF6C0E-5F74-4C8E-9E8D-2C2F27B3F1C0}.Store81-ARM|x64.Build.0 = Release|Win32
		{8ACF6C0E-5F74-4C8E-9E8D-2C2F27B3F1C0}.Store81-ARM|x86.ActiveCfg = Release|Win32
		{8ACF6C0E-5F74-4C8E-9E8D-2C2F27B3F1C0}.Store81-ARM|x86.Build.0 = Release|Win32
		{8ACF6C0E-5F74-4C8E-9E8D-2C2F27B3F1C0}.Store81-x64|ARM.ActiveCfg = Release|ARM
		{8ACF6C0E-5F74-4C8E-9E8D-2C2F27B3F1C0}.Store81-x64|ARM.Build.0 = Release|ARM
		{8ACF6C0E-5F74-4C8E-9E8D-2C2F27B3F1C0}.Store81-x64|x64.ActiveCfg = Release|Win32
		{8ACF6C0E-5F74-4C8E-9E8D-2C2F27B3F1C0}.Store81-x64|x64.Build.0 = Release|Win32
		{8ACF6C0E-5F74-4C8E-9E8D-2C2F27B3F1C0}.Store81-x64|x86.ActiveCfg = Release|Win32
		{8ACF6C0E-5F74-4C8E-9E8D-2C2F27B3F1C0}.Store81-x64|x86.Build.0 = Release|Win32
		{8ACF6C0E-5F74-4C8E-9E8D-2C2F27B3F1C0}.Store81-x86|ARM.ActiveCfg = Release|ARM
		{8ACF6C0E-5F74-4C8E-9E8D-2C2F27B3F1C0}.Store81-x86|ARM.Build.0 = Release|ARM
		{8ACF6C0E-5F74-4C8E-9E8D-2C2F27B3F1C0}.Store81-x86|x64.ActiveCfg = Release|Win32
		{8ACF6C0E-5F74-4C8E-9E8D-2C2F27B3F1C0}.Store81-x86|x64.Build.0 = Release|Win32
		{8ACF6C0E-5F74-4C8E-9E8D-2C2F27B3F1C0}.Store81-x86|x86.ActiveCfg = Release|Win32
		{8ACF6C0E-5F74-4C8E-9E8D-2C2F27B3F1C0}.Store81-x86|x86.Build.0 = Release|Win32
		{8ACF6C0E-5F74-4C8E-9E8D-2C2F27B3F1C0}.WP81-ARM|ARM.ActiveCfg = Release|ARM
		{8ACF6C0E-5F74-4C8E-9E8D-2C2F27B3F1C0}.WP81-ARM|ARM.Build.0 = Release|ARM
		{8ACF6C0E-5F74-4C8E-9E8D-2C2F27B3F1C0}.WP81-ARM|x64.ActiveCfg = Release|Win32
		{8ACF6C0E-5F74-4C8E-9E8D-2C2F27B3F1C0}.WP81-ARM|x64.Build.0 = Release|Win32
		{8ACF6C0E-5F74-4C8E-9E8D-2C2F27B3F1C0}.WP81-ARM|x86.ActiveCfg = Release|Win32
		{8ACF6C0E-5F74-4C8E-9E8D-2C2F27B3F1C0}.WP81-ARM|x86.Build.0 = Release|Win32
		{8ACF6C0E-5F74-4C8E-9E8D-2C2F27B3F1C0}.WP81-x86|ARM.ActiveCfg = Release|ARM
		{8ACF6C0E-5F74-4C8E-9E8D-2C2F27B3F1C0}.WP81-x86|ARM.Build.0 = Release|ARM
		{8ACF6C0E-5F74-4C8E-9E8D-2C2F27B3F1C0}.WP81-x86|x64.ActiveCfg = Release|Win32
		{8ACF6C0E-5F74-4C8E-9E8D-2C2F27B3F1C0}.WP81-x86|x64.Build.0 = Release|Win32
		{8ACF6C0E-5F74-4C8E-9E8D-2C2F27B3F1C0}.WP81-x86|x86.ActiveCfg = Release|Win32
		{8ACF6C0E-5F74-4C8E-9E8D-2C2F27B3F1C0}.WP81-x86|x86.Build.0 = Release|Win32
		{5A7B3F82-C3A1-4A0D-90A9-1F21B3E7D4B2}.Debug|ARM.ActiveCfg = Debug|ARM
		{5A7B3F82-C3A1-4A0D-90A9-1F21B3E7D4B2}.Debug|ARM.Build.0 = Debug|ARM
		{5A7B3F82-C3A1-4A0D-90A9-1F21B3E7D4B2}.Debug|x64.ActiveCfg = Debug|Win32
		{5A7B3F82-C3A1-4A0D-90A9-1F21B3E7D4B2}.Debug|x86.ActiveCfg = Debug|Win32
		{5A7B3F82-C3A1-4A0D-90A9-1F21B3E7D4B2}.Debug|x86.Build.0 = Debug|Win32
		{5A7B3F82-C3A1-4A0D-90A9-1F21B3E7D4B2}.DebugRcc|ARM.ActiveCfg = Debug|ARM
		{5A7B3F82-C3A1-4A0D-90A9-1F21B3E7D4B2}.DebugRcc|ARM.Build.0 = Debug|ARM
		{5A7B3F82-C3A1-4A0D-90A9-1F21B3E7D4B2}.DebugRcc|x64.ActiveCfg = Release|Win32
		{5A7B3F82-C3A1-4A0D-90A9-1F21B3E7D4B2}.DebugRcc|x64.Build.0 = Release|Win32
		{5A7B3F82-C3A1-4A0D-90A9-1F21B3E7D4B2}.DebugRcc|x86.ActiveCfg = Debug|Win32
		{5A7B3F82-C3A1-4A0D-90A9-1F21B3E7D4B2}.DebugRcc|x86.Build.0 = Debug|Win32
		{5A7B3F82-C3A1-4A0D-90A9-1F21B3E7D4B2}.DebugStudio|ARM.ActiveCfg = Debug|ARM
		{5A7B3F82-C3A1-4A0D-90A9-1F21B3E7D4B2}.DebugStudio|ARM.Build.0 = Debug|ARM
		{5A7B3F82-C3A1-4A0D-90A9-1F21B3E7D4B2}.DebugStudio|x64.ActiveCfg = Release|Win32
		{5A7B3F82-C3A1-4A0D-90A9-1F21B3E7D4B2}.DebugStudio|x64.Build.0 = Release|Win32
		{5A7B3F82-C3A1-4A0D-90A9-1F21B3E7D4B2}.DebugStudio|x86.ActiveCfg = Debug|Win32
		{5A7B3F82-C3A1-4A0D-90A9-1F21B3E7D4B2}.DebugStudio|x86.Build.0 = Debug|Win32
		{5A7B3F82-C3A1-4A0D-90A9-1F21B3E7D4B2}.Release|ARM.ActiveCfg = Release|ARM
		{5A7B3F82-C3A1-4A0D-90A9-1F21B3E7D4B2}.Release|ARM.Build.0 = Release|ARM
		{5A7B3F82-C3A1-4A0D-90A9-1F21B3E7D4B2}.Release|x64.ActiveCfg = Release|Win32
		{5A7B3F82-C3A1-4A0D-90A9-1F21B3E7D4B2}.Release|x86.ActiveCfg = Release|Win32
		{5A7B3F82-C3A1-4A0D-90A9-1F21B3E7D4B2}.Release|x86.Build.0 = Release|Win32
		{5A7B3F82-C3A1-4A0D-90A9-1F21B3E7D4B2}.ReleaseRcc|ARM.ActiveCfg = Release|ARM
		{5A7B3F82-C3A1-4A0D-90A9-1F21B3E7D4B2}.ReleaseRcc|ARM.Build.0 = Release|ARM
		{5A7B3F82-C3A1-4A0D-90A9-1F21B3E7D4B2}.ReleaseRcc|x64.ActiveCfg = Release|Win32
		{5A7B3F82-C3A1-4A0D-90A9-1F21B3E7D4B2}.ReleaseRcc|x64.Build.0 = Release|Win32
		{5A7B3F82-C3A1-4A0D-90A9-1F21B3E7D4B2}.ReleaseRcc|x86.ActiveCfg = Release|Win32
		{5A7B3F82-C3A1-4A0D-90A9-1F21B3E7D4B2}.ReleaseRcc|x86.Build.0 = Release|Win32
		{5A7B3F82-C3A1-4A0D-90A9-1F21B3E7D4B2}.ReleaseStudio|ARM.ActiveCfg = Release|ARM
		{5A7B3F82-C3A1-4A0D-90A9-1F21B3E7D4B2}.ReleaseStudio|ARM.Build.0 = Release|ARM
		{5A7B3F82-C3A1-4A0D-90A9-1F21B3E7D4B2}.ReleaseStudio|x64.ActiveCfg = Release|Win32
		{5A7B3F82-C3A1-4A0D-90A9-1F21B3E7D4B2}.ReleaseStudio|x64.Build.0 = Release|Win32
		{5A7B3F82-C3A1-4A0D-90A9-1F21B3E7D4B2}.ReleaseStudio|x86.ActiveCfg = Release|Win32
		{5A7B3F82-C3A1-4A0D-90A9-1F21B3E7D4B2}.ReleaseStudio|x86.Build.0 = Release|Win32
		{5A7B3F82-C3A1-4A0D-90A9-1F21B3E7D4B2}.Store81-ARM|ARM.ActiveCfg = Release|ARM
		{5A7B3F82-C3A1-4A0D-90A9-1F21B3E7D4B2}.Store81-ARM|ARM.Build.0 = Release|ARM
		{5A7B3F82-C3A1-4A0D-90A9-1F21B3E7D4B2}.Store81-ARM|x64.ActiveCfg = Release|Win32
		{5A7B3F82-C3A1-4A0D-90A9-1F21B3E7D4B2}.Store81-ARM|x64.Build.0 = Release|Win32
		{5A7B3F82-C3A1-4A0D-90A9-1F21B3E7D4B2}.Store81-ARM|x86.ActiveCfg = Release|Win32
		{5A7B3F82-C3A1-4A0D-90A9-1F21B3E7D4B2}.Store81-ARM|x86.Build.0 = Release|Win32
		{5A7B3F82-C3A1-4A0D-90A9-1F21B3E7D4B2}.Store81-x64|ARM.ActiveCfg = Release|ARM
		{5A7B3F82-C3A1-4A0D-90A9-1F21B3E7D4B2}.Store81-x64|ARM.Build.0 = Release|ARM
		{5A7B3F82-C3A1-4A0D-90A9-1F21B3E7D4B2}.Store81-x64|x64.ActiveCfg = Release|Win32
		{5A7B3F82-C3A1-4A0D-90A9-1F21B3E7D4B2}.Store81-x64|x64.Build.0 = Release|Win32
		{5A7B3F82-C3A1-4A0D-90A9-1F21B3E7D4B2}.Store81-x64|x86.ActiveCfg = Release|Win32
		{5A7B3F82-C3A1-4A0D-90A9-1F21B3E7D4B2}.Store81-x64|x86.Build.0 = Release|Win32
		{5A7B3F82-C3A1-4A0D-90A9-1F21B3E7D4B2}.Store81-x86|ARM.ActiveCfg = Release|ARM
		{5A7B3F82-C3A1-4A0D-90A9-1F21B3E7D4B2}.Store81-x86|ARM.Build.0 = Release|ARM
		{5A7B3F82-C3A1-4A0D-90A9-1F21B3E7D4B2}.Store81-x86|x64.ActiveCfg = Release|Win32
		{5A7B3F82-C3A1-4A0D-90A9-1F21B3E7D4B2}.Store81-x86|x64.Build.0 = Release|Win32
		{5A7B3F82-C3A1-4A0D-90A9-1F21B3E7D4B2}.Store81-x86|x86.ActiveCfg = Release|Win32
		{5A7B3F82-C3A1-4A0D-90A9-1F21B3E7D4B2}.Store81-x86|x86.Build.0 = Release|Win32
		{5A7B3F82-C3A1-4A0D-90A9-1F21B3E7D4B2}.WP81-ARM|ARM.ActiveCfg = Release|ARM
		{5A7B3F82-C3A1-4A0D-90A9-1F21B3E7D4B2}.WP81-ARM|ARM.Build.0 = Release|ARM
		{5A7B3F82-C3A1-4A0D-90A9-1F21B3E7D4B2}.WP81-ARM|x64.ActiveCfg = Release|Win32
		{5A7B3F82-C3A1-4A0D-90A9-1F21B3E7D4B2}.WP81-ARM|x64.Build.0 = Release|Win32
		{5A7B3F82-C3A1-4A0D-90A9-1F21B3E7D4B2}.WP81-ARM|x86.ActiveCfg = Release|Win32
		{5A7B3F82-C3A1-4A0D-90A9-1F21B3E7D4B2}.WP81-ARM|x86.Build.0 = Release|Win32
		{5A7B3F82-C3A1-4A0D-90A9-1F21B3E7D4B2}.WP81-x86|ARM.ActiveCfg = Release|ARM
		{5A7B3F82-C3A1-4A0D-90A9-1F21B3E7D4B2}.WP81-x86|ARM.Build.0 = Release|ARM
		{5A7B3F82-C3A1-4A0D-90A9-1F21B3E7D4B2}.WP81-x86|x64.ActiveCfg = Release|Win32
		{5A7B3F82-C3A1-4A0D-90A9-1F21B3E7D4B2}.WP81-x86|x64.Build.0 = Release|Win32
		{5A7B3F82-C3A1-4A0D-90A9-1F21B3E7D4B2}.WP81-x86|x86.ActiveCfg = Release|Win32
		{5A7B3F82-C3A1-4A0D-90A9-1F21B3E7D4B2}.WP81-x86|x86.Build.0 = Release|Win32
		{4F1A9D9C-9E6B-4E34-8E31-6F8E9B7B1C22}.Debug|ARM.ActiveCfg = Debug|ARM
		{4F1A9D9C-9E6B-4E34-8E31-6F8E9B7B1C22}.Debug|ARM.Build.0 = Debug|ARM
		{4F1A9D9C-9E6B-4E34-8E31-6F8E9B7B1C22}.Debug|x64.ActiveCfg = Debug|Win32
		{4F1A9D9C-9E6B-4E34-8E31-6F8E9B7B1C22}.Debug|x86.ActiveCfg = Debug|Win32
		{4F1A9D9C-9E6B-4E34-8E31-6F8E9B7B1C22}.Debug|x86.Build.0 = Debug|Win32
		{4F1A9D9C-9E6B-4E34-8E31-6F8E9B7B1C22}.DebugRcc|ARM.ActiveCfg = Debug|ARM
		{4F1A9D9C-9E6B-4E34-8E31-6F8E9B7B1C22}.DebugRcc|ARM.Build.0 = Debug|ARM
		{4F1A9D9C-9E6B-4E34-8E31-6F8E9B7B1C22}.DebugRcc|x64.ActiveCfg = Release|Win32
		{4F1A9D9C-9E6B-4E34-8E31-6F8E9B7B1C22}.DebugRcc|x64.Build.0 = Release|Win32
		{4F1A9D9C-9E6B-4E34-8E31-6F8E9B7B1C22}.DebugRcc|x86.ActiveCfg = Debug|Win32
		{4F1A9D9C-9E6B-4E34-8E31-6F8E9B7B1C22}.DebugRcc|x86.Build.0 = Debug|Win32
		{4F1A9D9C-9E6B-4E34-8E31-6F8E9B7B1C22}.DebugStudio|ARM.ActiveCfg = Debug|ARM
		{4F1A9D9C-9E6B-4E34-8E31-6F8E9B7B1C22}.DebugStudio|ARM.Build.0 = Debug|ARM
		{4F1A9D9C-9E6B-4E34-8E31-6F8E9B7B1C22}.DebugStudio|x64.ActiveCfg = Release|Win32
		{4F1A9D9C-9E6B-4E34-8E31-6F8E9B7B1C22}.DebugStudio|x64.Build.0 = Release|Win32
		{4F1A9D9C-9E6B-4E34-8E31-6F8E9B7B1C22}.DebugStudio|x86.ActiveCfg = Debug|Win32
		{4F1A9D9C-9E6B-4E34-8E31-6F8E9B7B1C22}.DebugStudio|x86.Build.0 = Debug|Win32
		{4F1A9D9C-9E6B-4E34-8E31-6F8E9B7B1C22}.Release|ARM.ActiveCfg = Release|ARM
		{4F1A9D9C-9E6B-4E34-8E31-6F8E9B7B1C22}.Release|ARM.Build.0 = Release|ARM
		{4F1A9D9C-9E6B-4E34-8E31-6F8E9B7B1C22}.Release|x64.ActiveCfg = Release|Win32
		{4F1A9D9C-9E6B-4E34-8E31-6F8E9B7B1C22}.Release|x86.ActiveCfg = Release|Win32
		{4F1A9D9C-9E6B-4E34-8E31-6F8E9B7B1C22}.Release|x86.Build.0 = Release|Win32
		{4F1A9D9C-9E6B-4E34-8E31-6F8E9B7B1C22}.ReleaseRcc|ARM.ActiveCfg = Release|ARM
		{4F1A9D9C-9E6B-4E34-8E31-6F8E9B7B1C22}.ReleaseRcc|ARM.Build.0 = Release|ARM
		{4F1A9D9C-9E6B-4E34-8E31-6F8E9B7B1C22}.ReleaseRcc|x64.ActiveCfg = Release|Win32
		{4F1A9D9C-9E6B-4E34-8E31-6F8E9B7B1C22}.ReleaseRcc|x64.Build.0 = Release|Win32
		{4F1A9D9C-9E6B-4E34-8E31-6F8E9B7B1C22}.ReleaseRcc|x86.ActiveCfg = Release|Win32
		{4F1A9D9C-9E6B-4E34-8E31-6F8E9B7B1C22}.ReleaseRcc|x86.Build.0 = Release|Win32
		{4F1A9D9C-9E6B-4E34-8E31-6F8E9B7B1C22}.ReleaseStudio|ARM.ActiveCfg = Release|ARM
		{4F1A9D9C-9E6B-4E34-8E31-6F8E9B7B1C22}.ReleaseStudio|ARM.Build.0 = Release|ARM
		{4F1A9D9C-9E6B-4E34-8E31-6F8E9B7B1C22}.ReleaseStudio|x64.ActiveCfg = Release|Win32
		{4F1A9D9C-9E6B-4E34-8E31-6F8E9B7B1C22}.ReleaseStudio|x64.Build.0 = Release|Win32
		{4F1A9D9C-9E6B-4E34-8E31-6F8E9B7B1C22}.ReleaseStudio|x86.ActiveCfg = Release|Win32
		{4F1A9D9C-9E6B-4E34-8E31-6F8E9B7B1C22}.ReleaseStudio|x86.Build.0 = Release|Win32
		{4F1A9D9C-9E6B-4E34-8E31-6F8E9B7B1C22}.Store81-ARM|ARM.ActiveCfg = Release|ARM
		{4F1A9D9C-9E6B-4E34-8E31-6F8E9B7B1C22}.Store81-ARM|ARM.Build.0 = Release|ARM
		{4F1A9D9C-9E6B-4E34-8E31-6F8E9B7B1C22}.Store81-ARM|x64.ActiveCfg = Release|Win32
		{4F1A9D9C-9E6B-4E34-8E31-6F8E9B7B1C22}.Store81-ARM|x64.Build.0 = Release|Win32
		{4F1A9D9C-9E6B-4E34-8E31-6F8E9B7B1C22}.Store81-ARM|x86.ActiveCfg = Release|Win32
		{4F1A9D9C-9E6B-4E34-8E31-6F8E9B7B1C22}.Store81-ARM|x86.Build.0 = Release|Win32
		{4F1A9D9C-9E6B-4E34-8E31-6F8E9B7B1C22}.Store81-x64|ARM.ActiveCfg = Release|ARM
		{4F1A9D9C-9E6B-4E34-8E31-6F8E9B7B1C22}.Store81-x64|ARM.Build.0 = Release|ARM
		{4F1A9D9C-9E6B-4E34-8E31-6F8E9B7B1C22}.Store81-x64|x64.ActiveCfg = Release|Win32
		{4F1A9D9C-9E6B-4E34-8E31-6F8E9B7B1C22}.Store81-x64|x64.Build.0 = Release|Win32
		{4F1A9D9C-9E6B-4E34-8E31-6F8E9B7B1C22}.Store81-x64|x86.ActiveCfg = Release|Win32
		{4F1A9D9C-9E6B-4E34-8E31-6F8E9B7B1C22}.Store81-x64|x86.Build.0 = Release|Win32
		{4F1A9D9C-9E6B-4E34-8E31-6F8E9B7B1C22}.Store81-x86|ARM.ActiveCfg = Release|ARM
		{4F1A9D9C-9E6B-4E34-8E31-6F8E9B7B1C22}.Store81-x86|ARM.Build.0 = Release|ARM
		{4F1A9D9C-9E6B-4E34-8E31-6F8E9B7B1C22}.Store81-x86|x64.ActiveCfg = Release|Win32
		{4F1A9D9C-9E6B-4E34-8E31-6F8E9B7B1C22}.Store81-x86|x64.Build.0 = Release|Win32
		{4F1A9D9C-9E6B-4E34-8E31-6F8E9B7B1C22}.Store81-x86|x86.ActiveCfg = Release|Win32
		{4F1A9D9C-9E6B-4E34-8E31-6F8E9B7B1C22}.Store81-x86|x86.Build.0 = Release|Win32
		{4F1A9D9C-9E6B-4E34-8E31-6F8E9B7B1C22}.WP81-ARM|ARM.ActiveCfg = Release|ARM
		{4F1A9D9C-9E6B-4E34-8E31-6F8E9B7B1C22}.WP81-ARM|ARM.Build.0 = Release|ARM
		{4F1A9D9C-9E6B-4E34-8E31-6F8E9B7B1C22}.WP81-ARM|x64.ActiveCfg = Release|Win32
		{4F1A9D9C-9E6B-4E34-8E31-6F8E9B7B1C22}.WP81-ARM|x64.Build.0 = Release|Win32
		{4F1A9D9C-9E6B-4E34-8E31-6F8E9B7B1C22}.WP81-ARM|x86.ActiveCfg = Release|Win32
		{4F1A9D9C-9E6B-4E34-8E31-6F8E9B7B1C22}.WP81-ARM|x86.Build.0 = Release|Win32
		{4F1A9D9C-9E6B-4E34-8E31-6F8E9B7B1C22}.WP81-x86|ARM.ActiveCfg = Release|ARM
		{4F1A9D9C-9E6B-4E34-8E31-6F8E9B7B1C22}.WP81-x86|ARM.Build.0 = Release|ARM
		{4F1A9D9C-9E6B-4E34-8E31-6F8E9B7B1C22}.WP81-x86|x64.ActiveCfg = Release|Win32
		{4F1A9D9C-9E6B-4E34-8E31-6F8E9B7B1C22}.WP81-x86|x64.Build.0 = Release|Win32
		{4F1A9D9C-9E6B-4E34-8E31-6F8E9B7B1C22}.WP81-x86|x86.ActiveCfg = Release|Win32
		{4F1A9D9C-9E6B-4E34-8E31-6F8E9B7B1C22}.WP81-x86|x86.Build.0 = Release|Win32
		{C3C9E3B3-8B8E-4C3E-9C8A-4E7F1F2C5B9A}.Debug|ARM.ActiveCfg = Debug|ARM
		{C3C9E3B3-8B8E-4C3E-9C8A-4E7F1F2C5B9A}.Debug|ARM.Build.0 = Debug|ARM
		{C3C9E3B3-8B8E-4C3E-9C8A-4E7F1F2C5B9A}.Debug|x64.ActiveCfg = Debug|Win32
		{C3C9E3B3-8B8E-4C3E-9C8A-4E7F1F2C5B9A}.Debug|x86.ActiveCfg = Debug|Win32
		{C3C9E3B3-8B8E-4C3E-9C8A-4E7F1F2C5B9A}.Debug|x86.Build.0 = Debug|Win32
		{C3C9E3B3-8B8E-4C3E-9C8A-4E7F1F2C5B9A}.DebugRcc|ARM.ActiveCfg = Debug|ARM
		{C3C9E3B3-8B8E-4C3E-9C8A-4E7F1F2C5B9A}.DebugRcc|ARM.Build.0 = Debug|ARM
		{C3C9E3B3-8B8E-4C3E-9C8A-4E7F1F2C5B9A}.DebugRcc|x64.ActiveCfg = Release|Win32
		{C3C9E3B3-8B8E-4C3E-9C8A-4E7F1F2C5B9A}.DebugRcc|x64.Build.0 = Release|Win32
		{C3C9E3B3-8B8E-4C3E-9C8A-4E7F1F2C5B9A}.DebugRcc|x86.ActiveCfg = Debug|Win32
		{C3C9E3B3-8B8E-4C3E-9C8A-4E7F1F2C5B9A}.DebugRcc|x86.Build.0 = Debug|Win32
		{C3C9E3B3-8B8E-4C3E-9C8A-4E7F1F2C5B9A}.DebugStudio|ARM.ActiveCfg = Debug|ARM
		{C3C9E3B3-8B8E-4C3E-9C8A-4E7F1F2C5B9A}.DebugStudio|ARM.Build.0 = Debug|ARM
		{C3C9E3B3-8B8E-4C3E-9C8A-4E7F1F2C5B9A}.DebugStudio|x64.ActiveCfg = Release|Win32
		{C3C9E3B3-8B8E-4C3E-9C8A-4E7F1F2C5B9A}.DebugStudio|x64.Build.0 = Release|Win32
		{C3C9E3B3-8B8E-4C3E-9C8A-4E7F1F2C5B9A}.DebugStudio|x86.ActiveCfg = Debug|Win32
		{C3C9E3B3-8B8E-4C3E-9C8A-4E7F1F2C5B9A}.DebugStudio|x86.Build.0 = Debug|Win32
		{C3C9E3B3-8B8E-4C3E-9C8A-4E7F1F2C5B9A}.Release|ARM.ActiveCfg = Release|ARM
		{C3C9E3B3-8B8E-4C3E-9C8A-4E7F1F2C5B9A}.Release|ARM.Build.0 = Release|ARM
		{C3C9E3B3-8B8E-4C3E-9C8A-4E7F1F2C5B9A}.Release|x64.ActiveCfg = Release|Win32
		{C3C9E3B3-8B8E-4C3E-9C8A-4E7F1F2C5B9A}.Release|x86.ActiveCfg = Release|Win32
		{C3C9E3B3-8B8E-4C3E-9C8A-4E7F1F2C5B9A}.Release|x86.Build.0 = Release|Win32
		{C3C9E3B3-8B8E-4C3E-9C8A-4E7F1F2C5B9A}.ReleaseRcc|ARM.ActiveCfg = Release|ARM
		{C3C9E3B3-8B8E-4C3E-9C8A-4E7F1F2C5B9A}.ReleaseRcc|ARM.Build.0 = Release|ARM
		{C3C9E3B3-8B8E-4C3E-9C8A-4E7F1F2C5B9A}.ReleaseRcc|x64.ActiveCfg = Release|Win32
		{C3C9E3B3-8B8E-4C3E-9C8A-4E7F1F2C5B9A}.ReleaseRcc|x64.Build.0 = Release|Win32
		{C3C9E3B3-8B8E-4C3E-9C8A-4E7F1F2C5B9A}.ReleaseRcc|x86.ActiveCfg = Release|Win32
		{C3C9E3B3-8B8E-4C3E-9C8A-4E7F1F2C5B9A}.ReleaseRcc|x86.Build.0 = Release|Win32
		{C3C9E3B3-8B8E-4C3E-9C8A-4E7F1F2C5B9A}.ReleaseStudio|ARM.ActiveCfg = Release|ARM
		{C3C9E3B3-8B8E-4C3E-9C8A-4E7F1F2C5B9A}.ReleaseStudio|ARM.Build.0 = Release|ARM
		{C3C9E3B3-8B8E-4C3E-9C8A-4E7F1F2C5B9A}.ReleaseStudio|x64.ActiveCfg = Release|Win32
		{C3C9E3B3-8B8E-4C3E-9C8A-4E7F1F2C5B9A}.ReleaseStudio|x64.Build.0 = Release|Win32
		{C3C9E3B3-8B8E-4C3E-9C8A-4E7F1F2C5B9A}.ReleaseStudio|x86.ActiveCfg = Release|Win32
		{C3C9E3B3-8B8E-4C3E-9C8A-4E7F1F2C5B9A}.ReleaseStudio|x86.Build.0 = Release|Win32
		{C3C9E3B3-8B8E-4C3E-9C8A-4E7F1F2C5B9A}.Store81-ARM|ARM.ActiveCfg = Release|ARM
		{C3C9E3B3-8B8E-4C3E-9C8A-4E7F1F2C5B9A}.Store81-ARM|ARM.Build.0 = Release|ARM
		{C3C9E3B3-8B8E-4C3E-9C8A-4E7F1F2C5B9A}.Store81-ARM|x64.ActiveCfg = Release|Win32
		{C3C9E3B3-8B8E-4C3E-9C8A-4E7F1F2C5B9A}.Store81-ARM|x64.Build.0 = Release|Win32
		{C3C9E3B3-8B8E-4C3E-9C8A-4E7F1F2C5B9A}.Store81-ARM|x86.ActiveCfg = Release|Win32
		{C3C9E3B3-8B8E-4C3E-9C8A-4E7F1F2C5B9A}.Store81-ARM|x86.Build.0 = Release|Win32
		{C3C9E3B3-8B8E-4C3E-9C8A-4E7F1F2C5B9A}.Store81-x64|ARM.ActiveCfg = Release|ARM
		{C3C9E3B3-8B8E-4C3E-9C8A-4E7F1F2C5B9A}.Store81-x64|ARM.Build.0 = Release|ARM
		{C3C9E3B3-8B8E-4C3E-9C8A-4E7F1F2C5B9A}.Store81-x64|x64.ActiveCfg = Release|Win32
		{C3C9E3B3-8B8E-4C3E-9C8A-4E7F1F2C5B9A}.Store81-x64|x64.Build.0 = Release|Win32
		{C3C9E3B3-8B8E-4C3E-9C8A-4E7F1F2C5B9A}.Store81-x64|x86.ActiveCfg = Release|Win32
		{C3C9E3B3-8B8E-4C3E-9C8A-4E7F1F2C5B9A}.Store81-x64|x86.Build.0 = Release|Win32
		{C3C9E3B3-8B8E-4C3E-9C8A-4E7F1F2C5B9A}.Store81-x86|ARM.ActiveCfg = Release|ARM
		{C3C9E3B3-8B8E-4C3E-9C8A-4E7F1F2C5B9A}.Store81-x86|ARM.Build.0 = Release|ARM
		{C3C9E3B3-8B8E-4C3E-9C8A-4E7F1F2C5B9A}.Store81-x86|x64.ActiveCfg = Release|Win32
		{C3C9E3B3-8B8E-4C3E-9C8A-4E7F1F2C5B9A}.Store81-x86|x64.Build.0 = Release|Win32
		{C3C9E3B3-8B8E-4C3E-9C8A-4E7F1F2C5B9A}.Store81-x86|x86.ActiveCfg = Release|Win32
		{C3C9E3B3-8B8E-4C3E-9C8A-4E7F1F2C5B9A}.Store81-x86|x86.Build.0 = Release|Win32
		{C3C9E3B3-8B8E-4C3E-9C8A-4E7F1F2C5B9A}.WP81-ARM|ARM.ActiveCfg = Release|ARM
		{C3C9E3B3-8B8E-4C3E-9C8A-4E7F1F2C5B9A}.WP81-ARM|ARM.Build.0 = Release|ARM
		{C3C9E3B3-8B8E-4C3E-9C8A-4E7F1F2C5B9A}.WP81-ARM|x64.ActiveCfg = Release|Win32
		{C3C9E3B3-8B8E-4C3E-9C8A-4E7F1F2C5B9A}.WP81-ARM|x64.Build.0 = Release|Win32
		{C3C9E3B3-8B8E-4C3E-9C8A-4E7F1F2C5B9A}.WP81-ARM|x86.ActiveCfg = Release|Win32
		{C3C9E3B3-8B8E-4C3E-9C8A-4E7F1F2C5B9A}.WP81-ARM|x86.Build.0 = Release|Win32
		{C3C9E3B3-8B8E-4C3E-9C8A-4E7F1F2C5B9A}.WP81-x86|ARM.ActiveCfg = Release|ARM
		{C3C9E3B3-8B8E-4C3E-9C8A-4E7F1F2C5B9A}.WP81-x86|ARM.Build.0 = Release|ARM
		{C3C9E3B3-8B8E-4C3E-9C8A-4E7F1F2C5B9A}.WP81-x86|x64.ActiveCfg = Release|Win32
		{C3C9E3B3-8B8E-4C3E-9C8A-4E7F1F2C5B9A}.WP81-x86|x64.Build.0 = Release|Win32
		{C3C9E3B3-8B8E-4C3E-9C8A-4E7F1F2C5B9A}.WP81-x86|x86.ActiveCfg = Release|Win32
		{C3C9E3B3-8B8E-4C3E-9C8A-4E7F1F2C5B9A}.WP81-x86|x86.Build.0 = Release|Win32
		{8B1E2B3E-6A2E-4D9B-9C9C-7E8D5B6F2A10}.Debug|ARM.ActiveCfg = Debug|ARM
		{8B1E2B3E-6A2E-4D9B-9C9C-7E8D5B6F2A10}.Debug|ARM.Build.0 = Debug|ARM
		{8B1E2B3E-6A2E-4D9B-9C9C-7E8D5B6F2A10}.Debug|x64.ActiveCfg = Debug|Win32
		{8B1E2B3E-6A2E-4D9B-9C9C-7E8D5B6F2A10}.Debug|x86.ActiveCfg = Debug|Win32
		{8B1E2B3E-6A2E-4D9B-9C9C-7E8D5B6F2A10}.Debug|x86.Build.0 = Debug|Win32
		{8B1E2B3E-6A2E-4D9B-9C9C-7E8D5B6F2A10}.DebugRcc|ARM.ActiveCfg = Debug|ARM
		{8B1E2B3E-6A2E-4D9B-9C9C-7E8D5B6F2A10}.DebugRcc|ARM.Build.0 = Debug|ARM
		{8B1E2B3E-6A2E-4D9B-9C9C-7E8D5B6F2A10}.DebugRcc|x64.ActiveCfg = Release|Win32
		{8B1E2B3E-6A2E-4D9B-9C9C-7E8D5B6F2A10}.DebugRcc|x64.Build.0 = Release|Win32
		{8B1E2B3E-6A2E-4D9B-9C9C-7E8D5B6F2A10}.DebugRcc|x86.ActiveCfg = Debug|Win32
		{8B1E2B3E-6A2E-4D9B-9C9C-7E8D5B6F2A10}.DebugRcc|x86.Build.0 = Debug|Win32
		{8B1E2B3E-6A2E-4D9B-9C9C-7E8D5B6F2A10}.DebugStudio|ARM.ActiveCfg = Debug|ARM
		{8B1E2B3E-6A2E-4D9B-9C9C-7E8D5B6F2A10}.DebugStudio|ARM.Build.0 = Debug|ARM
		{8B1E2B3E-6A2E-4D9B-9C9C-7E8D5B6F2A10}.DebugStudio|x64.ActiveCfg = Release|Win32
		{8B1E2B3E-6A2E-4D9B-9C9C-7E8D5B6F2A10}.DebugStudio|x64.Build.0 = Release|Win32
		{8B1E2B3E-6A2E-4D9B-9C9C-7E8D5B6F2A10}.DebugStudio|x86.ActiveCfg = Debug|Win32
		{8B1E2B3E-6A2E-4D9B-9C9C-7E8D5B6F2A10}.DebugStudio|x86.Build.0 = Debug|Win32
		{8B1E2B3E-6A2E-4D9B-9C9C-7E8D5B6F2A10}.Release|ARM.ActiveCfg = Release|ARM
		{8B1E2B3E-6A2E-4D9B-9C9C-7E8D5B6F2A10}.Release|ARM.Build.0 = Release|ARM
		{8B1E2B3E-6A2E-4D9B-9C9C-7E8D5B6F2A10}.Release|x64.ActiveCfg = Release|Win32
		{8B1E2B3E-6A2E-4D9B-9C9C-7E8D5B6F2A10}.Release|x86.ActiveCfg = Release|Win32
		{8B1E2B3E-6A2E-4D9B-9C9C-7E8D5B6F2A10}.Release|x86.Build.0 = Release|Win32
		{8B1E2B3E-6A2E-4D9B-9C9C-7E8D5B6F2A10}.ReleaseRcc|ARM.ActiveCfg = Release|ARM
		{8B1E2B3E-6A2E-4D9B-9C9C-7E8D5B6F2A10}.ReleaseRcc|ARM.Build.0 = Release|ARM
		{8B1E2B3E-6A2E-4D9B-9C9C-7E8D5B6F2A10}.ReleaseRcc|x64.ActiveCfg = Release|Win32
		{8B1E2B3E-6A2E-4D9B-9C9C-7E8D5B6F2A10}.ReleaseRcc|x64.Build.0 = Release|Win32
		{8B1E2B3E-6A2E-4D9B-9C9C-7E8D5B6F2A10}.ReleaseRcc|x86.ActiveCfg = Release|Win32
		{8B1E2B3E-6A2E-4D9B-9C9C-7E8D5B6F2A10}.ReleaseRcc|x86.Build.0 = Release|Win32
		{8B1E2B3E-6A2E-4D9B-9C9C-7E8D5B6F2A10}.ReleaseStudio|ARM.ActiveCfg = Release|ARM
		{8B1E2B3E-6A2E-4D9B-9C9C-7E8D5B6F2A10}.ReleaseStudio|ARM.Build.0 = Release|ARM
		{8B1E2B3E-6A2E-4D9B-9C9C-7E8D5B6F2A10}.ReleaseStudio|x64.ActiveCfg = Release|Win32
		{8B1E2B3E-6A2E-4D9B-9C9C-7E8D5B6F2A10}.ReleaseStudio|x64.Build.0 = Release|Win32
		{8B1E2B3E-6A2E-4D9B-9C9C-7E8D5B6F2A10}.ReleaseStudio|x86.ActiveCfg = Release|Win32
		{8B1E2B3E-6A2E-4D9B-9C9C-7E8D5B6F2A10}.ReleaseStudio|x86.Build.0 = Release|Win32
		{8B1E2B3E-6A2E-4D9B-9C9C-7E8D5B6F2A10}.Store81-ARM|ARM.ActiveCfg = Release|ARM
		{8B1E2B3E-6A2E-4D9B-9C9C-7E8D5B6F2A10}.Store81-ARM|ARM.Build.0 = Release|ARM
		{8B1E2B3E-6A2E-4D9B-9C9C-7E8D5B6F2A10}.Store81-ARM|x64.ActiveCfg = Release|Win32
		{8B1E2B3E-6A2E-4D9B-9C9C-7E8D5B6F2A10}.Store81-ARM|x64.Build.0 = Release|Win32
		{8B1E2B3E-6A2E-4D9B-9C9C-7E8D5B6F2A10}.Store81-ARM|x86.ActiveCfg = Release|Win32
		{8B1E2B3E-6A2E-4D9B-9C9C-7E8D5B6F2A10}.Store81-ARM|x86.Build.0 = Release|Win32
		{8B1E2B3E-6A2E-4D9B-9C9C-7E8D5B6F2A10}.Store81-x64|ARM.ActiveCfg = Release|ARM
		{8B1E2B3E-6A2E-4D9B-9C9C-7E8D5B6F2A10}.Store81-x64|ARM.Build.0 = Release|ARM
		{8B1E2B3E-6A2E-4D9B-9C9C-7E8D5B6F2A10}.Store81-x64|x64.ActiveCfg = Release|Win32
		{8B1E2B3E-6A2E-4D9B-9C9C-7E8D5B6F2A10}.Store81-x64|x64.Build.0 = Release|Win32
		{8B1E2B3E-6A2E-4D9B-9C9C-7E8D5B6F2A10}.Store81-x64|x86.ActiveCfg = Release|Win32
		{8B1E2B3E-6A2E-4D9B-9C9C-7E8D5B6F2A10}.Store81-x64|x86.Build.0 = Release|Win32
		{8B1E2B3E-6A2E-4D9B-9C9C-7E8D5B6F2A10}.Store81-x86|ARM.ActiveCfg = Release|ARM
		{8B1E2B3E-6A2E-4D9B-9C9C-7E8D5B6F2A10}.Store81-x86|ARM.Build.0 = Release|ARM
		{8B1E2B3E-6A2E-4D9B-9C9C-7E8D5B6F2A10}.Store81-x86|x64.ActiveCfg = Release|Win32
		{8B1E2B3E-6A2E-4D9B-9C9C-7E8D5B6F2A10}.Store81-x86|x64.Build.0 = Release|Win32
		{8B1E2B3E-6A2E-4D9B-9C9C-7E8D5B6F2A10}.Store81-x86|x86.ActiveCfg = Release|Win32
		{8B1E2B3E-6A2E-4D9B-9C9C-7E8D5B6F2A10}.Store81-x86|x86.Build.0 = Release|Win32
		{8B1E2B3E-6A2E-4D9B-9C9C-7E8D5B6F2A10}.WP81-ARM|ARM.ActiveCfg = Release|ARM
		{8B1E2B3E-6A2E-4D9B-9C9C-7E8D5B6F2A10}.WP81-ARM|ARM.Build.0 = Release|ARM
		{8B1E2B3E-6A2E-4D9B-9C9C-7E8D5B6F2A10}.WP81-ARM|x64.ActiveCfg = Release|Win32
		{8B1E2B3E-6A2E-4D9B-9C9C-7E8D5B6F2A10}.WP81-ARM|x64.Build.0 = Release|Win32
		{8B1E2B3E-6A2E-4D9B-9C9C-7E8D5B6F2A10}.WP81-ARM|x86.ActiveCfg = Release|Win32
		{8B1E2B3E-6A2E-4D9B-9C9C-7E8D5B6F2A10}.WP81-ARM|x86.Build.0 = Release|Win32
		{8B1E2B3E-6A2E-4D9B-9C9C-7E8D5B6F2A10}.WP81-x86|ARM.ActiveCfg = Release|ARM
		{8B1E2B3E-6A2E-4D9B-9C9C-7E8D5B6F2A10}.WP81-x86|ARM.Build.0 = Release|ARM
		{8B1E2B3E-6A2E-4D9B-9C9C-7E8D5B6F2A10}.WP81-x86|x64.ActiveCfg = Release|Win32
		{8B1E2B3E-6A2E-4D9B-9C9C-7E8D5B6F2A10}.WP81-x86|x64.Build.0 = Release|Win32
		{8B1E2B3E-6A2E-4D9B-9C9C-7E8D5B6F2A10}.WP81-x86|x86.ActiveCfg = Release|Win32
		{8B1E2B3E-6A2E-4D9B-9C9C-7E8D5B6F2A10}.WP81-x86|x86.Build.0 = Release|Win32
		{2F8C3D3E-3D9D-4B22-A6D9-3C6B2C3E5D11}.Debug|ARM.ActiveCfg = Store|ARM
		{2F8C3D3E-3D9D-4B22-A6D9-3C6B2C3E5D11}.Debug|ARM.Build.0 = Store|ARM
		{2F8C3D3E-3D9D-4B22-A6D9-3C6B2C3E5D11}.Debug|x64.ActiveCfg = Store|ARM
		{2F8C3D3E-3D9D-4B22-A6D9-3C6B2C3E5D11}.Debug|x64.Build.0 = Store|ARM
		{2F8C3D3E-3D9D-4B22-A6D9-3C6B2C3E5D11}.Debug|x86.ActiveCfg = Store|Win32
		{2F8C3D3E-3D9D-4B22-A6D9-3C6B2C3E5D11}.Debug|x86.Build.0 = Store|Win32
		{2F8C3D3E-3D9D-4B22-A6D9-3C6B2C3E5D11}.DebugRcc|ARM.ActiveCfg = Store|ARM
		{2F8C3D3E-3D9D-4B22-A6D9-3C6B2C3E5D11}.DebugRcc|ARM.Build.0 = Store|ARM
		{2F8C3D3E-3D9D-4B22-A6D9-3C6B2C3E5D11}.DebugRcc|x64.ActiveCfg = Store|ARM
		{2F8C3D3E-3D9D-4B22-A6D9-3C6B2C3E5D11}.DebugRcc|x64.Build.0 = Store|ARM
		{2F8C3D3E-3D9D-4B22-A6D9-3C6B2C3E5D11}.DebugRcc|x86.ActiveCfg = Store|Win32
		{2F8C3D3E-3D9D-4B22-A6D9-3C6B2C3E5D11}.DebugRcc|x86.Build.0 = Store|Win32
		{2F8C3D3E-3D9D-4B22-A6D9-3C6B2C3E5D11}.DebugStudio|ARM.ActiveCfg = Store|ARM
		{2F8C3D3E-3D9D-4B22-A6D9-3C6B2C3E5D11}.DebugStudio|ARM.Build.0 = Store|ARM
		{2F8C3D3E-3D9D-4B22-A6D9-3C6B2C3E5D11}.DebugStudio|x64.ActiveCfg = Store|ARM
		{2F8C3D3E-3D9D-4B22-A6D9-3C6B2C3E5D11}.DebugStudio|x64.Build.0 = Store|ARM
		{2F8C3D3E-3D9D-4B22-A6D9-3C6B2C3E5D11}.DebugStudio|x86.ActiveCfg = Store|Win32
		{2F8C3D3E-3D9D-4B22-A6D9-3C6B2C3E5D11}.DebugStudio|x86.Build.0 = Store|Win32
		{2F8C3D3E-3D9D-4B22-A6D9-3C6B2C3E5D11}.Release|ARM.ActiveCfg = Store|ARM
		{2F8C3D3E-3D9D-4B22-A6D9-3C6B2C3E5D11}.Release|ARM.Build.0 = Store|ARM
		{2F8C3D3E-3D9D-4B22-A6D9-3C6B2C3E5D11}.Release|x64.ActiveCfg = Store|ARM
		{2F8C3D3E-3D9D-4B22-A6D9-3C6B2C3E5D11}.Release|x64.Build.0 = Store|ARM
		{2F8C3D3E-3D9D-4B22-A6D9-3C6B2C3E5D11}.Release|x86.ActiveCfg = Store|Win32
		{2F8C3D3E-3D9D-4B22-A6D9-3C6B2C3E5D11}.Release|x86.Build.0 = Store|Win32
		{2F8C3D3E-3D9D-4B22-A6D9-3C6B2C3E5D11}.ReleaseRcc|ARM.ActiveCfg = Store|ARM
		{2F8C3D3E-3D9D-4B22-A6D9-3C6B2C3E5D11}.ReleaseRcc|ARM.Build.0 = Store|ARM
		{2F8C3D3E-3D9D-4B22-A6D9-3C6B2C3E5D11}.ReleaseRcc|x64.ActiveCfg = Store|ARM
		{2F8C3D3E-3D9D-4B22-A6D9-3C6B2C3E5D11}.ReleaseRcc|x64.Build.0 = Store|ARM
		{2F8C3D3E-3D9D-4B22-A6D9-3C6B2C3E5D11}.ReleaseRcc|x86.ActiveCfg = Store|Win32
		{2F8C3D3E-3D9D-4B22-A6D9-3C6B2C3E5D11}.ReleaseRcc|x86.Build.0 = Store|Win32
		{2F8C3D3E-3D9D-4B22-A6D9-3C6B2C3E5D11}.ReleaseStudio|ARM.ActiveCfg = Store|ARM
		{2F8C3D3E-3D9D-4B22-A6D9-3C6B2C3E5D11}.ReleaseStudio|ARM.Build.0 = Store|ARM
		{2F8C3D3E-3D9D-4B22-A6D9-3C6B2C3E5D11}.ReleaseStudio|x64.ActiveCfg = Store|ARM
		{2F8C3D3E-3D9D-4B22-A6D9-3C6B2C3E5D11}.ReleaseStudio|x64.Build.0 = Store|ARM
		{2F8C3D3E-3D9D-4B22-A6D9-3C6B2C3E5D11}.ReleaseStudio|x86.ActiveCfg = Store|Win32
		{2F8C3D3E-3D9D-4B22-A6D9-3C6B2C3E5D11}.ReleaseStudio|x86.Build.0 = Store|Win32
		{2F8C3D3E-3D9D-4B22-A6D9-3C6B2C3E5D11}.Store81-ARM|ARM.ActiveCfg = Store|ARM
		{2F8C3D3E-3D9D-4B22-A6D9-3C6B2C3E5D11}.Store81-ARM|ARM.Build.0 = Store|ARM
		{2F8C3D3E-3D9D-4B22-A6D9-3C6B2C3E5D11}.Store81-ARM|x64.ActiveCfg = Store|ARM
		{2F8C3D3E-3D9D-4B22-A6D9-3C6B2C3E5D11}.Store81-ARM|x64.Build.0 = Store|ARM
		{2F8C3D3E-3D9D-4B22-A6D9-3C6B2C3E5D11}.Store81-ARM|x86.ActiveCfg = Store|Win32
		{2F8C3D3E-3D9D-4B22-A6D9-3C6B2C3E5D11}.Store81-ARM|x86.Build.0 = Store|Win32
		{2F8C3D3E-3D9D-4B22-A6D9-3C6B2C3E5D11}.Store81-x64|ARM.ActiveCfg = Store|ARM
		{2F8C3D3E-3D9D-4B22-A6D9-3C6B2C3E5D11}.Store81-x64|ARM.Build.0 = Store|ARM
		{2F8C3D3E-3D9D-4B22-A6D9-3C6B2C3E5D11}.Store81-x64|x64.ActiveCfg = Store|ARM
		{2F8C3D3E-3D9D-4B22-A6D9-3C6B2C3E5D11}.Store81-x64|x64.Build.0 = Store|ARM
		{2F8C3D3E-3D9D-4B22-A6D9-3C6B2C3E5D11}.Store81-x64|x86.ActiveCfg = Store|Win32
		{2F8C3D3E-3D9D-4B22-A6D9-3C6B2C3E5D11}.Store81-x64|x86.Build.0 = Store|Win32
		{2F8C3D3E-3D9D-4B22-A6D9-3C6B2C3E5D11}.Store81-x86|ARM.ActiveCfg = Store|ARM
		{2F8C3D3E-3D9D-4B22-A6D9-3C6B2C3E5D11}.Store81-x86|ARM.Build.0 = Store|ARM
		{2F8C3D3E-3D9D-4B22-A6D9-3C6B2C3E5D11}.Store81-x86|x64.ActiveCfg = Store|ARM
		{2F8C3D3E-3D9D-4B22-A6D9-3C6B2C3E5D11}.Store81-x86|x64.Build.0 = Store|ARM
		{2F8C3D3E-3D9D-4B22-A6D9-3C6B2C3E5D11}.Store81-x86|x86.ActiveCfg = Store|Win32
		{2F8C3D3E-3D9D-4B22-A6D9-3C6B2C3E5D11}.Store81-x86|x86.Build.0 = Store|Win32
		{2F8C3D3E-3D9D-4B22-A6D9-3C6B2C3E5D11}.WP81-ARM|ARM.ActiveCfg = WindowsPhone|ARM
		{2F8C3D3E-3D9D-4B22-A6D9-3C6B2C3E5D11}.WP81-ARM|ARM.Build.0 = WindowsPhone|ARM
		{2F8C3D3E-3D9D-4B22-A6D9-3C6B2C3E5D11}.WP81-ARM|x64.ActiveCfg = Store|ARM
		{2F8C3D3E-3D9D-4B22-A6D9-3C6B2C3E5D11}.WP81-ARM|x64.Build.0 = Store|ARM
		{2F8C3D3E-3D9D-4B22-A6D9-3C6B2C3E5D11}.WP81-ARM|x86.ActiveCfg = WindowsPhone|Win32
		{2F8C3D3E-3D9D-4B22-A6D9-3C6B2C3E5D11}.WP81-ARM|x86.Build.0 = WindowsPhone|Win32
		{2F8C3D3E-3D9D-4B22-A6D9-3C6B2C3E5D11}.WP81-x86|ARM.ActiveCfg = WindowsPhone|ARM
		{2F8C3D3E-3D9D-4B22-A6D9-3C6B2C3E5D11}.WP81-x86|ARM.Build.0 = WindowsPhone|ARM
		{2F8C3D3E-3D9D-4B22-A6D9-3C6B2C3E5D11}.WP81-x86|x64.ActiveCfg = Store|ARM
		{2F8C3D3E-3D9D-4B22-A6D9-3C6B2C3E5D11}.WP81-x86|x64.Build.0 = Store|ARM
		{2F8C3D3E-3D9D-4B22-A6D9-3C6B2C3E5D11}.WP81-x86|x86.ActiveCfg = WindowsPhone|Win32
		{2F8C3D3E-3D9D-4B22-A6D9-3C6B2C3E5D11}.WP81-x86|x86.Build.0 = WindowsPhone|Win32
	EndGlobalSection
	GlobalSection(SolutionProperties) = preSolution
		HideSolutionNode = FALSE
	EndGlobalSection
	GlobalSection(NestedProjects) = preSolution
		{2F8C3D3E-3D9D-4B22-A6D9-3C6B2C3E5D11} = {46A46DBC-C63A-4663-A4F4-41C4A120E223}
	EndGlobalSection
EndGlobal
