
Microsoft Visual Studio Solution File, Format Version 12.00
# Visual Studio 14
VisualStudioVersion = 14.0.25420.1
MinimumVisualStudioVersion = 10.0.40219.1
Project("{8BC9CEB8-8B4A-11D0-8D11-00A0C91BC942}") = "Client", "Client.vcxproj", "{93D18B79-CF78-4004-8447-F098D66E8824}"
EndProject
Project("{2150E333-8FDC-42A3-9474-1A3956D46DE8}") = "Projects", "Projects", "{94AB9057-692D-4F7C-9D9C-8FE71476E9D4}"
EndProject
Project("{8BC9CEB8-8B4A-11D0-8D11-00A0C91BC942}") = "Log", "Projects\Log.vcxproj", "{3B1EB63B-B964-46BA-B5AE-D28EF1CB9A13}"
EndProject
Project("{8BC9CEB8-8B4A-11D0-8D11-00A0C91BC942}") = "CSG", "Projects\CSG.vcxproj", "{E29629A7-A5DB-4548-BA65-D919E166A56F}"
EndProject
Project("{2150E333-8FDC-42A3-9474-1A3956D46DE8}") = "3rd Party", "3rd Party", "{FB692537-D018-4DD0-A202-789BBFED0369}"
EndProject
Project("{8BC9CEB8-8B4A-11D0-8D11-00A0C91BC942}") = "zlib", "Projects\zlib.vcxproj", "{0197D2C5-C361-4FD5-90E1-98F402545B20}"
EndProject
Project("{8BC9CEB8-8B4A-11D0-8D11-00A0C91BC942}") = "boost.static", "Projects\boost.static.vcxproj", "{A160527A-F9AC-4B1A-8AFD-BDB9C1F8E38D}"
EndProject
Project("{8BC9CEB8-8B4A-11D0-8D11-00A0C91BC942}") = "boost.test", "Projects\boost.test.vcxproj", "{8C42EA45-52E8-4137-A64E-F20E5D134AA2}"
EndProject
Project("{2150E333-8FDC-42A3-9474-1A3956D46DE8}") = "Rendering", "Rendering", "{846B20E2-FDEC-4749-9EF2-BACA9C71CEC4}"
EndProject
Project("{8BC9CEB8-8B4A-11D0-8D11-00A0C91BC942}") = "AppDraw", "Projects\AppDraw.vcxproj", "{F2A6B73B-9BBA-43DE-BE59-25EBD4E672B5}"
EndProject
Project("{8BC9CEB8-8B4A-11D0-8D11-00A0C91BC942}") = "RbxG3D", "Projects\RbxG3D.vcxproj", "{3686B548-83FF-4E4F-94C2-6AED0BD87B3A}"
EndProject
Project("{8BC9CEB8-8B4A-11D0-8D11-00A0C91BC942}") = "graphics3D", "Projects\graphics3D.vcxproj", "{483CDF9B-F198-4E8C-B5D9-FA2B56B33DB9}"
EndProject
Project("{8BC9CEB8-8B4A-11D0-8D11-00A0C91BC942}") = "App.BulletPhysics", "Projects\App.BulletPhysics.vcxproj", "{6FCB3AE6-F8F4-48B5-A9AB-CED15C7E1730}"
EndProject
Project("{8BC9CEB8-8B4A-11D0-8D11-00A0C91BC942}") = "GfxBase", "Projects\GfxBase.vcxproj", "{2329FE5D-880F-4DE4-8E1B-A600E25F8910}"
EndProject
Project("{8BC9CEB8-8B4A-11D0-8D11-00A0C91BC942}") = "GfxRender", "Projects\GfxRender.vcxproj", "{ACD9E2DF-F5D6-4DB6-A693-BA5E8FF7991E}"
EndProject
Project("{8BC9CEB8-8B4A-11D0-8D11-00A0C91BC942}") = "GfxCore", "Projects\GfxCore.vcxproj", "{3C3B9618-0393-4EE5-9D7D-61B2512264B0}"
EndProject
Project("{8BC9CEB8-8B4A-11D0-8D11-00A0C91BC942}") = "Base", "Projects\Base.vcxproj", "{9CD6BA71-768B-4758-A393-91EE7BED80C3}"
EndProject
Project("{8BC9CEB8-8B4A-11D0-8D11-00A0C91BC942}") = "App", "Projects\App.vcxproj", "{213899E0-8A32-4C9C-9B09-89FB51D6CCD5}"
EndProject
Project("{8BC9CEB8-8B4A-11D0-8D11-00A0C91BC942}") = "Network", "Projects\Network.vcxproj", "{B02F4DBC-B479-4792-938C-C3DC941AAF5E}"
EndProject
Global
	GlobalSection(SolutionConfigurationPlatforms) = preSolution
		Debug|ARM = Debug|ARM
		Debug|x64 = Debug|x64
		Debug|x86 = Debug|x86
		Release|ARM = Release|ARM
		Release|x64 = Release|x64
		Release|x86 = Release|x86
	EndGlobalSection
	GlobalSection(ProjectConfigurationPlatforms) = postSolution
		{93D18B79-CF78-4004-8447-F098D66E8824}.Debug|ARM.ActiveCfg = Debug|ARM
		{93D18B79-CF78-4004-8447-F098D66E8824}.Debug|ARM.Build.0 = Debug|ARM
		{93D18B79-CF78-4004-8447-F098D66E8824}.Debug|ARM.Deploy.0 = Debug|ARM
		{93D18B79-CF78-4004-8447-F098D66E8824}.Debug|x64.ActiveCfg = Debug|x64
		{93D18B79-CF78-4004-8447-F098D66E8824}.Debug|x64.Build.0 = Debug|x64
		{93D18B79-CF78-4004-8447-F098D66E8824}.Debug|x64.Deploy.0 = Debug|x64
		{93D18B79-CF78-4004-8447-F098D66E8824}.Debug|x86.ActiveCfg = Debug|Win32
		{93D18B79-CF78-4004-8447-F098D66E8824}.Debug|x86.Build.0 = Debug|Win32
		{93D18B79-CF78-4004-8447-F098D66E8824}.Debug|x86.Deploy.0 = Debug|Win32
		{93D18B79-CF78-4004-8447-F098D66E8824}.Release|ARM.ActiveCfg = Release|ARM
		{93D18B79-CF78-4004-8447-F098D66E8824}.Release|ARM.Build.0 = Release|ARM
		{93D18B79-CF78-4004-8447-F098D66E8824}.Release|ARM.Deploy.0 = Release|ARM
		{93D18B79-CF78-4004-8447-F098D66E8824}.Release|x64.ActiveCfg = Release|x64
		{93D18B79-CF78-4004-8447-F098D66E8824}.Release|x64.Build.0 = Release|x64
		{93D18B79-CF78-4004-8447-F098D66E8824}.Release|x64.Deploy.0 = Release|x64
		{93D18B79-CF78-4004-8447-F098D66E8824}.Release|x86.ActiveCfg = Release|Win32
		{93D18B79-CF78-4004-8447-F098D66E8824}.Release|x86.Build.0 = Release|Win32
		{93D18B79-CF78-4004-8447-F098D66E8824}.Release|x86.Deploy.0 = Release|Win32
		{3B1EB63B-B964-46BA-B5AE-D28EF1CB9A13}.Debug|ARM.ActiveCfg = Debug|ARM
		{3B1EB63B-B964-46BA-B5AE-D28EF1CB9A13}.Debug|ARM.Build.0 = Debug|ARM
		{3B1EB63B-B964-46BA-B5AE-D28EF1CB9A13}.Debug|x64.ActiveCfg = Debug|x64
		{3B1EB63B-B964-46BA-B5AE-D28EF1CB9A13}.Debug|x64.Build.0 = Debug|x64
		{3B1EB63B-B964-46BA-B5AE-D28EF1CB9A13}.Debug|x86.ActiveCfg = Debug|Win32
		{3B1EB63B-B964-46BA-B5AE-D28EF1CB9A13}.Debug|x86.Build.0 = Debug|Win32
		{3B1EB63B-B964-46BA-B5AE-D28EF1CB9A13}.Release|ARM.ActiveCfg = Release|ARM
		{3B1EB63B-B964-46BA-B5AE-D28EF1CB9A13}.Release|ARM.Build.0 = Release|ARM
		{3B1EB63B-B964-46BA-B5AE-D28EF1CB9A13}.Release|x64.ActiveCfg = Release|x64
		{3B1EB63B-B964-46BA-B5AE-D28EF1CB9A13}.Release|x64.Build.0 = Release|x64
		{3B1EB63B-B964-46BA-B5AE-D28EF1CB9A13}.Release|x86.ActiveCfg = Release|Win32
		{3B1EB63B-B964-46BA-B5AE-D28EF1CB9A13}.Release|x86.Build.0 = Release|Win32
		{E29629A7-A5DB-4548-BA65-D919E166A56F}.Debug|ARM.ActiveCfg = Debug|ARM
		{E29629A7-A5DB-4548-BA65-D919E166A56F}.Debug|ARM.Build.0 = Debug|ARM
		{E29629A7-A5DB-4548-BA65-D919E166A56F}.Debug|x64.ActiveCfg = Debug|x64
		{E29629A7-A5DB-4548-BA65-D919E166A56F}.Debug|x64.Build.0 = Debug|x64
		{E29629A7-A5DB-4548-BA65-D919E166A56F}.Debug|x86.ActiveCfg = Debug|Win32
		{E29629A7-A5DB-4548-BA65-D919E166A56F}.Debug|x86.Build.0 = Debug|Win32
		{E29629A7-A5DB-4548-BA65-D919E166A56F}.Release|ARM.ActiveCfg = Release|ARM
		{E29629A7-A5DB-4548-BA65-D919E166A56F}.Release|ARM.Build.0 = Release|ARM
		{E29629A7-A5DB-4548-BA65-D919E166A56F}.Release|x64.ActiveCfg = Release|x64
		{E29629A7-A5DB-4548-BA65-D919E166A56F}.Release|x64.Build.0 = Release|x64
		{E29629A7-A5DB-4548-BA65-D919E166A56F}.Release|x86.ActiveCfg = Release|Win32
		{E29629A7-A5DB-4548-BA65-D919E166A56F}.Release|x86.Build.0 = Release|Win32
		{0197D2C5-C361-4FD5-90E1-98F402545B20}.Debug|ARM.ActiveCfg = Debug|ARM
		{0197D2C5-C361-4FD5-90E1-98F402545B20}.Debug|ARM.Build.0 = Debug|ARM
		{0197D2C5-C361-4FD5-90E1-98F402545B20}.Debug|x64.ActiveCfg = Debug|x64
		{0197D2C5-C361-4FD5-90E1-98F402545B20}.Debug|x64.Build.0 = Debug|x64
		{0197D2C5-C361-4FD5-90E1-98F402545B20}.Debug|x86.ActiveCfg = Debug|Win32
		{0197D2C5-C361-4FD5-90E1-98F402545B20}.Debug|x86.Build.0 = Debug|Win32
		{0197D2C5-C361-4FD5-90E1-98F402545B20}.Release|ARM.ActiveCfg = Release|ARM
		{0197D2C5-C361-4FD5-90E1-98F402545B20}.Release|ARM.Build.0 = Release|ARM
		{0197D2C5-C361-4FD5-90E1-98F402545B20}.Release|x64.ActiveCfg = Release|x64
		{0197D2C5-C361-4FD5-90E1-98F402545B20}.Release|x64.Build.0 = Release|x64
		{0197D2C5-C361-4FD5-90E1-98F402545B20}.Release|x86.ActiveCfg = Release|Win32
		{0197D2C5-C361-4FD5-90E1-98F402545B20}.Release|x86.Build.0 = Release|Win32
		{A160527A-F9AC-4B1A-8AFD-BDB9C1F8E38D}.Debug|ARM.ActiveCfg = Debug|ARM
		{A160527A-F9AC-4B1A-8AFD-BDB9C1F8E38D}.Debug|ARM.Build.0 = Debug|ARM
		{A160527A-F9AC-4B1A-8AFD-BDB9C1F8E38D}.Debug|x64.ActiveCfg = Debug|x64
		{A160527A-F9AC-4B1A-8AFD-BDB9C1F8E38D}.Debug|x64.Build.0 = Debug|x64
		{A160527A-F9AC-4B1A-8AFD-BDB9C1F8E38D}.Debug|x86.ActiveCfg = Debug|Win32
		{A160527A-F9AC-4B1A-8AFD-BDB9C1F8E38D}.Debug|x86.Build.0 = Debug|Win32
		{A160527A-F9AC-4B1A-8AFD-BDB9C1F8E38D}.Release|ARM.ActiveCfg = Release|ARM
		{A160527A-F9AC-4B1A-8AFD-BDB9C1F8E38D}.Release|ARM.Build.0 = Release|ARM
		{A160527A-F9AC-4B1A-8AFD-BDB9C1F8E38D}.Release|x64.ActiveCfg = Release|x64
		{A160527A-F9AC-4B1A-8AFD-BDB9C1F8E38D}.Release|x64.Build.0 = Release|x64
		{A160527A-F9AC-4B1A-8AFD-BDB9C1F8E38D}.Release|x86.ActiveCfg = Release|Win32
		{A160527A-F9AC-4B1A-8AFD-BDB9C1F8E38D}.Release|x86.Build.0 = Release|Win32
		{8C42EA45-52E8-4137-A64E-F20E5D134AA2}.Debug|ARM.ActiveCfg = Debug|ARM
		{8C42EA45-52E8-4137-A64E-F20E5D134AA2}.Debug|ARM.Build.0 = Debug|ARM
		{8C42EA45-52E8-4137-A64E-F20E5D134AA2}.Debug|x64.ActiveCfg = Debug|x64
		{8C42EA45-52E8-4137-A64E-F20E5D134AA2}.Debug|x64.Build.0 = Debug|x64
		{8C42EA45-52E8-4137-A64E-F20E5D134AA2}.Debug|x86.ActiveCfg = Debug|Win32
		{8C42EA45-52E8-4137-A64E-F20E5D134AA2}.Debug|x86.Build.0 = Debug|Win32
		{8C42EA45-52E8-4137-A64E-F20E5D134AA2}.Release|ARM.ActiveCfg = Release|ARM
		{8C42EA45-52E8-4137-A64E-F20E5D134AA2}.Release|ARM.Build.0 = Release|ARM
		{8C42EA45-52E8-4137-A64E-F20E5D134AA2}.Release|x64.ActiveCfg = Release|x64
		{8C42EA45-52E8-4137-A64E-F20E5D134AA2}.Release|x64.Build.0 = Release|x64
		{8C42EA45-52E8-4137-A64E-F20E5D134AA2}.Release|x86.ActiveCfg = Release|Win32
		{8C42EA45-52E8-4137-A64E-F20E5D134AA2}.Release|x86.Build.0 = Release|Win32
		{F2A6B73B-9BBA-43DE-BE59-25EBD4E672B5}.Debug|ARM.ActiveCfg = Debug|ARM
		{F2A6B73B-9BBA-43DE-BE59-25EBD4E672B5}.Debug|ARM.Build.0 = Debug|ARM
		{F2A6B73B-9BBA-43DE-BE59-25EBD4E672B5}.Debug|x64.ActiveCfg = Debug|x64
		{F2A6B73B-9BBA-43DE-BE59-25EBD4E672B5}.Debug|x64.Build.0 = Debug|x64
		{F2A6B73B-9BBA-43DE-BE59-25EBD4E672B5}.Debug|x86.ActiveCfg = Debug|Win32
		{F2A6B73B-9BBA-43DE-BE59-25EBD4E672B5}.Debug|x86.Build.0 = Debug|Win32
		{F2A6B73B-9BBA-43DE-BE59-25EBD4E672B5}.Release|ARM.ActiveCfg = Release|ARM
		{F2A6B73B-9BBA-43DE-BE59-25EBD4E672B5}.Release|ARM.Build.0 = Release|ARM
		{F2A6B73B-9BBA-43DE-BE59-25EBD4E672B5}.Release|x64.ActiveCfg = Release|x64
		{F2A6B73B-9BBA-43DE-BE59-25EBD4E672B5}.Release|x64.Build.0 = Release|x64
		{F2A6B73B-9BBA-43DE-BE59-25EBD4E672B5}.Release|x86.ActiveCfg = Release|Win32
		{F2A6B73B-9BBA-43DE-BE59-25EBD4E672B5}.Release|x86.Build.0 = Release|Win32
		{3686B548-83FF-4E4F-94C2-6AED0BD87B3A}.Debug|ARM.ActiveCfg = Debug|ARM
		{3686B548-83FF-4E4F-94C2-6AED0BD87B3A}.Debug|ARM.Build.0 = Debug|ARM
		{3686B548-83FF-4E4F-94C2-6AED0BD87B3A}.Debug|x64.ActiveCfg = Debug|x64
		{3686B548-83FF-4E4F-94C2-6AED0BD87B3A}.Debug|x64.Build.0 = Debug|x64
		{3686B548-83FF-4E4F-94C2-6AED0BD87B3A}.Debug|x86.ActiveCfg = Debug|Win32
		{3686B548-83FF-4E4F-94C2-6AED0BD87B3A}.Debug|x86.Build.0 = Debug|Win32
		{3686B548-83FF-4E4F-94C2-6AED0BD87B3A}.Release|ARM.ActiveCfg = Release|ARM
		{3686B548-83FF-4E4F-94C2-6AED0BD87B3A}.Release|ARM.Build.0 = Release|ARM
		{3686B548-83FF-4E4F-94C2-6AED0BD87B3A}.Release|x64.ActiveCfg = Release|x64
		{3686B548-83FF-4E4F-94C2-6AED0BD87B3A}.Release|x64.Build.0 = Release|x64
		{3686B548-83FF-4E4F-94C2-6AED0BD87B3A}.Release|x86.ActiveCfg = Release|Win32
		{3686B548-83FF-4E4F-94C2-6AED0BD87B3A}.Release|x86.Build.0 = Release|Win32
		{483CDF9B-F198-4E8C-B5D9-FA2B56B33DB9}.Debug|ARM.ActiveCfg = Debug|ARM
		{483CDF9B-F198-4E8C-B5D9-FA2B56B33DB9}.Debug|ARM.Build.0 = Debug|ARM
		{483CDF9B-F198-4E8C-B5D9-FA2B56B33DB9}.Debug|x64.ActiveCfg = Debug|x64
		{483CDF9B-F198-4E8C-B5D9-FA2B56B33DB9}.Debug|x64.Build.0 = Debug|x64
		{483CDF9B-F198-4E8C-B5D9-FA2B56B33DB9}.Debug|x86.ActiveCfg = Debug|Win32
		{483CDF9B-F198-4E8C-B5D9-FA2B56B33DB9}.Debug|x86.Build.0 = Debug|Win32
		{483CDF9B-F198-4E8C-B5D9-FA2B56B33DB9}.Release|ARM.ActiveCfg = Release|ARM
		{483CDF9B-F198-4E8C-B5D9-FA2B56B33DB9}.Release|ARM.Build.0 = Release|ARM
		{483CDF9B-F198-4E8C-B5D9-FA2B56B33DB9}.Release|x64.ActiveCfg = Release|x64
		{483CDF9B-F198-4E8C-B5D9-FA2B56B33DB9}.Release|x64.Build.0 = Release|x64
		{483CDF9B-F198-4E8C-B5D9-FA2B56B33DB9}.Release|x86.ActiveCfg = Release|Win32
		{483CDF9B-F198-4E8C-B5D9-FA2B56B33DB9}.Release|x86.Build.0 = Release|Win32
		{6FCB3AE6-F8F4-48B5-A9AB-CED15C7E1730}.Debug|ARM.ActiveCfg = Debug|ARM
		{6FCB3AE6-F8F4-48B5-A9AB-CED15C7E1730}.Debug|ARM.Build.0 = Debug|ARM
		{6FCB3AE6-F8F4-48B5-A9AB-CED15C7E1730}.Debug|x64.ActiveCfg = Debug|x64
		{6FCB3AE6-F8F4-48B5-A9AB-CED15C7E1730}.Debug|x64.Build.0 = Debug|x64
		{6FCB3AE6-F8F4-48B5-A9AB-CED15C7E1730}.Debug|x86.ActiveCfg = Debug|Win32
		{6FCB3AE6-F8F4-48B5-A9AB-CED15C7E1730}.Debug|x86.Build.0 = Debug|Win32
		{6FCB3AE6-F8F4-48B5-A9AB-CED15C7E1730}.Release|ARM.ActiveCfg = Release|ARM
		{6FCB3AE6-F8F4-48B5-A9AB-CED15C7E1730}.Release|ARM.Build.0 = Release|ARM
		{6FCB3AE6-F8F4-48B5-A9AB-CED15C7E1730}.Release|x64.ActiveCfg = Release|x64
		{6FCB3AE6-F8F4-48B5-A9AB-CED15C7E1730}.Release|x64.Build.0 = Release|x64
		{6FCB3AE6-F8F4-48B5-A9AB-CED15C7E1730}.Release|x86.ActiveCfg = Release|Win32
		{6FCB3AE6-F8F4-48B5-A9AB-CED15C7E1730}.Release|x86.Build.0 = Release|Win32
		{2329FE5D-880F-4DE4-8E1B-A600E25F8910}.Debug|ARM.ActiveCfg = Debug|ARM
		{2329FE5D-880F-4DE4-8E1B-A600E25F8910}.Debug|ARM.Build.0 = Debug|ARM
		{2329FE5D-880F-4DE4-8E1B-A600E25F8910}.Debug|x64.ActiveCfg = Debug|x64
		{2329FE5D-880F-4DE4-8E1B-A600E25F8910}.Debug|x64.Build.0 = Debug|x64
		{2329FE5D-880F-4DE4-8E1B-A600E25F8910}.Debug|x86.ActiveCfg = Debug|Win32
		{2329FE5D-880F-4DE4-8E1B-A600E25F8910}.Debug|x86.Build.0 = Debug|Win32
		{2329FE5D-880F-4DE4-8E1B-A600E25F8910}.Release|ARM.ActiveCfg = Release|ARM
		{2329FE5D-880F-4DE4-8E1B-A600E25F8910}.Release|ARM.Build.0 = Release|ARM
		{2329FE5D-880F-4DE4-8E1B-A600E25F8910}.Release|x64.ActiveCfg = Release|x64
		{2329FE5D-880F-4DE4-8E1B-A600E25F8910}.Release|x64.Build.0 = Release|x64
		{2329FE5D-880F-4DE4-8E1B-A600E25F8910}.Release|x86.ActiveCfg = Release|Win32
		{2329FE5D-880F-4DE4-8E1B-A600E25F8910}.Release|x86.Build.0 = Release|Win32
		{ACD9E2DF-F5D6-4DB6-A693-BA5E8FF7991E}.Debug|ARM.ActiveCfg = Debug|ARM
		{ACD9E2DF-F5D6-4DB6-A693-BA5E8FF7991E}.Debug|ARM.Build.0 = Debug|ARM
		{ACD9E2DF-F5D6-4DB6-A693-BA5E8FF7991E}.Debug|x64.ActiveCfg = Debug|x64
		{ACD9E2DF-F5D6-4DB6-A693-BA5E8FF7991E}.Debug|x64.Build.0 = Debug|x64
		{ACD9E2DF-F5D6-4DB6-A693-BA5E8FF7991E}.Debug|x86.ActiveCfg = Debug|Win32
		{ACD9E2DF-F5D6-4DB6-A693-BA5E8FF7991E}.Debug|x86.Build.0 = Debug|Win32
		{ACD9E2DF-F5D6-4DB6-A693-BA5E8FF7991E}.Release|ARM.ActiveCfg = Release|ARM
		{ACD9E2DF-F5D6-4DB6-A693-BA5E8FF7991E}.Release|ARM.Build.0 = Release|ARM
		{ACD9E2DF-F5D6-4DB6-A693-BA5E8FF7991E}.Release|x64.ActiveCfg = Release|x64
		{ACD9E2DF-F5D6-4DB6-A693-BA5E8FF7991E}.Release|x64.Build.0 = Release|x64
		{ACD9E2DF-F5D6-4DB6-A693-BA5E8FF7991E}.Release|x86.ActiveCfg = Release|Win32
		{ACD9E2DF-F5D6-4DB6-A693-BA5E8FF7991E}.Release|x86.Build.0 = Release|Win32
		{3C3B9618-0393-4EE5-9D7D-61B2512264B0}.Debug|ARM.ActiveCfg = Debug|ARM
		{3C3B9618-0393-4EE5-9D7D-61B2512264B0}.Debug|ARM.Build.0 = Debug|ARM
		{3C3B9618-0393-4EE5-9D7D-61B2512264B0}.Debug|x64.ActiveCfg = Debug|x64
		{3C3B9618-0393-4EE5-9D7D-61B2512264B0}.Debug|x64.Build.0 = Debug|x64
		{3C3B9618-0393-4EE5-9D7D-61B2512264B0}.Debug|x86.ActiveCfg = Debug|Win32
		{3C3B9618-0393-4EE5-9D7D-61B2512264B0}.Debug|x86.Build.0 = Debug|Win32
		{3C3B9618-0393-4EE5-9D7D-61B2512264B0}.Release|ARM.ActiveCfg = Release|ARM
		{3C3B9618-0393-4EE5-9D7D-61B2512264B0}.Release|ARM.Build.0 = Release|ARM
		{3C3B9618-0393-4EE5-9D7D-61B2512264B0}.Release|x64.ActiveCfg = Release|x64
		{3C3B9618-0393-4EE5-9D7D-61B2512264B0}.Release|x64.Build.0 = Release|x64
		{3C3B9618-0393-4EE5-9D7D-61B2512264B0}.Release|x86.ActiveCfg = Release|Win32
		{3C3B9618-0393-4EE5-9D7D-61B2512264B0}.Release|x86.Build.0 = Release|Win32
		{9CD6BA71-768B-4758-A393-91EE7BED80C3}.Debug|ARM.ActiveCfg = Debug|ARM
		{9CD6BA71-768B-4758-A393-91EE7BED80C3}.Debug|ARM.Build.0 = Debug|ARM
		{9CD6BA71-768B-4758-A393-91EE7BED80C3}.Debug|x64.ActiveCfg = Debug|x64
		{9CD6BA71-768B-4758-A393-91EE7BED80C3}.Debug|x64.Build.0 = Debug|x64
		{9CD6BA71-768B-4758-A393-91EE7BED80C3}.Debug|x86.ActiveCfg = Debug|Win32
		{9CD6BA71-768B-4758-A393-91EE7BED80C3}.Debug|x86.Build.0 = Debug|Win32
		{9CD6BA71-768B-4758-A393-91EE7BED80C3}.Release|ARM.ActiveCfg = Release|ARM
		{9CD6BA71-768B-4758-A393-91EE7BED80C3}.Release|ARM.Build.0 = Release|ARM
		{9CD6BA71-768B-4758-A393-91EE7BED80C3}.Release|x64.ActiveCfg = Release|x64
		{9CD6BA71-768B-4758-A393-91EE7BED80C3}.Release|x64.Build.0 = Release|x64
		{9CD6BA71-768B-4758-A393-91EE7BED80C3}.Release|x86.ActiveCfg = Release|Win32
		{9CD6BA71-768B-4758-A393-91EE7BED80C3}.Release|x86.Build.0 = Release|Win32
		{213899E0-8A32-4C9C-9B09-89FB51D6CCD5}.Debug|ARM.ActiveCfg = Debug|ARM
		{213899E0-8A32-4C9C-9B09-89FB51D6CCD5}.Debug|ARM.Build.0 = Debug|ARM
		{213899E0-8A32-4C9C-9B09-89FB51D6CCD5}.Debug|x64.ActiveCfg = Debug|x64
		{213899E0-8A32-4C9C-9B09-89FB51D6CCD5}.Debug|x64.Build.0 = Debug|x64
		{213899E0-8A32-4C9C-9B09-89FB51D6CCD5}.Debug|x86.ActiveCfg = Debug|Win32
		{213899E0-8A32-4C9C-9B09-89FB51D6CCD5}.Debug|x86.Build.0 = Debug|Win32
		{213899E0-8A32-4C9C-9B09-89FB51D6CCD5}.Release|ARM.ActiveCfg = Release|ARM
		{213899E0-8A32-4C9C-9B09-89FB51D6CCD5}.Release|ARM.Build.0 = Release|ARM
		{213899E0-8A32-4C9C-9B09-89FB51D6CCD5}.Release|x64.ActiveCfg = Release|x64
		{213899E0-8A32-4C9C-9B09-89FB51D6CCD5}.Release|x64.Build.0 = Release|x64
		{213899E0-8A32-4C9C-9B09-89FB51D6CCD5}.Release|x86.ActiveCfg = Release|Win32
		{213899E0-8A32-4C9C-9B09-89FB51D6CCD5}.Release|x86.Build.0 = Release|Win32
		{B02F4DBC-B479-4792-938C-C3DC941AAF5E}.Debug|ARM.ActiveCfg = Debug|ARM
		{B02F4DBC-B479-4792-938C-C3DC941AAF5E}.Debug|ARM.Build.0 = Debug|ARM
		{B02F4DBC-B479-4792-938C-C3DC941AAF5E}.Debug|x64.ActiveCfg = Debug|x64
		{B02F4DBC-B479-4792-938C-C3DC941AAF5E}.Debug|x64.Build.0 = Debug|x64
		{B02F4DBC-B479-4792-938C-C3DC941AAF5E}.Debug|x86.ActiveCfg = Debug|Win32
		{B02F4DBC-B479-4792-938C-C3DC941AAF5E}.Debug|x86.Build.0 = Debug|Win32
		{B02F4DBC-B479-4792-938C-C3DC941AAF5E}.Release|ARM.ActiveCfg = Release|ARM
		{B02F4DBC-B479-4792-938C-C3DC941AAF5E}.Release|ARM.Build.0 = Release|ARM
		{B02F4DBC-B479-4792-938C-C3DC941AAF5E}.Release|x64.ActiveCfg = Release|x64
		{B02F4DBC-B479-4792-938C-C3DC941AAF5E}.Release|x64.Build.0 = Release|x64
		{B02F4DBC-B479-4792-938C-C3DC941AAF5E}.Release|x86.ActiveCfg = Release|Win32
		{B02F4DBC-B479-4792-938C-C3DC941AAF5E}.Release|x86.Build.0 = Release|Win32
	EndGlobalSection
	GlobalSection(SolutionProperties) = preSolution
		HideSolutionNode = FALSE
	EndGlobalSection
	GlobalSection(NestedProjects) = preSolution
		{3B1EB63B-B964-46BA-B5AE-D28EF1CB9A13} = {94AB9057-692D-4F7C-9D9C-8FE71476E9D4}
		{E29629A7-A5DB-4548-BA65-D919E166A56F} = {94AB9057-692D-4F7C-9D9C-8FE71476E9D4}
		{FB692537-D018-4DD0-A202-789BBFED0369} = {94AB9057-692D-4F7C-9D9C-8FE71476E9D4}
		{0197D2C5-C361-4FD5-90E1-98F402545B20} = {FB692537-D018-4DD0-A202-789BBFED0369}
		{A160527A-F9AC-4B1A-8AFD-BDB9C1F8E38D} = {FB692537-D018-4DD0-A202-789BBFED0369}
		{8C42EA45-52E8-4137-A64E-F20E5D134AA2} = {FB692537-D018-4DD0-A202-789BBFED0369}
		{846B20E2-FDEC-4749-9EF2-BACA9C71CEC4} = {94AB9057-692D-4F7C-9D9C-8FE71476E9D4}
		{F2A6B73B-9BBA-43DE-BE59-25EBD4E672B5} = {846B20E2-FDEC-4749-9EF2-BACA9C71CEC4}
		{3686B548-83FF-4E4F-94C2-6AED0BD87B3A} = {846B20E2-FDEC-4749-9EF2-BACA9C71CEC4}
		{483CDF9B-F198-4E8C-B5D9-FA2B56B33DB9} = {846B20E2-FDEC-4749-9EF2-BACA9C71CEC4}
		{6FCB3AE6-F8F4-48B5-A9AB-CED15C7E1730} = {94AB9057-692D-4F7C-9D9C-8FE71476E9D4}
		{2329FE5D-880F-4DE4-8E1B-A600E25F8910} = {846B20E2-FDEC-4749-9EF2-BACA9C71CEC4}
		{ACD9E2DF-F5D6-4DB6-A693-BA5E8FF7991E} = {846B20E2-FDEC-4749-9EF2-BACA9C71CEC4}
		{3C3B9618-0393-4EE5-9D7D-61B2512264B0} = {846B20E2-FDEC-4749-9EF2-BACA9C71CEC4}
		{9CD6BA71-768B-4758-A393-91EE7BED80C3} = {94AB9057-692D-4F7C-9D9C-8FE71476E9D4}
		{213899E0-8A32-4C9C-9B09-89FB51D6CCD5} = {94AB9057-692D-4F7C-9D9C-8FE71476E9D4}
		{B02F4DBC-B479-4792-938C-C3DC941AAF5E} = {94AB9057-692D-4F7C-9D9C-8FE71476E9D4}
	EndGlobalSection
EndGlobal
